{
  "version": 4,
  "terraform_version": "1.5.7",
  "serial": 80,
  "lineage": "f1c0718b-5de9-7aaf-a200-e4e24bcefe95",
  "outputs": {},
  "resources": [
    {
      "module": "module.database_crm",
      "mode": "managed",
      "type": "snowflake_database",
      "name": "this",
      "provider": "provider[\"registry.terraform.io/snowflake-labs/snowflake\"]",
      "instances": [
        {
          "schema_version": 1,
          "attributes": {
            "catalog": "",
            "comment": "CRM - Clientes - Onboarding",
            "data_retention_time_in_days": 1,
            "default_ddl_collation": "",
            "drop_public_schema_on_creation": null,
            "enable_console_output": false,
            "external_volume": "",
            "fully_qualified_name": "\"CRM_PROD\"",
            "id": "CRM_PROD",
            "is_transient": false,
            "log_level": "OFF",
            "max_data_extension_time_in_days": 14,
            "name": "CRM_PROD",
            "quoted_identifiers_ignore_case": false,
            "replace_invalid_characters": false,
            "replication": [],
            "storage_serialization_policy": "OPTIMIZED",
            "suspend_task_after_num_failures": 10,
            "task_auto_retry_attempts": 0,
            "trace_level": "OFF",
            "user_task_managed_initial_warehouse_size": "Medium",
            "user_task_minimum_trigger_interval_in_seconds": 30,
            "user_task_timeout_ms": 3600000
          },
          "sensitive_attributes": [],
          "private": "eyJzY2hlbWFfdmVyc2lvbiI6IjEifQ=="
        }
      ]
    },
    {
      "module": "module.database_crm",
      "mode": "managed",
      "type": "snowflake_schema",
      "name": "this",
      "provider": "provider[\"registry.terraform.io/snowflake-labs/snowflake\"]",
      "instances": [
        {
          "schema_version": 2,
          "attributes": {
            "catalog": "",
            "comment": "Schema CUSTOMERS en CRM_PROD - Onboarding",
            "data_retention_time_in_days": 1,
            "database": "CRM_PROD",
            "default_ddl_collation": "",
            "describe_output": [],
            "enable_console_output": false,
            "external_volume": "",
            "fully_qualified_name": "\"CRM_PROD\".\"CUSTOMERS\"",
            "id": "\"CRM_PROD\".\"CUSTOMERS\"",
            "is_transient": "default",
            "log_level": "OFF",
            "max_data_extension_time_in_days": 14,
            "name": "CUSTOMERS",
            "parameters": [
              {
                "catalog": [
                  {
                    "default": "",
                    "description": "Name of the catalog integration to use for iceberg tables",
                    "key": "CATALOG",
                    "level": "",
                    "value": ""
                  }
                ],
                "data_retention_time_in_days": [
                  {
                    "default": "1",
                    "description": "number of days to retain the old version of deleted/updated data",
                    "key": "DATA_RETENTION_TIME_IN_DAYS",
                    "level": "DATABASE",
                    "value": "1"
                  }
                ],
                "default_ddl_collation": [
                  {
                    "default": "",
                    "description": "Collation that is used for all the new columns created by the DDL statements (if not specified)",
                    "key": "DEFAULT_DDL_COLLATION",
                    "level": "",
                    "value": ""
                  }
                ],
                "enable_console_output": [
                  {
                    "default": "false",
                    "description": "Enable stdout/stderr fast path logging for anonyous stored procs. This is a public parameter (similar to LOG_LEVEL).",
                    "key": "ENABLE_CONSOLE_OUTPUT",
                    "level": "",
                    "value": "false"
                  }
                ],
                "external_volume": [
                  {
                    "default": "",
                    "description": "Name of an external volume that will be used for persisted Iceberg metadata and data files.",
                    "key": "EXTERNAL_VOLUME",
                    "level": "",
                    "value": ""
                  }
                ],
                "log_level": [
                  {
                    "default": "OFF",
                    "description": "LOG_LEVEL to use when filtering events",
                    "key": "LOG_LEVEL",
                    "level": "",
                    "value": "OFF"
                  }
                ],
                "max_data_extension_time_in_days": [
                  {
                    "default": "14",
                    "description": "Maximum number of days to extend data retention beyond the retention period to prevent a stream becoming stale.",
                    "key": "MAX_DATA_EXTENSION_TIME_IN_DAYS",
                    "level": "",
                    "value": "14"
                  }
                ],
                "pipe_execution_paused": [
                  {
                    "default": "false",
                    "description": "Pause processing of files for a pipe",
                    "key": "PIPE_EXECUTION_PAUSED",
                    "level": "",
                    "value": "false"
                  }
                ],
                "quoted_identifiers_ignore_case": [
                  {
                    "default": "false",
                    "description": "If true, the case of quoted identifiers is ignored",
                    "key": "QUOTED_IDENTIFIERS_IGNORE_CASE",
                    "level": "",
                    "value": "false"
                  }
                ],
                "replace_invalid_characters": [
                  {
                    "default": "false",
                    "description": "Replace invalid UTF-8 characters found in Iceberg table external data files with the Unicode replacement character",
                    "key": "REPLACE_INVALID_CHARACTERS",
                    "level": "",
                    "value": "false"
                  }
                ],
                "storage_serialization_policy": [
                  {
                    "default": "OPTIMIZED",
                    "description": "Storage serialization policy used for managed Iceberg table. This include encodings and compressions",
                    "key": "STORAGE_SERIALIZATION_POLICY",
                    "level": "",
                    "value": "OPTIMIZED"
                  }
                ],
                "suspend_task_after_num_failures": [
                  {
                    "default": "10",
                    "description": "How many times a task must fail in a row before it is automatically suspended. 0 disables auto-suspending.",
                    "key": "SUSPEND_TASK_AFTER_NUM_FAILURES",
                    "level": "",
                    "value": "10"
                  }
                ],
                "task_auto_retry_attempts": [
                  {
                    "default": "0",
                    "description": "Maximum Automatic Retries Allowed For A User Task",
                    "key": "TASK_AUTO_RETRY_ATTEMPTS",
                    "level": "",
                    "value": "0"
                  }
                ],
                "trace_level": [
                  {
                    "default": "OFF",
                    "description": "Trace level value to use when generating/filtering trace events",
                    "key": "TRACE_LEVEL",
                    "level": "",
                    "value": "OFF"
                  }
                ],
                "user_task_managed_initial_warehouse_size": [
                  {
                    "default": "Medium",
                    "description": "The initial size of warehouse to use for managed warehouses in the absence of history",
                    "key": "USER_TASK_MANAGED_INITIAL_WAREHOUSE_SIZE",
                    "level": "",
                    "value": "Medium"
                  }
                ],
                "user_task_minimum_trigger_interval_in_seconds": [
                  {
                    "default": "30",
                    "description": "Minimum amount of time between Triggered Task executions in seconds",
                    "key": "USER_TASK_MINIMUM_TRIGGER_INTERVAL_IN_SECONDS",
                    "level": "",
                    "value": "30"
                  }
                ],
                "user_task_timeout_ms": [
                  {
                    "default": "3600000",
                    "description": "User task execution timeout in milliseconds",
                    "key": "USER_TASK_TIMEOUT_MS",
                    "level": "",
                    "value": "3600000"
                  }
                ]
              }
            ],
            "pipe_execution_paused": false,
            "quoted_identifiers_ignore_case": false,
            "replace_invalid_characters": false,
            "show_output": [
              {
                "comment": "Schema CUSTOMERS en CRM_PROD - Onboarding",
                "created_on": "2026-02-21 05:23:05.006 -0800 PST",
                "database_name": "CRM_PROD",
                "dropped_on": "0001-01-01 00:00:00 +0000 UTC",
                "is_current": true,
                "is_default": false,
                "name": "CUSTOMERS",
                "options": "",
                "owner": "ACCOUNTADMIN",
                "owner_role_type": "ROLE",
                "retention_time": "1"
              }
            ],
            "storage_serialization_policy": "OPTIMIZED",
            "suspend_task_after_num_failures": 10,
            "task_auto_retry_attempts": 0,
            "trace_level": "OFF",
            "user_task_managed_initial_warehouse_size": "Medium",
            "user_task_minimum_trigger_interval_in_seconds": 30,
            "user_task_timeout_ms": 3600000,
            "with_managed_access": "default"
          },
          "sensitive_attributes": [],
          "private": "eyJzY2hlbWFfdmVyc2lvbiI6IjIifQ==",
          "dependencies": [
            "module.database_crm.snowflake_database.this"
          ]
        }
      ]
    },
    {
      "module": "module.database_crm",
      "mode": "managed",
      "type": "snowflake_table",
      "name": "tables",
      "provider": "provider[\"registry.terraform.io/snowflake-labs/snowflake\"]",
      "instances": [
        {
          "index_key": "CONTACTS",
          "schema_version": 0,
          "attributes": {
            "change_tracking": false,
            "cluster_by": null,
            "column": [
              {
                "collate": "",
                "comment": "",
                "default": [],
                "identity": [],
                "masking_policy": "",
                "name": "ID",
                "nullable": true,
                "schema_evolution_record": "",
                "type": "NUMBER(38,0)"
              },
              {
                "collate": "",
                "comment": "",
                "default": [],
                "identity": [],
                "masking_policy": "",
                "name": "FIRST_NAME",
                "nullable": true,
                "schema_evolution_record": "",
                "type": "VARCHAR(50)"
              },
              {
                "collate": "",
                "comment": "",
                "default": [],
                "identity": [],
                "masking_policy": "",
                "name": "LAST_NAME",
                "nullable": true,
                "schema_evolution_record": "",
                "type": "VARCHAR(50)"
              },
              {
                "collate": "",
                "comment": "",
                "default": [],
                "identity": [],
                "masking_policy": "",
                "name": "EMAIL",
                "nullable": true,
                "schema_evolution_record": "",
                "type": "VARCHAR(100)"
              },
              {
                "collate": "",
                "comment": "",
                "default": [],
                "identity": [],
                "masking_policy": "",
                "name": "PHONE",
                "nullable": true,
                "schema_evolution_record": "",
                "type": "VARCHAR(20)"
              },
              {
                "collate": "",
                "comment": "",
                "default": [],
                "identity": [],
                "masking_policy": "",
                "name": "COUNTRY",
                "nullable": true,
                "schema_evolution_record": "",
                "type": "VARCHAR(50)"
              },
              {
                "collate": "",
                "comment": "",
                "default": [],
                "identity": [],
                "masking_policy": "",
                "name": "CREATED_AT",
                "nullable": true,
                "schema_evolution_record": "",
                "type": "TIMESTAMP_NTZ(9)"
              }
            ],
            "comment": "Tabla CONTACTS - CRM_PROD.CUSTOMERS",
            "data_retention_time_in_days": -1,
            "database": "CRM_PROD",
            "fully_qualified_name": "\"CRM_PROD\".\"CUSTOMERS\".\"CONTACTS\"",
            "id": "CRM_PROD|CUSTOMERS|CONTACTS",
            "name": "CONTACTS",
            "owner": "ACCOUNTADMIN",
            "primary_key": [],
            "schema": "CUSTOMERS",
            "tag": []
          },
          "sensitive_attributes": [],
          "private": "bnVsbA==",
          "dependencies": [
            "module.database_crm.snowflake_database.this",
            "module.database_crm.snowflake_schema.this"
          ]
        },
        {
          "index_key": "OPPORTUNITIES",
          "schema_version": 0,
          "attributes": {
            "change_tracking": false,
            "cluster_by": null,
            "column": [
              {
                "collate": "",
                "comment": "",
                "default": [],
                "identity": [],
                "masking_policy": "",
                "name": "ID",
                "nullable": true,
                "schema_evolution_record": "",
                "type": "NUMBER(38,0)"
              },
              {
                "collate": "",
                "comment": "",
                "default": [],
                "identity": [],
                "masking_policy": "",
                "name": "NAME",
                "nullable": true,
                "schema_evolution_record": "",
                "type": "VARCHAR(200)"
              },
              {
                "collate": "",
                "comment": "",
                "default": [],
                "identity": [],
                "masking_policy": "",
                "name": "AMOUNT",
                "nullable": true,
                "schema_evolution_record": "",
                "type": "NUMBER(18,2)"
              },
              {
                "collate": "",
                "comment": "",
                "default": [],
                "identity": [],
                "masking_policy": "",
                "name": "STAGE",
                "nullable": true,
                "schema_evolution_record": "",
                "type": "VARCHAR(50)"
              },
              {
                "collate": "",
                "comment": "",
                "default": [],
                "identity": [],
                "masking_policy": "",
                "name": "CLOSE_DATE",
                "nullable": true,
                "schema_evolution_record": "",
                "type": "DATE"
              },
              {
                "collate": "",
                "comment": "",
                "default": [],
                "identity": [],
                "masking_policy": "",
                "name": "CONTACT_ID",
                "nullable": true,
                "schema_evolution_record": "",
                "type": "NUMBER(38,0)"
              }
            ],
            "comment": "Tabla OPPORTUNITIES - CRM_PROD.CUSTOMERS",
            "data_retention_time_in_days": -1,
            "database": "CRM_PROD",
            "fully_qualified_name": "\"CRM_PROD\".\"CUSTOMERS\".\"OPPORTUNITIES\"",
            "id": "CRM_PROD|CUSTOMERS|OPPORTUNITIES",
            "name": "OPPORTUNITIES",
            "owner": "ACCOUNTADMIN",
            "primary_key": [],
            "schema": "CUSTOMERS",
            "tag": []
          },
          "sensitive_attributes": [],
          "private": "bnVsbA==",
          "dependencies": [
            "module.database_crm.snowflake_database.this",
            "module.database_crm.snowflake_schema.this"
          ]
        }
      ]
    },
    {
      "module": "module.database_erp",
      "mode": "managed",
      "type": "snowflake_database",
      "name": "this",
      "provider": "provider[\"registry.terraform.io/snowflake-labs/snowflake\"]",
      "instances": [
        {
          "schema_version": 1,
          "attributes": {
            "catalog": "",
            "comment": "ERP - Finanzas - Onboarding",
            "data_retention_time_in_days": 1,
            "default_ddl_collation": "",
            "drop_public_schema_on_creation": null,
            "enable_console_output": false,
            "external_volume": "",
            "fully_qualified_name": "\"ERP_PROD\"",
            "id": "ERP_PROD",
            "is_transient": false,
            "log_level": "OFF",
            "max_data_extension_time_in_days": 14,
            "name": "ERP_PROD",
            "quoted_identifiers_ignore_case": false,
            "replace_invalid_characters": false,
            "replication": [],
            "storage_serialization_policy": "OPTIMIZED",
            "suspend_task_after_num_failures": 10,
            "task_auto_retry_attempts": 0,
            "trace_level": "OFF",
            "user_task_managed_initial_warehouse_size": "Medium",
            "user_task_minimum_trigger_interval_in_seconds": 30,
            "user_task_timeout_ms": 3600000
          },
          "sensitive_attributes": [],
          "private": "eyJzY2hlbWFfdmVyc2lvbiI6IjEifQ=="
        }
      ]
    },
    {
      "module": "module.database_erp",
      "mode": "managed",
      "type": "snowflake_schema",
      "name": "this",
      "provider": "provider[\"registry.terraform.io/snowflake-labs/snowflake\"]",
      "instances": [
        {
          "schema_version": 2,
          "attributes": {
            "catalog": "",
            "comment": "Schema FINANCE en ERP_PROD - Onboarding",
            "data_retention_time_in_days": 1,
            "database": "ERP_PROD",
            "default_ddl_collation": "",
            "describe_output": [],
            "enable_console_output": false,
            "external_volume": "",
            "fully_qualified_name": "\"ERP_PROD\".\"FINANCE\"",
            "id": "\"ERP_PROD\".\"FINANCE\"",
            "is_transient": "default",
            "log_level": "OFF",
            "max_data_extension_time_in_days": 14,
            "name": "FINANCE",
            "parameters": [
              {
                "catalog": [
                  {
                    "default": "",
                    "description": "Name of the catalog integration to use for iceberg tables",
                    "key": "CATALOG",
                    "level": "",
                    "value": ""
                  }
                ],
                "data_retention_time_in_days": [
                  {
                    "default": "1",
                    "description": "number of days to retain the old version of deleted/updated data",
                    "key": "DATA_RETENTION_TIME_IN_DAYS",
                    "level": "DATABASE",
                    "value": "1"
                  }
                ],
                "default_ddl_collation": [
                  {
                    "default": "",
                    "description": "Collation that is used for all the new columns created by the DDL statements (if not specified)",
                    "key": "DEFAULT_DDL_COLLATION",
                    "level": "",
                    "value": ""
                  }
                ],
                "enable_console_output": [
                  {
                    "default": "false",
                    "description": "Enable stdout/stderr fast path logging for anonyous stored procs. This is a public parameter (similar to LOG_LEVEL).",
                    "key": "ENABLE_CONSOLE_OUTPUT",
                    "level": "",
                    "value": "false"
                  }
                ],
                "external_volume": [
                  {
                    "default": "",
                    "description": "Name of an external volume that will be used for persisted Iceberg metadata and data files.",
                    "key": "EXTERNAL_VOLUME",
                    "level": "",
                    "value": ""
                  }
                ],
                "log_level": [
                  {
                    "default": "OFF",
                    "description": "LOG_LEVEL to use when filtering events",
                    "key": "LOG_LEVEL",
                    "level": "",
                    "value": "OFF"
                  }
                ],
                "max_data_extension_time_in_days": [
                  {
                    "default": "14",
                    "description": "Maximum number of days to extend data retention beyond the retention period to prevent a stream becoming stale.",
                    "key": "MAX_DATA_EXTENSION_TIME_IN_DAYS",
                    "level": "",
                    "value": "14"
                  }
                ],
                "pipe_execution_paused": [
                  {
                    "default": "false",
                    "description": "Pause processing of files for a pipe",
                    "key": "PIPE_EXECUTION_PAUSED",
                    "level": "",
                    "value": "false"
                  }
                ],
                "quoted_identifiers_ignore_case": [
                  {
                    "default": "false",
                    "description": "If true, the case of quoted identifiers is ignored",
                    "key": "QUOTED_IDENTIFIERS_IGNORE_CASE",
                    "level": "",
                    "value": "false"
                  }
                ],
                "replace_invalid_characters": [
                  {
                    "default": "false",
                    "description": "Replace invalid UTF-8 characters found in Iceberg table external data files with the Unicode replacement character",
                    "key": "REPLACE_INVALID_CHARACTERS",
                    "level": "",
                    "value": "false"
                  }
                ],
                "storage_serialization_policy": [
                  {
                    "default": "OPTIMIZED",
                    "description": "Storage serialization policy used for managed Iceberg table. This include encodings and compressions",
                    "key": "STORAGE_SERIALIZATION_POLICY",
                    "level": "",
                    "value": "OPTIMIZED"
                  }
                ],
                "suspend_task_after_num_failures": [
                  {
                    "default": "10",
                    "description": "How many times a task must fail in a row before it is automatically suspended. 0 disables auto-suspending.",
                    "key": "SUSPEND_TASK_AFTER_NUM_FAILURES",
                    "level": "",
                    "value": "10"
                  }
                ],
                "task_auto_retry_attempts": [
                  {
                    "default": "0",
                    "description": "Maximum Automatic Retries Allowed For A User Task",
                    "key": "TASK_AUTO_RETRY_ATTEMPTS",
                    "level": "",
                    "value": "0"
                  }
                ],
                "trace_level": [
                  {
                    "default": "OFF",
                    "description": "Trace level value to use when generating/filtering trace events",
                    "key": "TRACE_LEVEL",
                    "level": "",
                    "value": "OFF"
                  }
                ],
                "user_task_managed_initial_warehouse_size": [
                  {
                    "default": "Medium",
                    "description": "The initial size of warehouse to use for managed warehouses in the absence of history",
                    "key": "USER_TASK_MANAGED_INITIAL_WAREHOUSE_SIZE",
                    "level": "",
                    "value": "Medium"
                  }
                ],
                "user_task_minimum_trigger_interval_in_seconds": [
                  {
                    "default": "30",
                    "description": "Minimum amount of time between Triggered Task executions in seconds",
                    "key": "USER_TASK_MINIMUM_TRIGGER_INTERVAL_IN_SECONDS",
                    "level": "",
                    "value": "30"
                  }
                ],
                "user_task_timeout_ms": [
                  {
                    "default": "3600000",
                    "description": "User task execution timeout in milliseconds",
                    "key": "USER_TASK_TIMEOUT_MS",
                    "level": "",
                    "value": "3600000"
                  }
                ]
              }
            ],
            "pipe_execution_paused": false,
            "quoted_identifiers_ignore_case": false,
            "replace_invalid_characters": false,
            "show_output": [
              {
                "comment": "Schema FINANCE en ERP_PROD - Onboarding",
                "created_on": "2026-02-21 05:23:04.359 -0800 PST",
                "database_name": "ERP_PROD",
                "dropped_on": "0001-01-01 00:00:00 +0000 UTC",
                "is_current": false,
                "is_default": false,
                "name": "FINANCE",
                "options": "",
                "owner": "ACCOUNTADMIN",
                "owner_role_type": "ROLE",
                "retention_time": "1"
              }
            ],
            "storage_serialization_policy": "OPTIMIZED",
            "suspend_task_after_num_failures": 10,
            "task_auto_retry_attempts": 0,
            "trace_level": "OFF",
            "user_task_managed_initial_warehouse_size": "Medium",
            "user_task_minimum_trigger_interval_in_seconds": 30,
            "user_task_timeout_ms": 3600000,
            "with_managed_access": "default"
          },
          "sensitive_attributes": [],
          "private": "eyJzY2hlbWFfdmVyc2lvbiI6IjIifQ==",
          "dependencies": [
            "module.database_erp.snowflake_database.this"
          ]
        }
      ]
    },
    {
      "module": "module.database_erp",
      "mode": "managed",
      "type": "snowflake_table",
      "name": "tables",
      "provider": "provider[\"registry.terraform.io/snowflake-labs/snowflake\"]",
      "instances": [
        {
          "index_key": "COST_CENTERS",
          "schema_version": 0,
          "attributes": {
            "change_tracking": false,
            "cluster_by": null,
            "column": [
              {
                "collate": "",
                "comment": "",
                "default": [],
                "identity": [],
                "masking_policy": "",
                "name": "ID",
                "nullable": true,
                "schema_evolution_record": "",
                "type": "NUMBER(38,0)"
              },
              {
                "collate": "",
                "comment": "",
                "default": [],
                "identity": [],
                "masking_policy": "",
                "name": "CODE",
                "nullable": true,
                "schema_evolution_record": "",
                "type": "VARCHAR(20)"
              },
              {
                "collate": "",
                "comment": "",
                "default": [],
                "identity": [],
                "masking_policy": "",
                "name": "NAME",
                "nullable": true,
                "schema_evolution_record": "",
                "type": "VARCHAR(100)"
              },
              {
                "collate": "",
                "comment": "",
                "default": [],
                "identity": [],
                "masking_policy": "",
                "name": "DEPARTMENT",
                "nullable": true,
                "schema_evolution_record": "",
                "type": "VARCHAR(50)"
              },
              {
                "collate": "",
                "comment": "",
                "default": [],
                "identity": [],
                "masking_policy": "",
                "name": "BUDGET",
                "nullable": true,
                "schema_evolution_record": "",
                "type": "NUMBER(18,2)"
              },
              {
                "collate": "",
                "comment": "",
                "default": [],
                "identity": [],
                "masking_policy": "",
                "name": "ACTIVE",
                "nullable": true,
                "schema_evolution_record": "",
                "type": "BOOLEAN"
              }
            ],
            "comment": "Tabla COST_CENTERS - ERP_PROD.FINANCE",
            "data_retention_time_in_days": -1,
            "database": "ERP_PROD",
            "fully_qualified_name": "\"ERP_PROD\".\"FINANCE\".\"COST_CENTERS\"",
            "id": "ERP_PROD|FINANCE|COST_CENTERS",
            "name": "COST_CENTERS",
            "owner": "ACCOUNTADMIN",
            "primary_key": [],
            "schema": "FINANCE",
            "tag": []
          },
          "sensitive_attributes": [],
          "private": "bnVsbA==",
          "dependencies": [
            "module.database_erp.snowflake_database.this",
            "module.database_erp.snowflake_schema.this"
          ]
        },
        {
          "index_key": "INVOICES",
          "schema_version": 0,
          "attributes": {
            "change_tracking": false,
            "cluster_by": null,
            "column": [
              {
                "collate": "",
                "comment": "",
                "default": [],
                "identity": [],
                "masking_policy": "",
                "name": "ID",
                "nullable": true,
                "schema_evolution_record": "",
                "type": "NUMBER(38,0)"
              },
              {
                "collate": "",
                "comment": "",
                "default": [],
                "identity": [],
                "masking_policy": "",
                "name": "INVOICE_NUMBER",
                "nullable": true,
                "schema_evolution_record": "",
                "type": "VARCHAR(50)"
              },
              {
                "collate": "",
                "comment": "",
                "default": [],
                "identity": [],
                "masking_policy": "",
                "name": "AMOUNT",
                "nullable": true,
                "schema_evolution_record": "",
                "type": "NUMBER(18,2)"
              },
              {
                "collate": "",
                "comment": "",
                "default": [],
                "identity": [],
                "masking_policy": "",
                "name": "CURRENCY",
                "nullable": true,
                "schema_evolution_record": "",
                "type": "VARCHAR(3)"
              },
              {
                "collate": "",
                "comment": "",
                "default": [],
                "identity": [],
                "masking_policy": "",
                "name": "STATUS",
                "nullable": true,
                "schema_evolution_record": "",
                "type": "VARCHAR(20)"
              },
              {
                "collate": "",
                "comment": "",
                "default": [],
                "identity": [],
                "masking_policy": "",
                "name": "CREATED_AT",
                "nullable": true,
                "schema_evolution_record": "",
                "type": "TIMESTAMP_NTZ(9)"
              }
            ],
            "comment": "Tabla INVOICES - ERP_PROD.FINANCE",
            "data_retention_time_in_days": -1,
            "database": "ERP_PROD",
            "fully_qualified_name": "\"ERP_PROD\".\"FINANCE\".\"INVOICES\"",
            "id": "ERP_PROD|FINANCE|INVOICES",
            "name": "INVOICES",
            "owner": "ACCOUNTADMIN",
            "primary_key": [],
            "schema": "FINANCE",
            "tag": []
          },
          "sensitive_attributes": [],
          "private": "bnVsbA==",
          "dependencies": [
            "module.database_erp.snowflake_database.this",
            "module.database_erp.snowflake_schema.this"
          ]
        }
      ]
    },
    {
      "module": "module.database_scm",
      "mode": "managed",
      "type": "snowflake_database",
      "name": "this",
      "provider": "provider[\"registry.terraform.io/snowflake-labs/snowflake\"]",
      "instances": [
        {
          "schema_version": 1,
          "attributes": {
            "catalog": "",
            "comment": "SCM - Logística - Onboarding",
            "data_retention_time_in_days": 1,
            "default_ddl_collation": "",
            "drop_public_schema_on_creation": null,
            "enable_console_output": false,
            "external_volume": "",
            "fully_qualified_name": "\"SCM_PROD\"",
            "id": "SCM_PROD",
            "is_transient": false,
            "log_level": "OFF",
            "max_data_extension_time_in_days": 14,
            "name": "SCM_PROD",
            "quoted_identifiers_ignore_case": false,
            "replace_invalid_characters": false,
            "replication": [],
            "storage_serialization_policy": "OPTIMIZED",
            "suspend_task_after_num_failures": 10,
            "task_auto_retry_attempts": 0,
            "trace_level": "OFF",
            "user_task_managed_initial_warehouse_size": "Medium",
            "user_task_minimum_trigger_interval_in_seconds": 30,
            "user_task_timeout_ms": 3600000
          },
          "sensitive_attributes": [],
          "private": "eyJzY2hlbWFfdmVyc2lvbiI6IjEifQ=="
        }
      ]
    },
    {
      "module": "module.database_scm",
      "mode": "managed",
      "type": "snowflake_schema",
      "name": "this",
      "provider": "provider[\"registry.terraform.io/snowflake-labs/snowflake\"]",
      "instances": [
        {
          "schema_version": 2,
          "attributes": {
            "catalog": "",
            "comment": "Schema LOGISTICS en SCM_PROD - Onboarding",
            "data_retention_time_in_days": 1,
            "database": "SCM_PROD",
            "default_ddl_collation": "",
            "describe_output": [],
            "enable_console_output": false,
            "external_volume": "",
            "fully_qualified_name": "\"SCM_PROD\".\"LOGISTICS\"",
            "id": "\"SCM_PROD\".\"LOGISTICS\"",
            "is_transient": "default",
            "log_level": "OFF",
            "max_data_extension_time_in_days": 14,
            "name": "LOGISTICS",
            "parameters": [
              {
                "catalog": [
                  {
                    "default": "",
                    "description": "Name of the catalog integration to use for iceberg tables",
                    "key": "CATALOG",
                    "level": "",
                    "value": ""
                  }
                ],
                "data_retention_time_in_days": [
                  {
                    "default": "1",
                    "description": "number of days to retain the old version of deleted/updated data",
                    "key": "DATA_RETENTION_TIME_IN_DAYS",
                    "level": "DATABASE",
                    "value": "1"
                  }
                ],
                "default_ddl_collation": [
                  {
                    "default": "",
                    "description": "Collation that is used for all the new columns created by the DDL statements (if not specified)",
                    "key": "DEFAULT_DDL_COLLATION",
                    "level": "",
                    "value": ""
                  }
                ],
                "enable_console_output": [
                  {
                    "default": "false",
                    "description": "Enable stdout/stderr fast path logging for anonyous stored procs. This is a public parameter (similar to LOG_LEVEL).",
                    "key": "ENABLE_CONSOLE_OUTPUT",
                    "level": "",
                    "value": "false"
                  }
                ],
                "external_volume": [
                  {
                    "default": "",
                    "description": "Name of an external volume that will be used for persisted Iceberg metadata and data files.",
                    "key": "EXTERNAL_VOLUME",
                    "level": "",
                    "value": ""
                  }
                ],
                "log_level": [
                  {
                    "default": "OFF",
                    "description": "LOG_LEVEL to use when filtering events",
                    "key": "LOG_LEVEL",
                    "level": "",
                    "value": "OFF"
                  }
                ],
                "max_data_extension_time_in_days": [
                  {
                    "default": "14",
                    "description": "Maximum number of days to extend data retention beyond the retention period to prevent a stream becoming stale.",
                    "key": "MAX_DATA_EXTENSION_TIME_IN_DAYS",
                    "level": "",
                    "value": "14"
                  }
                ],
                "pipe_execution_paused": [
                  {
                    "default": "false",
                    "description": "Pause processing of files for a pipe",
                    "key": "PIPE_EXECUTION_PAUSED",
                    "level": "",
                    "value": "false"
                  }
                ],
                "quoted_identifiers_ignore_case": [
                  {
                    "default": "false",
                    "description": "If true, the case of quoted identifiers is ignored",
                    "key": "QUOTED_IDENTIFIERS_IGNORE_CASE",
                    "level": "",
                    "value": "false"
                  }
                ],
                "replace_invalid_characters": [
                  {
                    "default": "false",
                    "description": "Replace invalid UTF-8 characters found in Iceberg table external data files with the Unicode replacement character",
                    "key": "REPLACE_INVALID_CHARACTERS",
                    "level": "",
                    "value": "false"
                  }
                ],
                "storage_serialization_policy": [
                  {
                    "default": "OPTIMIZED",
                    "description": "Storage serialization policy used for managed Iceberg table. This include encodings and compressions",
                    "key": "STORAGE_SERIALIZATION_POLICY",
                    "level": "",
                    "value": "OPTIMIZED"
                  }
                ],
                "suspend_task_after_num_failures": [
                  {
                    "default": "10",
                    "description": "How many times a task must fail in a row before it is automatically suspended. 0 disables auto-suspending.",
                    "key": "SUSPEND_TASK_AFTER_NUM_FAILURES",
                    "level": "",
                    "value": "10"
                  }
                ],
                "task_auto_retry_attempts": [
                  {
                    "default": "0",
                    "description": "Maximum Automatic Retries Allowed For A User Task",
                    "key": "TASK_AUTO_RETRY_ATTEMPTS",
                    "level": "",
                    "value": "0"
                  }
                ],
                "trace_level": [
                  {
                    "default": "OFF",
                    "description": "Trace level value to use when generating/filtering trace events",
                    "key": "TRACE_LEVEL",
                    "level": "",
                    "value": "OFF"
                  }
                ],
                "user_task_managed_initial_warehouse_size": [
                  {
                    "default": "Medium",
                    "description": "The initial size of warehouse to use for managed warehouses in the absence of history",
                    "key": "USER_TASK_MANAGED_INITIAL_WAREHOUSE_SIZE",
                    "level": "",
                    "value": "Medium"
                  }
                ],
                "user_task_minimum_trigger_interval_in_seconds": [
                  {
                    "default": "30",
                    "description": "Minimum amount of time between Triggered Task executions in seconds",
                    "key": "USER_TASK_MINIMUM_TRIGGER_INTERVAL_IN_SECONDS",
                    "level": "",
                    "value": "30"
                  }
                ],
                "user_task_timeout_ms": [
                  {
                    "default": "3600000",
                    "description": "User task execution timeout in milliseconds",
                    "key": "USER_TASK_TIMEOUT_MS",
                    "level": "",
                    "value": "3600000"
                  }
                ]
              }
            ],
            "pipe_execution_paused": false,
            "quoted_identifiers_ignore_case": false,
            "replace_invalid_characters": false,
            "show_output": [
              {
                "comment": "Schema LOGISTICS en SCM_PROD - Onboarding",
                "created_on": "2026-02-21 05:23:04.592 -0800 PST",
                "database_name": "SCM_PROD",
                "dropped_on": "0001-01-01 00:00:00 +0000 UTC",
                "is_current": true,
                "is_default": false,
                "name": "LOGISTICS",
                "options": "",
                "owner": "ACCOUNTADMIN",
                "owner_role_type": "ROLE",
                "retention_time": "1"
              }
            ],
            "storage_serialization_policy": "OPTIMIZED",
            "suspend_task_after_num_failures": 10,
            "task_auto_retry_attempts": 0,
            "trace_level": "OFF",
            "user_task_managed_initial_warehouse_size": "Medium",
            "user_task_minimum_trigger_interval_in_seconds": 30,
            "user_task_timeout_ms": 3600000,
            "with_managed_access": "default"
          },
          "sensitive_attributes": [],
          "private": "eyJzY2hlbWFfdmVyc2lvbiI6IjIifQ==",
          "dependencies": [
            "module.database_scm.snowflake_database.this"
          ]
        }
      ]
    },
    {
      "module": "module.database_scm",
      "mode": "managed",
      "type": "snowflake_table",
      "name": "tables",
      "provider": "provider[\"registry.terraform.io/snowflake-labs/snowflake\"]",
      "instances": [
        {
          "index_key": "SHIPMENTS",
          "schema_version": 0,
          "attributes": {
            "change_tracking": false,
            "cluster_by": null,
            "column": [
              {
                "collate": "",
                "comment": "",
                "default": [],
                "identity": [],
                "masking_policy": "",
                "name": "ID",
                "nullable": true,
                "schema_evolution_record": "",
                "type": "NUMBER(38,0)"
              },
              {
                "collate": "",
                "comment": "",
                "default": [],
                "identity": [],
                "masking_policy": "",
                "name": "TRACKING_NUMBER",
                "nullable": true,
                "schema_evolution_record": "",
                "type": "VARCHAR(50)"
              },
              {
                "collate": "",
                "comment": "",
                "default": [],
                "identity": [],
                "masking_policy": "",
                "name": "ORIGIN",
                "nullable": true,
                "schema_evolution_record": "",
                "type": "VARCHAR(100)"
              },
              {
                "collate": "",
                "comment": "",
                "default": [],
                "identity": [],
                "masking_policy": "",
                "name": "DESTINATION",
                "nullable": true,
                "schema_evolution_record": "",
                "type": "VARCHAR(100)"
              },
              {
                "collate": "",
                "comment": "",
                "default": [],
                "identity": [],
                "masking_policy": "",
                "name": "STATUS",
                "nullable": true,
                "schema_evolution_record": "",
                "type": "VARCHAR(30)"
              },
              {
                "collate": "",
                "comment": "",
                "default": [],
                "identity": [],
                "masking_policy": "",
                "name": "SHIPPED_AT",
                "nullable": true,
                "schema_evolution_record": "",
                "type": "TIMESTAMP_NTZ(9)"
              }
            ],
            "comment": "Tabla SHIPMENTS - SCM_PROD.LOGISTICS",
            "data_retention_time_in_days": -1,
            "database": "SCM_PROD",
            "fully_qualified_name": "\"SCM_PROD\".\"LOGISTICS\".\"SHIPMENTS\"",
            "id": "SCM_PROD|LOGISTICS|SHIPMENTS",
            "name": "SHIPMENTS",
            "owner": "ACCOUNTADMIN",
            "primary_key": [],
            "schema": "LOGISTICS",
            "tag": []
          },
          "sensitive_attributes": [],
          "private": "bnVsbA==",
          "dependencies": [
            "module.database_scm.snowflake_database.this",
            "module.database_scm.snowflake_schema.this"
          ]
        },
        {
          "index_key": "SUPPLIERS",
          "schema_version": 0,
          "attributes": {
            "change_tracking": false,
            "cluster_by": null,
            "column": [
              {
                "collate": "",
                "comment": "",
                "default": [],
                "identity": [],
                "masking_policy": "",
                "name": "ID",
                "nullable": true,
                "schema_evolution_record": "",
                "type": "NUMBER(38,0)"
              },
              {
                "collate": "",
                "comment": "",
                "default": [],
                "identity": [],
                "masking_policy": "",
                "name": "NAME",
                "nullable": true,
                "schema_evolution_record": "",
                "type": "VARCHAR(100)"
              },
              {
                "collate": "",
                "comment": "",
                "default": [],
                "identity": [],
                "masking_policy": "",
                "name": "COUNTRY",
                "nullable": true,
                "schema_evolution_record": "",
                "type": "VARCHAR(50)"
              },
              {
                "collate": "",
                "comment": "",
                "default": [],
                "identity": [],
                "masking_policy": "",
                "name": "CONTACT_EMAIL",
                "nullable": true,
                "schema_evolution_record": "",
                "type": "VARCHAR(100)"
              },
              {
                "collate": "",
                "comment": "",
                "default": [],
                "identity": [],
                "masking_policy": "",
                "name": "RATING",
                "nullable": true,
                "schema_evolution_record": "",
                "type": "NUMBER(2,1)"
              },
              {
                "collate": "",
                "comment": "",
                "default": [],
                "identity": [],
                "masking_policy": "",
                "name": "ACTIVE",
                "nullable": true,
                "schema_evolution_record": "",
                "type": "BOOLEAN"
              }
            ],
            "comment": "Tabla SUPPLIERS - SCM_PROD.LOGISTICS",
            "data_retention_time_in_days": -1,
            "database": "SCM_PROD",
            "fully_qualified_name": "\"SCM_PROD\".\"LOGISTICS\".\"SUPPLIERS\"",
            "id": "SCM_PROD|LOGISTICS|SUPPLIERS",
            "name": "SUPPLIERS",
            "owner": "ACCOUNTADMIN",
            "primary_key": [],
            "schema": "LOGISTICS",
            "tag": []
          },
          "sensitive_attributes": [],
          "private": "bnVsbA==",
          "dependencies": [
            "module.database_scm.snowflake_database.this",
            "module.database_scm.snowflake_schema.this"
          ]
        }
      ]
    },
    {
      "module": "module.rbac",
      "mode": "managed",
      "type": "snowflake_account_role",
      "name": "object_admin",
      "provider": "provider[\"registry.terraform.io/snowflake-labs/snowflake\"]",
      "instances": [
        {
          "index_key": "CRM_CUSTOMERS",
          "schema_version": 0,
          "attributes": {
            "comment": "Admin (DDL + datos) en CRM_PROD.CUSTOMERS",
            "fully_qualified_name": "\"OR_ADMIN_CRM_CUSTOMERS_PROD\"",
            "id": "OR_ADMIN_CRM_CUSTOMERS_PROD",
            "name": "OR_ADMIN_CRM_CUSTOMERS_PROD",
            "show_output": [
              {
                "assigned_to_users": 0,
                "comment": "Admin (DDL + datos) en CRM_PROD.CUSTOMERS",
                "created_on": "2026-02-21 05:23:07.993 -0800 PST",
                "granted_roles": 0,
                "granted_to_roles": 0,
                "is_current": false,
                "is_default": false,
                "is_inherited": false,
                "name": "OR_ADMIN_CRM_CUSTOMERS_PROD",
                "owner": "ACCOUNTADMIN"
              }
            ]
          },
          "sensitive_attributes": [],
          "private": "bnVsbA==",
          "dependencies": [
            "module.database_crm.snowflake_database.this",
            "module.database_crm.snowflake_schema.this",
            "module.database_crm.snowflake_table.tables",
            "module.database_erp.snowflake_database.this",
            "module.database_erp.snowflake_schema.this",
            "module.database_erp.snowflake_table.tables",
            "module.database_scm.snowflake_database.this",
            "module.database_scm.snowflake_schema.this",
            "module.database_scm.snowflake_table.tables"
          ]
        },
        {
          "index_key": "ERP_FINANCE",
          "schema_version": 0,
          "attributes": {
            "comment": "Admin (DDL + datos) en ERP_PROD.FINANCE",
            "fully_qualified_name": "\"OR_ADMIN_ERP_FINANCE_PROD\"",
            "id": "OR_ADMIN_ERP_FINANCE_PROD",
            "name": "OR_ADMIN_ERP_FINANCE_PROD",
            "show_output": [
              {
                "assigned_to_users": 0,
                "comment": "Admin (DDL + datos) en ERP_PROD.FINANCE",
                "created_on": "2026-02-21 05:23:07.471 -0800 PST",
                "granted_roles": 0,
                "granted_to_roles": 0,
                "is_current": false,
                "is_default": false,
                "is_inherited": false,
                "name": "OR_ADMIN_ERP_FINANCE_PROD",
                "owner": "ACCOUNTADMIN"
              }
            ]
          },
          "sensitive_attributes": [],
          "private": "bnVsbA==",
          "dependencies": [
            "module.database_crm.snowflake_database.this",
            "module.database_crm.snowflake_schema.this",
            "module.database_crm.snowflake_table.tables",
            "module.database_erp.snowflake_database.this",
            "module.database_erp.snowflake_schema.this",
            "module.database_erp.snowflake_table.tables",
            "module.database_scm.snowflake_database.this",
            "module.database_scm.snowflake_schema.this",
            "module.database_scm.snowflake_table.tables"
          ]
        },
        {
          "index_key": "SCM_LOGISTICS",
          "schema_version": 0,
          "attributes": {
            "comment": "Admin (DDL + datos) en SCM_PROD.LOGISTICS",
            "fully_qualified_name": "\"OR_ADMIN_SCM_LOGISTICS_PROD\"",
            "id": "OR_ADMIN_SCM_LOGISTICS_PROD",
            "name": "OR_ADMIN_SCM_LOGISTICS_PROD",
            "show_output": [
              {
                "assigned_to_users": 0,
                "comment": "Admin (DDL + datos) en SCM_PROD.LOGISTICS",
                "created_on": "2026-02-21 05:23:08.147 -0800 PST",
                "granted_roles": 0,
                "granted_to_roles": 0,
                "is_current": false,
                "is_default": false,
                "is_inherited": false,
                "name": "OR_ADMIN_SCM_LOGISTICS_PROD",
                "owner": "ACCOUNTADMIN"
              }
            ]
          },
          "sensitive_attributes": [],
          "private": "bnVsbA==",
          "dependencies": [
            "module.database_crm.snowflake_database.this",
            "module.database_crm.snowflake_schema.this",
            "module.database_crm.snowflake_table.tables",
            "module.database_erp.snowflake_database.this",
            "module.database_erp.snowflake_schema.this",
            "module.database_erp.snowflake_table.tables",
            "module.database_scm.snowflake_database.this",
            "module.database_scm.snowflake_schema.this",
            "module.database_scm.snowflake_table.tables"
          ]
        }
      ]
    },
    {
      "module": "module.rbac",
      "mode": "managed",
      "type": "snowflake_account_role",
      "name": "object_read",
      "provider": "provider[\"registry.terraform.io/snowflake-labs/snowflake\"]",
      "instances": [
        {
          "index_key": "CRM_CUSTOMERS",
          "schema_version": 0,
          "attributes": {
            "comment": "Lectura (SELECT) en CRM_PROD.CUSTOMERS",
            "fully_qualified_name": "\"OR_READ_CRM_CUSTOMERS_PROD\"",
            "id": "OR_READ_CRM_CUSTOMERS_PROD",
            "name": "OR_READ_CRM_CUSTOMERS_PROD",
            "show_output": [
              {
                "assigned_to_users": 0,
                "comment": "Lectura (SELECT) en CRM_PROD.CUSTOMERS",
                "created_on": "2026-02-21 05:23:07.47 -0800 PST",
                "granted_roles": 0,
                "granted_to_roles": 0,
                "is_current": false,
                "is_default": false,
                "is_inherited": false,
                "name": "OR_READ_CRM_CUSTOMERS_PROD",
                "owner": "ACCOUNTADMIN"
              }
            ]
          },
          "sensitive_attributes": [],
          "private": "bnVsbA==",
          "dependencies": [
            "module.database_crm.snowflake_database.this",
            "module.database_crm.snowflake_schema.this",
            "module.database_crm.snowflake_table.tables",
            "module.database_erp.snowflake_database.this",
            "module.database_erp.snowflake_schema.this",
            "module.database_erp.snowflake_table.tables",
            "module.database_scm.snowflake_database.this",
            "module.database_scm.snowflake_schema.this",
            "module.database_scm.snowflake_table.tables"
          ]
        },
        {
          "index_key": "ERP_FINANCE",
          "schema_version": 0,
          "attributes": {
            "comment": "Lectura (SELECT) en ERP_PROD.FINANCE",
            "fully_qualified_name": "\"OR_READ_ERP_FINANCE_PROD\"",
            "id": "OR_READ_ERP_FINANCE_PROD",
            "name": "OR_READ_ERP_FINANCE_PROD",
            "show_output": [
              {
                "assigned_to_users": 0,
                "comment": "Lectura (SELECT) en ERP_PROD.FINANCE",
                "created_on": "2026-02-21 05:23:08.008 -0800 PST",
                "granted_roles": 0,
                "granted_to_roles": 0,
                "is_current": false,
                "is_default": false,
                "is_inherited": false,
                "name": "OR_READ_ERP_FINANCE_PROD",
                "owner": "ACCOUNTADMIN"
              }
            ]
          },
          "sensitive_attributes": [],
          "private": "bnVsbA==",
          "dependencies": [
            "module.database_crm.snowflake_database.this",
            "module.database_crm.snowflake_schema.this",
            "module.database_crm.snowflake_table.tables",
            "module.database_erp.snowflake_database.this",
            "module.database_erp.snowflake_schema.this",
            "module.database_erp.snowflake_table.tables",
            "module.database_scm.snowflake_database.this",
            "module.database_scm.snowflake_schema.this",
            "module.database_scm.snowflake_table.tables"
          ]
        },
        {
          "index_key": "SCM_LOGISTICS",
          "schema_version": 0,
          "attributes": {
            "comment": "Lectura (SELECT) en SCM_PROD.LOGISTICS",
            "fully_qualified_name": "\"OR_READ_SCM_LOGISTICS_PROD\"",
            "id": "OR_READ_SCM_LOGISTICS_PROD",
            "name": "OR_READ_SCM_LOGISTICS_PROD",
            "show_output": [
              {
                "assigned_to_users": 0,
                "comment": "Lectura (SELECT) en SCM_PROD.LOGISTICS",
                "created_on": "2026-02-21 05:23:08.008 -0800 PST",
                "granted_roles": 0,
                "granted_to_roles": 0,
                "is_current": false,
                "is_default": false,
                "is_inherited": false,
                "name": "OR_READ_SCM_LOGISTICS_PROD",
                "owner": "ACCOUNTADMIN"
              }
            ]
          },
          "sensitive_attributes": [],
          "private": "bnVsbA==",
          "dependencies": [
            "module.database_crm.snowflake_database.this",
            "module.database_crm.snowflake_schema.this",
            "module.database_crm.snowflake_table.tables",
            "module.database_erp.snowflake_database.this",
            "module.database_erp.snowflake_schema.this",
            "module.database_erp.snowflake_table.tables",
            "module.database_scm.snowflake_database.this",
            "module.database_scm.snowflake_schema.this",
            "module.database_scm.snowflake_table.tables"
          ]
        }
      ]
    },
    {
      "module": "module.rbac",
      "mode": "managed",
      "type": "snowflake_account_role",
      "name": "object_write",
      "provider": "provider[\"registry.terraform.io/snowflake-labs/snowflake\"]",
      "instances": [
        {
          "index_key": "CRM_CUSTOMERS",
          "schema_version": 0,
          "attributes": {
            "comment": "Lectura y escritura en CRM_PROD.CUSTOMERS",
            "fully_qualified_name": "\"OR_WRITE_CRM_CUSTOMERS_PROD\"",
            "id": "OR_WRITE_CRM_CUSTOMERS_PROD",
            "name": "OR_WRITE_CRM_CUSTOMERS_PROD",
            "show_output": [
              {
                "assigned_to_users": 0,
                "comment": "Lectura y escritura en CRM_PROD.CUSTOMERS",
                "created_on": "2026-02-21 05:23:08.006 -0800 PST",
                "granted_roles": 0,
                "granted_to_roles": 0,
                "is_current": false,
                "is_default": false,
                "is_inherited": false,
                "name": "OR_WRITE_CRM_CUSTOMERS_PROD",
                "owner": "ACCOUNTADMIN"
              }
            ]
          },
          "sensitive_attributes": [],
          "private": "bnVsbA==",
          "dependencies": [
            "module.database_crm.snowflake_database.this",
            "module.database_crm.snowflake_schema.this",
            "module.database_crm.snowflake_table.tables",
            "module.database_erp.snowflake_database.this",
            "module.database_erp.snowflake_schema.this",
            "module.database_erp.snowflake_table.tables",
            "module.database_scm.snowflake_database.this",
            "module.database_scm.snowflake_schema.this",
            "module.database_scm.snowflake_table.tables"
          ]
        },
        {
          "index_key": "ERP_FINANCE",
          "schema_version": 0,
          "attributes": {
            "comment": "Lectura y escritura en ERP_PROD.FINANCE",
            "fully_qualified_name": "\"OR_WRITE_ERP_FINANCE_PROD\"",
            "id": "OR_WRITE_ERP_FINANCE_PROD",
            "name": "OR_WRITE_ERP_FINANCE_PROD",
            "show_output": [
              {
                "assigned_to_users": 0,
                "comment": "Lectura y escritura en ERP_PROD.FINANCE",
                "created_on": "2026-02-21 05:23:07.951 -0800 PST",
                "granted_roles": 0,
                "granted_to_roles": 0,
                "is_current": false,
                "is_default": false,
                "is_inherited": false,
                "name": "OR_WRITE_ERP_FINANCE_PROD",
                "owner": "ACCOUNTADMIN"
              }
            ]
          },
          "sensitive_attributes": [],
          "private": "bnVsbA==",
          "dependencies": [
            "module.database_crm.snowflake_database.this",
            "module.database_crm.snowflake_schema.this",
            "module.database_crm.snowflake_table.tables",
            "module.database_erp.snowflake_database.this",
            "module.database_erp.snowflake_schema.this",
            "module.database_erp.snowflake_table.tables",
            "module.database_scm.snowflake_database.this",
            "module.database_scm.snowflake_schema.this",
            "module.database_scm.snowflake_table.tables"
          ]
        },
        {
          "index_key": "SCM_LOGISTICS",
          "schema_version": 0,
          "attributes": {
            "comment": "Lectura y escritura en SCM_PROD.LOGISTICS",
            "fully_qualified_name": "\"OR_WRITE_SCM_LOGISTICS_PROD\"",
            "id": "OR_WRITE_SCM_LOGISTICS_PROD",
            "name": "OR_WRITE_SCM_LOGISTICS_PROD",
            "show_output": [
              {
                "assigned_to_users": 0,
                "comment": "Lectura y escritura en SCM_PROD.LOGISTICS",
                "created_on": "2026-02-21 05:23:08.024 -0800 PST",
                "granted_roles": 0,
                "granted_to_roles": 0,
                "is_current": false,
                "is_default": false,
                "is_inherited": false,
                "name": "OR_WRITE_SCM_LOGISTICS_PROD",
                "owner": "ACCOUNTADMIN"
              }
            ]
          },
          "sensitive_attributes": [],
          "private": "bnVsbA==",
          "dependencies": [
            "module.database_crm.snowflake_database.this",
            "module.database_crm.snowflake_schema.this",
            "module.database_crm.snowflake_table.tables",
            "module.database_erp.snowflake_database.this",
            "module.database_erp.snowflake_schema.this",
            "module.database_erp.snowflake_table.tables",
            "module.database_scm.snowflake_database.this",
            "module.database_scm.snowflake_schema.this",
            "module.database_scm.snowflake_table.tables"
          ]
        }
      ]
    },
    {
      "module": "module.rbac",
      "mode": "managed",
      "type": "snowflake_grant_account_role",
      "name": "admin_inherits_write",
      "provider": "provider[\"registry.terraform.io/snowflake-labs/snowflake\"]",
      "instances": [
        {
          "index_key": "CRM_CUSTOMERS",
          "schema_version": 0,
          "attributes": {
            "id": "\"OR_ADMIN_CRM_CUSTOMERS_PROD\"|ROLE|\"OR_WRITE_CRM_CUSTOMERS_PROD\"",
            "parent_role_name": "OR_WRITE_CRM_CUSTOMERS_PROD",
            "role_name": "OR_ADMIN_CRM_CUSTOMERS_PROD",
            "user_name": null
          },
          "sensitive_attributes": [],
          "private": "bnVsbA==",
          "dependencies": [
            "module.database_crm.snowflake_database.this",
            "module.database_crm.snowflake_schema.this",
            "module.database_crm.snowflake_table.tables",
            "module.database_erp.snowflake_database.this",
            "module.database_erp.snowflake_schema.this",
            "module.database_erp.snowflake_table.tables",
            "module.database_scm.snowflake_database.this",
            "module.database_scm.snowflake_schema.this",
            "module.database_scm.snowflake_table.tables",
            "module.rbac.snowflake_account_role.object_admin",
            "module.rbac.snowflake_account_role.object_write"
          ]
        },
        {
          "index_key": "ERP_FINANCE",
          "schema_version": 0,
          "attributes": {
            "id": "\"OR_ADMIN_ERP_FINANCE_PROD\"|ROLE|\"OR_WRITE_ERP_FINANCE_PROD\"",
            "parent_role_name": "OR_WRITE_ERP_FINANCE_PROD",
            "role_name": "OR_ADMIN_ERP_FINANCE_PROD",
            "user_name": null
          },
          "sensitive_attributes": [],
          "private": "bnVsbA==",
          "dependencies": [
            "module.database_crm.snowflake_database.this",
            "module.database_crm.snowflake_schema.this",
            "module.database_crm.snowflake_table.tables",
            "module.database_erp.snowflake_database.this",
            "module.database_erp.snowflake_schema.this",
            "module.database_erp.snowflake_table.tables",
            "module.database_scm.snowflake_database.this",
            "module.database_scm.snowflake_schema.this",
            "module.database_scm.snowflake_table.tables",
            "module.rbac.snowflake_account_role.object_admin",
            "module.rbac.snowflake_account_role.object_write"
          ]
        },
        {
          "index_key": "SCM_LOGISTICS",
          "schema_version": 0,
          "attributes": {
            "id": "\"OR_ADMIN_SCM_LOGISTICS_PROD\"|ROLE|\"OR_WRITE_SCM_LOGISTICS_PROD\"",
            "parent_role_name": "OR_WRITE_SCM_LOGISTICS_PROD",
            "role_name": "OR_ADMIN_SCM_LOGISTICS_PROD",
            "user_name": null
          },
          "sensitive_attributes": [],
          "private": "bnVsbA==",
          "dependencies": [
            "module.database_crm.snowflake_database.this",
            "module.database_crm.snowflake_schema.this",
            "module.database_crm.snowflake_table.tables",
            "module.database_erp.snowflake_database.this",
            "module.database_erp.snowflake_schema.this",
            "module.database_erp.snowflake_table.tables",
            "module.database_scm.snowflake_database.this",
            "module.database_scm.snowflake_schema.this",
            "module.database_scm.snowflake_table.tables",
            "module.rbac.snowflake_account_role.object_admin",
            "module.rbac.snowflake_account_role.object_write"
          ]
        }
      ]
    },
    {
      "module": "module.rbac",
      "mode": "managed",
      "type": "snowflake_grant_account_role",
      "name": "write_inherits_read",
      "provider": "provider[\"registry.terraform.io/snowflake-labs/snowflake\"]",
      "instances": [
        {
          "index_key": "CRM_CUSTOMERS",
          "schema_version": 0,
          "attributes": {
            "id": "\"OR_WRITE_CRM_CUSTOMERS_PROD\"|ROLE|\"OR_READ_CRM_CUSTOMERS_PROD\"",
            "parent_role_name": "OR_READ_CRM_CUSTOMERS_PROD",
            "role_name": "OR_WRITE_CRM_CUSTOMERS_PROD",
            "user_name": null
          },
          "sensitive_attributes": [],
          "private": "bnVsbA==",
          "dependencies": [
            "module.database_crm.snowflake_database.this",
            "module.database_crm.snowflake_schema.this",
            "module.database_crm.snowflake_table.tables",
            "module.database_erp.snowflake_database.this",
            "module.database_erp.snowflake_schema.this",
            "module.database_erp.snowflake_table.tables",
            "module.database_scm.snowflake_database.this",
            "module.database_scm.snowflake_schema.this",
            "module.database_scm.snowflake_table.tables",
            "module.rbac.snowflake_account_role.object_read",
            "module.rbac.snowflake_account_role.object_write"
          ]
        },
        {
          "index_key": "ERP_FINANCE",
          "schema_version": 0,
          "attributes": {
            "id": "\"OR_WRITE_ERP_FINANCE_PROD\"|ROLE|\"OR_READ_ERP_FINANCE_PROD\"",
            "parent_role_name": "OR_READ_ERP_FINANCE_PROD",
            "role_name": "OR_WRITE_ERP_FINANCE_PROD",
            "user_name": null
          },
          "sensitive_attributes": [],
          "private": "bnVsbA==",
          "dependencies": [
            "module.database_crm.snowflake_database.this",
            "module.database_crm.snowflake_schema.this",
            "module.database_crm.snowflake_table.tables",
            "module.database_erp.snowflake_database.this",
            "module.database_erp.snowflake_schema.this",
            "module.database_erp.snowflake_table.tables",
            "module.database_scm.snowflake_database.this",
            "module.database_scm.snowflake_schema.this",
            "module.database_scm.snowflake_table.tables",
            "module.rbac.snowflake_account_role.object_read",
            "module.rbac.snowflake_account_role.object_write"
          ]
        },
        {
          "index_key": "SCM_LOGISTICS",
          "schema_version": 0,
          "attributes": {
            "id": "\"OR_WRITE_SCM_LOGISTICS_PROD\"|ROLE|\"OR_READ_SCM_LOGISTICS_PROD\"",
            "parent_role_name": "OR_READ_SCM_LOGISTICS_PROD",
            "role_name": "OR_WRITE_SCM_LOGISTICS_PROD",
            "user_name": null
          },
          "sensitive_attributes": [],
          "private": "bnVsbA==",
          "dependencies": [
            "module.database_crm.snowflake_database.this",
            "module.database_crm.snowflake_schema.this",
            "module.database_crm.snowflake_table.tables",
            "module.database_erp.snowflake_database.this",
            "module.database_erp.snowflake_schema.this",
            "module.database_erp.snowflake_table.tables",
            "module.database_scm.snowflake_database.this",
            "module.database_scm.snowflake_schema.this",
            "module.database_scm.snowflake_table.tables",
            "module.rbac.snowflake_account_role.object_read",
            "module.rbac.snowflake_account_role.object_write"
          ]
        }
      ]
    },
    {
      "module": "module.rbac",
      "mode": "managed",
      "type": "snowflake_grant_privileges_to_account_role",
      "name": "admin_dml_tables",
      "provider": "provider[\"registry.terraform.io/snowflake-labs/snowflake\"]",
      "instances": [
        {
          "index_key": "CRM_CUSTOMERS_CONTACTS",
          "schema_version": 0,
          "attributes": {
            "account_role_name": "OR_ADMIN_CRM_CUSTOMERS_PROD",
            "all_privileges": false,
            "always_apply": false,
            "always_apply_trigger": null,
            "id": "\"OR_ADMIN_CRM_CUSTOMERS_PROD\"|false|false|INSERT,DELETE,SELECT,UPDATE|OnSchemaObject|OnObject|TABLE|\"CRM_PROD\".\"CUSTOMERS\".\"CONTACTS\"",
            "on_account": false,
            "on_account_object": [],
            "on_schema": [],
            "on_schema_object": [
              {
                "all": [],
                "future": [],
                "object_name": "CRM_PROD.CUSTOMERS.CONTACTS",
                "object_type": "TABLE"
              }
            ],
            "privileges": [
              "DELETE",
              "INSERT",
              "SELECT",
              "UPDATE"
            ],
            "with_grant_option": false
          },
          "sensitive_attributes": [],
          "private": "bnVsbA==",
          "dependencies": [
            "module.database_crm.snowflake_database.this",
            "module.database_crm.snowflake_schema.this",
            "module.database_crm.snowflake_table.tables",
            "module.database_erp.snowflake_database.this",
            "module.database_erp.snowflake_schema.this",
            "module.database_erp.snowflake_table.tables",
            "module.database_scm.snowflake_database.this",
            "module.database_scm.snowflake_schema.this",
            "module.database_scm.snowflake_table.tables",
            "module.rbac.snowflake_account_role.object_admin"
          ]
        },
        {
          "index_key": "CRM_CUSTOMERS_OPPORTUNITIES",
          "schema_version": 0,
          "attributes": {
            "account_role_name": "OR_ADMIN_CRM_CUSTOMERS_PROD",
            "all_privileges": false,
            "always_apply": false,
            "always_apply_trigger": null,
            "id": "\"OR_ADMIN_CRM_CUSTOMERS_PROD\"|false|false|INSERT,DELETE,SELECT,UPDATE|OnSchemaObject|OnObject|TABLE|\"CRM_PROD\".\"CUSTOMERS\".\"OPPORTUNITIES\"",
            "on_account": false,
            "on_account_object": [],
            "on_schema": [],
            "on_schema_object": [
              {
                "all": [],
                "future": [],
                "object_name": "CRM_PROD.CUSTOMERS.OPPORTUNITIES",
                "object_type": "TABLE"
              }
            ],
            "privileges": [
              "DELETE",
              "INSERT",
              "SELECT",
              "UPDATE"
            ],
            "with_grant_option": false
          },
          "sensitive_attributes": [],
          "private": "bnVsbA==",
          "dependencies": [
            "module.database_crm.snowflake_database.this",
            "module.database_crm.snowflake_schema.this",
            "module.database_crm.snowflake_table.tables",
            "module.database_erp.snowflake_database.this",
            "module.database_erp.snowflake_schema.this",
            "module.database_erp.snowflake_table.tables",
            "module.database_scm.snowflake_database.this",
            "module.database_scm.snowflake_schema.this",
            "module.database_scm.snowflake_table.tables",
            "module.rbac.snowflake_account_role.object_admin"
          ]
        },
        {
          "index_key": "ERP_FINANCE_COST_CENTERS",
          "schema_version": 0,
          "attributes": {
            "account_role_name": "OR_ADMIN_ERP_FINANCE_PROD",
            "all_privileges": false,
            "always_apply": false,
            "always_apply_trigger": null,
            "id": "\"OR_ADMIN_ERP_FINANCE_PROD\"|false|false|INSERT,DELETE,SELECT,UPDATE|OnSchemaObject|OnObject|TABLE|\"ERP_PROD\".\"FINANCE\".\"COST_CENTERS\"",
            "on_account": false,
            "on_account_object": [],
            "on_schema": [],
            "on_schema_object": [
              {
                "all": [],
                "future": [],
                "object_name": "ERP_PROD.FINANCE.COST_CENTERS",
                "object_type": "TABLE"
              }
            ],
            "privileges": [
              "DELETE",
              "INSERT",
              "SELECT",
              "UPDATE"
            ],
            "with_grant_option": false
          },
          "sensitive_attributes": [],
          "private": "bnVsbA==",
          "dependencies": [
            "module.database_crm.snowflake_database.this",
            "module.database_crm.snowflake_schema.this",
            "module.database_crm.snowflake_table.tables",
            "module.database_erp.snowflake_database.this",
            "module.database_erp.snowflake_schema.this",
            "module.database_erp.snowflake_table.tables",
            "module.database_scm.snowflake_database.this",
            "module.database_scm.snowflake_schema.this",
            "module.database_scm.snowflake_table.tables",
            "module.rbac.snowflake_account_role.object_admin"
          ]
        },
        {
          "index_key": "ERP_FINANCE_INVOICES",
          "schema_version": 0,
          "attributes": {
            "account_role_name": "OR_ADMIN_ERP_FINANCE_PROD",
            "all_privileges": false,
            "always_apply": false,
            "always_apply_trigger": null,
            "id": "\"OR_ADMIN_ERP_FINANCE_PROD\"|false|false|INSERT,DELETE,SELECT,UPDATE|OnSchemaObject|OnObject|TABLE|\"ERP_PROD\".\"FINANCE\".\"INVOICES\"",
            "on_account": false,
            "on_account_object": [],
            "on_schema": [],
            "on_schema_object": [
              {
                "all": [],
                "future": [],
                "object_name": "ERP_PROD.FINANCE.INVOICES",
                "object_type": "TABLE"
              }
            ],
            "privileges": [
              "DELETE",
              "INSERT",
              "SELECT",
              "UPDATE"
            ],
            "with_grant_option": false
          },
          "sensitive_attributes": [],
          "private": "bnVsbA==",
          "dependencies": [
            "module.database_crm.snowflake_database.this",
            "module.database_crm.snowflake_schema.this",
            "module.database_crm.snowflake_table.tables",
            "module.database_erp.snowflake_database.this",
            "module.database_erp.snowflake_schema.this",
            "module.database_erp.snowflake_table.tables",
            "module.database_scm.snowflake_database.this",
            "module.database_scm.snowflake_schema.this",
            "module.database_scm.snowflake_table.tables",
            "module.rbac.snowflake_account_role.object_admin"
          ]
        },
        {
          "index_key": "SCM_LOGISTICS_SHIPMENTS",
          "schema_version": 0,
          "attributes": {
            "account_role_name": "OR_ADMIN_SCM_LOGISTICS_PROD",
            "all_privileges": false,
            "always_apply": false,
            "always_apply_trigger": null,
            "id": "\"OR_ADMIN_SCM_LOGISTICS_PROD\"|false|false|INSERT,DELETE,SELECT,UPDATE|OnSchemaObject|OnObject|TABLE|\"SCM_PROD\".\"LOGISTICS\".\"SHIPMENTS\"",
            "on_account": false,
            "on_account_object": [],
            "on_schema": [],
            "on_schema_object": [
              {
                "all": [],
                "future": [],
                "object_name": "SCM_PROD.LOGISTICS.SHIPMENTS",
                "object_type": "TABLE"
              }
            ],
            "privileges": [
              "DELETE",
              "INSERT",
              "SELECT",
              "UPDATE"
            ],
            "with_grant_option": false
          },
          "sensitive_attributes": [],
          "private": "bnVsbA==",
          "dependencies": [
            "module.database_crm.snowflake_database.this",
            "module.database_crm.snowflake_schema.this",
            "module.database_crm.snowflake_table.tables",
            "module.database_erp.snowflake_database.this",
            "module.database_erp.snowflake_schema.this",
            "module.database_erp.snowflake_table.tables",
            "module.database_scm.snowflake_database.this",
            "module.database_scm.snowflake_schema.this",
            "module.database_scm.snowflake_table.tables",
            "module.rbac.snowflake_account_role.object_admin"
          ]
        },
        {
          "index_key": "SCM_LOGISTICS_SUPPLIERS",
          "schema_version": 0,
          "attributes": {
            "account_role_name": "OR_ADMIN_SCM_LOGISTICS_PROD",
            "all_privileges": false,
            "always_apply": false,
            "always_apply_trigger": null,
            "id": "\"OR_ADMIN_SCM_LOGISTICS_PROD\"|false|false|INSERT,DELETE,SELECT,UPDATE|OnSchemaObject|OnObject|TABLE|\"SCM_PROD\".\"LOGISTICS\".\"SUPPLIERS\"",
            "on_account": false,
            "on_account_object": [],
            "on_schema": [],
            "on_schema_object": [
              {
                "all": [],
                "future": [],
                "object_name": "SCM_PROD.LOGISTICS.SUPPLIERS",
                "object_type": "TABLE"
              }
            ],
            "privileges": [
              "DELETE",
              "INSERT",
              "SELECT",
              "UPDATE"
            ],
            "with_grant_option": false
          },
          "sensitive_attributes": [],
          "private": "bnVsbA==",
          "dependencies": [
            "module.database_crm.snowflake_database.this",
            "module.database_crm.snowflake_schema.this",
            "module.database_crm.snowflake_table.tables",
            "module.database_erp.snowflake_database.this",
            "module.database_erp.snowflake_schema.this",
            "module.database_erp.snowflake_table.tables",
            "module.database_scm.snowflake_database.this",
            "module.database_scm.snowflake_schema.this",
            "module.database_scm.snowflake_table.tables",
            "module.rbac.snowflake_account_role.object_admin"
          ]
        }
      ]
    },
    {
      "module": "module.rbac",
      "mode": "managed",
      "type": "snowflake_grant_privileges_to_account_role",
      "name": "admin_usage_db",
      "provider": "provider[\"registry.terraform.io/snowflake-labs/snowflake\"]",
      "instances": [
        {
          "index_key": "CRM_CUSTOMERS",
          "schema_version": 0,
          "attributes": {
            "account_role_name": "OR_ADMIN_CRM_CUSTOMERS_PROD",
            "all_privileges": false,
            "always_apply": false,
            "always_apply_trigger": null,
            "id": "\"OR_ADMIN_CRM_CUSTOMERS_PROD\"|false|false|MODIFY,USAGE|OnAccountObject|DATABASE|\"CRM_PROD\"",
            "on_account": false,
            "on_account_object": [
              {
                "object_name": "CRM_PROD",
                "object_type": "DATABASE"
              }
            ],
            "on_schema": [],
            "on_schema_object": [],
            "privileges": [
              "MODIFY",
              "USAGE"
            ],
            "with_grant_option": false
          },
          "sensitive_attributes": [],
          "private": "bnVsbA==",
          "dependencies": [
            "module.database_crm.snowflake_database.this",
            "module.database_crm.snowflake_schema.this",
            "module.database_crm.snowflake_table.tables",
            "module.database_erp.snowflake_database.this",
            "module.database_erp.snowflake_schema.this",
            "module.database_erp.snowflake_table.tables",
            "module.database_scm.snowflake_database.this",
            "module.database_scm.snowflake_schema.this",
            "module.database_scm.snowflake_table.tables",
            "module.rbac.snowflake_account_role.object_admin"
          ]
        },
        {
          "index_key": "ERP_FINANCE",
          "schema_version": 0,
          "attributes": {
            "account_role_name": "OR_ADMIN_ERP_FINANCE_PROD",
            "all_privileges": false,
            "always_apply": false,
            "always_apply_trigger": null,
            "id": "\"OR_ADMIN_ERP_FINANCE_PROD\"|false|false|MODIFY,USAGE|OnAccountObject|DATABASE|\"ERP_PROD\"",
            "on_account": false,
            "on_account_object": [
              {
                "object_name": "ERP_PROD",
                "object_type": "DATABASE"
              }
            ],
            "on_schema": [],
            "on_schema_object": [],
            "privileges": [
              "MODIFY",
              "USAGE"
            ],
            "with_grant_option": false
          },
          "sensitive_attributes": [],
          "private": "bnVsbA==",
          "dependencies": [
            "module.database_crm.snowflake_database.this",
            "module.database_crm.snowflake_schema.this",
            "module.database_crm.snowflake_table.tables",
            "module.database_erp.snowflake_database.this",
            "module.database_erp.snowflake_schema.this",
            "module.database_erp.snowflake_table.tables",
            "module.database_scm.snowflake_database.this",
            "module.database_scm.snowflake_schema.this",
            "module.database_scm.snowflake_table.tables",
            "module.rbac.snowflake_account_role.object_admin"
          ]
        },
        {
          "index_key": "SCM_LOGISTICS",
          "schema_version": 0,
          "attributes": {
            "account_role_name": "OR_ADMIN_SCM_LOGISTICS_PROD",
            "all_privileges": false,
            "always_apply": false,
            "always_apply_trigger": null,
            "id": "\"OR_ADMIN_SCM_LOGISTICS_PROD\"|false|false|MODIFY,USAGE|OnAccountObject|DATABASE|\"SCM_PROD\"",
            "on_account": false,
            "on_account_object": [
              {
                "object_name": "SCM_PROD",
                "object_type": "DATABASE"
              }
            ],
            "on_schema": [],
            "on_schema_object": [],
            "privileges": [
              "MODIFY",
              "USAGE"
            ],
            "with_grant_option": false
          },
          "sensitive_attributes": [],
          "private": "bnVsbA==",
          "dependencies": [
            "module.database_crm.snowflake_database.this",
            "module.database_crm.snowflake_schema.this",
            "module.database_crm.snowflake_table.tables",
            "module.database_erp.snowflake_database.this",
            "module.database_erp.snowflake_schema.this",
            "module.database_erp.snowflake_table.tables",
            "module.database_scm.snowflake_database.this",
            "module.database_scm.snowflake_schema.this",
            "module.database_scm.snowflake_table.tables",
            "module.rbac.snowflake_account_role.object_admin"
          ]
        }
      ]
    },
    {
      "module": "module.rbac",
      "mode": "managed",
      "type": "snowflake_grant_privileges_to_account_role",
      "name": "admin_usage_schema",
      "provider": "provider[\"registry.terraform.io/snowflake-labs/snowflake\"]",
      "instances": [
        {
          "index_key": "CRM_CUSTOMERS",
          "schema_version": 0,
          "attributes": {
            "account_role_name": "OR_ADMIN_CRM_CUSTOMERS_PROD",
            "all_privileges": false,
            "always_apply": false,
            "always_apply_trigger": null,
            "id": "\"OR_ADMIN_CRM_CUSTOMERS_PROD\"|false|false|CREATE TABLE,CREATE VIEW,CREATE STAGE,USAGE|OnSchema|OnSchema|\"CRM_PROD\".\"CUSTOMERS\"",
            "on_account": false,
            "on_account_object": [],
            "on_schema": [
              {
                "all_schemas_in_database": "",
                "future_schemas_in_database": "",
                "schema_name": "CRM_PROD.CUSTOMERS"
              }
            ],
            "on_schema_object": [],
            "privileges": [
              "CREATE STAGE",
              "CREATE TABLE",
              "CREATE VIEW",
              "USAGE"
            ],
            "with_grant_option": false
          },
          "sensitive_attributes": [],
          "private": "bnVsbA==",
          "dependencies": [
            "module.database_crm.snowflake_database.this",
            "module.database_crm.snowflake_schema.this",
            "module.database_crm.snowflake_table.tables",
            "module.database_erp.snowflake_database.this",
            "module.database_erp.snowflake_schema.this",
            "module.database_erp.snowflake_table.tables",
            "module.database_scm.snowflake_database.this",
            "module.database_scm.snowflake_schema.this",
            "module.database_scm.snowflake_table.tables",
            "module.rbac.snowflake_account_role.object_admin"
          ]
        },
        {
          "index_key": "ERP_FINANCE",
          "schema_version": 0,
          "attributes": {
            "account_role_name": "OR_ADMIN_ERP_FINANCE_PROD",
            "all_privileges": false,
            "always_apply": false,
            "always_apply_trigger": null,
            "id": "\"OR_ADMIN_ERP_FINANCE_PROD\"|false|false|CREATE TABLE,CREATE VIEW,CREATE STAGE,USAGE|OnSchema|OnSchema|\"ERP_PROD\".\"FINANCE\"",
            "on_account": false,
            "on_account_object": [],
            "on_schema": [
              {
                "all_schemas_in_database": "",
                "future_schemas_in_database": "",
                "schema_name": "ERP_PROD.FINANCE"
              }
            ],
            "on_schema_object": [],
            "privileges": [
              "CREATE STAGE",
              "CREATE TABLE",
              "CREATE VIEW",
              "USAGE"
            ],
            "with_grant_option": false
          },
          "sensitive_attributes": [],
          "private": "bnVsbA==",
          "dependencies": [
            "module.database_crm.snowflake_database.this",
            "module.database_crm.snowflake_schema.this",
            "module.database_crm.snowflake_table.tables",
            "module.database_erp.snowflake_database.this",
            "module.database_erp.snowflake_schema.this",
            "module.database_erp.snowflake_table.tables",
            "module.database_scm.snowflake_database.this",
            "module.database_scm.snowflake_schema.this",
            "module.database_scm.snowflake_table.tables",
            "module.rbac.snowflake_account_role.object_admin"
          ]
        },
        {
          "index_key": "SCM_LOGISTICS",
          "schema_version": 0,
          "attributes": {
            "account_role_name": "OR_ADMIN_SCM_LOGISTICS_PROD",
            "all_privileges": false,
            "always_apply": false,
            "always_apply_trigger": null,
            "id": "\"OR_ADMIN_SCM_LOGISTICS_PROD\"|false|false|CREATE TABLE,CREATE VIEW,CREATE STAGE,USAGE|OnSchema|OnSchema|\"SCM_PROD\".\"LOGISTICS\"",
            "on_account": false,
            "on_account_object": [],
            "on_schema": [
              {
                "all_schemas_in_database": "",
                "future_schemas_in_database": "",
                "schema_name": "SCM_PROD.LOGISTICS"
              }
            ],
            "on_schema_object": [],
            "privileges": [
              "CREATE STAGE",
              "CREATE TABLE",
              "CREATE VIEW",
              "USAGE"
            ],
            "with_grant_option": false
          },
          "sensitive_attributes": [],
          "private": "bnVsbA==",
          "dependencies": [
            "module.database_crm.snowflake_database.this",
            "module.database_crm.snowflake_schema.this",
            "module.database_crm.snowflake_table.tables",
            "module.database_erp.snowflake_database.this",
            "module.database_erp.snowflake_schema.this",
            "module.database_erp.snowflake_table.tables",
            "module.database_scm.snowflake_database.this",
            "module.database_scm.snowflake_schema.this",
            "module.database_scm.snowflake_table.tables",
            "module.rbac.snowflake_account_role.object_admin"
          ]
        }
      ]
    },
    {
      "module": "module.rbac",
      "mode": "managed",
      "type": "snowflake_grant_privileges_to_account_role",
      "name": "admin_usage_warehouse",
      "provider": "provider[\"registry.terraform.io/snowflake-labs/snowflake\"]",
      "instances": [
        {
          "index_key": "CRM_CUSTOMERS",
          "schema_version": 0,
          "attributes": {
            "account_role_name": "OR_ADMIN_CRM_CUSTOMERS_PROD",
            "all_privileges": false,
            "always_apply": false,
            "always_apply_trigger": null,
            "id": "\"OR_ADMIN_CRM_CUSTOMERS_PROD\"|false|false|USAGE|OnAccountObject|WAREHOUSE|\"WH_ADMIN_PROD\"",
            "on_account": false,
            "on_account_object": [
              {
                "object_name": "WH_ADMIN_PROD",
                "object_type": "WAREHOUSE"
              }
            ],
            "on_schema": [],
            "on_schema_object": [],
            "privileges": [
              "USAGE"
            ],
            "with_grant_option": false
          },
          "sensitive_attributes": [],
          "private": "bnVsbA==",
          "dependencies": [
            "module.database_crm.snowflake_database.this",
            "module.database_crm.snowflake_schema.this",
            "module.database_crm.snowflake_table.tables",
            "module.database_erp.snowflake_database.this",
            "module.database_erp.snowflake_schema.this",
            "module.database_erp.snowflake_table.tables",
            "module.database_scm.snowflake_database.this",
            "module.database_scm.snowflake_schema.this",
            "module.database_scm.snowflake_table.tables",
            "module.rbac.snowflake_account_role.object_admin",
            "module.warehouse.snowflake_warehouse.this"
          ]
        },
        {
          "index_key": "ERP_FINANCE",
          "schema_version": 0,
          "attributes": {
            "account_role_name": "OR_ADMIN_ERP_FINANCE_PROD",
            "all_privileges": false,
            "always_apply": false,
            "always_apply_trigger": null,
            "id": "\"OR_ADMIN_ERP_FINANCE_PROD\"|false|false|USAGE|OnAccountObject|WAREHOUSE|\"WH_ADMIN_PROD\"",
            "on_account": false,
            "on_account_object": [
              {
                "object_name": "WH_ADMIN_PROD",
                "object_type": "WAREHOUSE"
              }
            ],
            "on_schema": [],
            "on_schema_object": [],
            "privileges": [
              "USAGE"
            ],
            "with_grant_option": false
          },
          "sensitive_attributes": [],
          "private": "bnVsbA==",
          "dependencies": [
            "module.database_crm.snowflake_database.this",
            "module.database_crm.snowflake_schema.this",
            "module.database_crm.snowflake_table.tables",
            "module.database_erp.snowflake_database.this",
            "module.database_erp.snowflake_schema.this",
            "module.database_erp.snowflake_table.tables",
            "module.database_scm.snowflake_database.this",
            "module.database_scm.snowflake_schema.this",
            "module.database_scm.snowflake_table.tables",
            "module.rbac.snowflake_account_role.object_admin",
            "module.warehouse.snowflake_warehouse.this"
          ]
        },
        {
          "index_key": "SCM_LOGISTICS",
          "schema_version": 0,
          "attributes": {
            "account_role_name": "OR_ADMIN_SCM_LOGISTICS_PROD",
            "all_privileges": false,
            "always_apply": false,
            "always_apply_trigger": null,
            "id": "\"OR_ADMIN_SCM_LOGISTICS_PROD\"|false|false|USAGE|OnAccountObject|WAREHOUSE|\"WH_ADMIN_PROD\"",
            "on_account": false,
            "on_account_object": [
              {
                "object_name": "WH_ADMIN_PROD",
                "object_type": "WAREHOUSE"
              }
            ],
            "on_schema": [],
            "on_schema_object": [],
            "privileges": [
              "USAGE"
            ],
            "with_grant_option": false
          },
          "sensitive_attributes": [],
          "private": "bnVsbA==",
          "dependencies": [
            "module.database_crm.snowflake_database.this",
            "module.database_crm.snowflake_schema.this",
            "module.database_crm.snowflake_table.tables",
            "module.database_erp.snowflake_database.this",
            "module.database_erp.snowflake_schema.this",
            "module.database_erp.snowflake_table.tables",
            "module.database_scm.snowflake_database.this",
            "module.database_scm.snowflake_schema.this",
            "module.database_scm.snowflake_table.tables",
            "module.rbac.snowflake_account_role.object_admin",
            "module.warehouse.snowflake_warehouse.this"
          ]
        }
      ]
    },
    {
      "module": "module.rbac",
      "mode": "managed",
      "type": "snowflake_grant_privileges_to_account_role",
      "name": "read_select_tables",
      "provider": "provider[\"registry.terraform.io/snowflake-labs/snowflake\"]",
      "instances": [
        {
          "index_key": "CRM_CUSTOMERS_CONTACTS",
          "schema_version": 0,
          "attributes": {
            "account_role_name": "OR_READ_CRM_CUSTOMERS_PROD",
            "all_privileges": false,
            "always_apply": false,
            "always_apply_trigger": null,
            "id": "\"OR_READ_CRM_CUSTOMERS_PROD\"|false|false|SELECT|OnSchemaObject|OnObject|TABLE|\"CRM_PROD\".\"CUSTOMERS\".\"CONTACTS\"",
            "on_account": false,
            "on_account_object": [],
            "on_schema": [],
            "on_schema_object": [
              {
                "all": [],
                "future": [],
                "object_name": "CRM_PROD.CUSTOMERS.CONTACTS",
                "object_type": "TABLE"
              }
            ],
            "privileges": [
              "SELECT"
            ],
            "with_grant_option": false
          },
          "sensitive_attributes": [],
          "private": "bnVsbA==",
          "dependencies": [
            "module.database_crm.snowflake_database.this",
            "module.database_crm.snowflake_schema.this",
            "module.database_crm.snowflake_table.tables",
            "module.database_erp.snowflake_database.this",
            "module.database_erp.snowflake_schema.this",
            "module.database_erp.snowflake_table.tables",
            "module.database_scm.snowflake_database.this",
            "module.database_scm.snowflake_schema.this",
            "module.database_scm.snowflake_table.tables",
            "module.rbac.snowflake_account_role.object_read"
          ]
        },
        {
          "index_key": "CRM_CUSTOMERS_OPPORTUNITIES",
          "schema_version": 0,
          "attributes": {
            "account_role_name": "OR_READ_CRM_CUSTOMERS_PROD",
            "all_privileges": false,
            "always_apply": false,
            "always_apply_trigger": null,
            "id": "\"OR_READ_CRM_CUSTOMERS_PROD\"|false|false|SELECT|OnSchemaObject|OnObject|TABLE|\"CRM_PROD\".\"CUSTOMERS\".\"OPPORTUNITIES\"",
            "on_account": false,
            "on_account_object": [],
            "on_schema": [],
            "on_schema_object": [
              {
                "all": [],
                "future": [],
                "object_name": "CRM_PROD.CUSTOMERS.OPPORTUNITIES",
                "object_type": "TABLE"
              }
            ],
            "privileges": [
              "SELECT"
            ],
            "with_grant_option": false
          },
          "sensitive_attributes": [],
          "private": "bnVsbA==",
          "dependencies": [
            "module.database_crm.snowflake_database.this",
            "module.database_crm.snowflake_schema.this",
            "module.database_crm.snowflake_table.tables",
            "module.database_erp.snowflake_database.this",
            "module.database_erp.snowflake_schema.this",
            "module.database_erp.snowflake_table.tables",
            "module.database_scm.snowflake_database.this",
            "module.database_scm.snowflake_schema.this",
            "module.database_scm.snowflake_table.tables",
            "module.rbac.snowflake_account_role.object_read"
          ]
        },
        {
          "index_key": "ERP_FINANCE_COST_CENTERS",
          "schema_version": 0,
          "attributes": {
            "account_role_name": "OR_READ_ERP_FINANCE_PROD",
            "all_privileges": false,
            "always_apply": false,
            "always_apply_trigger": null,
            "id": "\"OR_READ_ERP_FINANCE_PROD\"|false|false|SELECT|OnSchemaObject|OnObject|TABLE|\"ERP_PROD\".\"FINANCE\".\"COST_CENTERS\"",
            "on_account": false,
            "on_account_object": [],
            "on_schema": [],
            "on_schema_object": [
              {
                "all": [],
                "future": [],
                "object_name": "ERP_PROD.FINANCE.COST_CENTERS",
                "object_type": "TABLE"
              }
            ],
            "privileges": [
              "SELECT"
            ],
            "with_grant_option": false
          },
          "sensitive_attributes": [],
          "private": "bnVsbA==",
          "dependencies": [
            "module.database_crm.snowflake_database.this",
            "module.database_crm.snowflake_schema.this",
            "module.database_crm.snowflake_table.tables",
            "module.database_erp.snowflake_database.this",
            "module.database_erp.snowflake_schema.this",
            "module.database_erp.snowflake_table.tables",
            "module.database_scm.snowflake_database.this",
            "module.database_scm.snowflake_schema.this",
            "module.database_scm.snowflake_table.tables",
            "module.rbac.snowflake_account_role.object_read"
          ]
        },
        {
          "index_key": "ERP_FINANCE_INVOICES",
          "schema_version": 0,
          "attributes": {
            "account_role_name": "OR_READ_ERP_FINANCE_PROD",
            "all_privileges": false,
            "always_apply": false,
            "always_apply_trigger": null,
            "id": "\"OR_READ_ERP_FINANCE_PROD\"|false|false|SELECT|OnSchemaObject|OnObject|TABLE|\"ERP_PROD\".\"FINANCE\".\"INVOICES\"",
            "on_account": false,
            "on_account_object": [],
            "on_schema": [],
            "on_schema_object": [
              {
                "all": [],
                "future": [],
                "object_name": "ERP_PROD.FINANCE.INVOICES",
                "object_type": "TABLE"
              }
            ],
            "privileges": [
              "SELECT"
            ],
            "with_grant_option": false
          },
          "sensitive_attributes": [],
          "private": "bnVsbA==",
          "dependencies": [
            "module.database_crm.snowflake_database.this",
            "module.database_crm.snowflake_schema.this",
            "module.database_crm.snowflake_table.tables",
            "module.database_erp.snowflake_database.this",
            "module.database_erp.snowflake_schema.this",
            "module.database_erp.snowflake_table.tables",
            "module.database_scm.snowflake_database.this",
            "module.database_scm.snowflake_schema.this",
            "module.database_scm.snowflake_table.tables",
            "module.rbac.snowflake_account_role.object_read"
          ]
        },
        {
          "index_key": "SCM_LOGISTICS_SHIPMENTS",
          "schema_version": 0,
          "attributes": {
            "account_role_name": "OR_READ_SCM_LOGISTICS_PROD",
            "all_privileges": false,
            "always_apply": false,
            "always_apply_trigger": null,
            "id": "\"OR_READ_SCM_LOGISTICS_PROD\"|false|false|SELECT|OnSchemaObject|OnObject|TABLE|\"SCM_PROD\".\"LOGISTICS\".\"SHIPMENTS\"",
            "on_account": false,
            "on_account_object": [],
            "on_schema": [],
            "on_schema_object": [
              {
                "all": [],
                "future": [],
                "object_name": "SCM_PROD.LOGISTICS.SHIPMENTS",
                "object_type": "TABLE"
              }
            ],
            "privileges": [
              "SELECT"
            ],
            "with_grant_option": false
          },
          "sensitive_attributes": [],
          "private": "bnVsbA==",
          "dependencies": [
            "module.database_crm.snowflake_database.this",
            "module.database_crm.snowflake_schema.this",
            "module.database_crm.snowflake_table.tables",
            "module.database_erp.snowflake_database.this",
            "module.database_erp.snowflake_schema.this",
            "module.database_erp.snowflake_table.tables",
            "module.database_scm.snowflake_database.this",
            "module.database_scm.snowflake_schema.this",
            "module.database_scm.snowflake_table.tables",
            "module.rbac.snowflake_account_role.object_read"
          ]
        },
        {
          "index_key": "SCM_LOGISTICS_SUPPLIERS",
          "schema_version": 0,
          "attributes": {
            "account_role_name": "OR_READ_SCM_LOGISTICS_PROD",
            "all_privileges": false,
            "always_apply": false,
            "always_apply_trigger": null,
            "id": "\"OR_READ_SCM_LOGISTICS_PROD\"|false|false|SELECT|OnSchemaObject|OnObject|TABLE|\"SCM_PROD\".\"LOGISTICS\".\"SUPPLIERS\"",
            "on_account": false,
            "on_account_object": [],
            "on_schema": [],
            "on_schema_object": [
              {
                "all": [],
                "future": [],
                "object_name": "SCM_PROD.LOGISTICS.SUPPLIERS",
                "object_type": "TABLE"
              }
            ],
            "privileges": [
              "SELECT"
            ],
            "with_grant_option": false
          },
          "sensitive_attributes": [],
          "private": "bnVsbA==",
          "dependencies": [
            "module.database_crm.snowflake_database.this",
            "module.database_crm.snowflake_schema.this",
            "module.database_crm.snowflake_table.tables",
            "module.database_erp.snowflake_database.this",
            "module.database_erp.snowflake_schema.this",
            "module.database_erp.snowflake_table.tables",
            "module.database_scm.snowflake_database.this",
            "module.database_scm.snowflake_schema.this",
            "module.database_scm.snowflake_table.tables",
            "module.rbac.snowflake_account_role.object_read"
          ]
        }
      ]
    },
    {
      "module": "module.rbac",
      "mode": "managed",
      "type": "snowflake_grant_privileges_to_account_role",
      "name": "read_usage_db",
      "provider": "provider[\"registry.terraform.io/snowflake-labs/snowflake\"]",
      "instances": [
        {
          "index_key": "CRM_CUSTOMERS",
          "schema_version": 0,
          "attributes": {
            "account_role_name": "OR_READ_CRM_CUSTOMERS_PROD",
            "all_privileges": false,
            "always_apply": false,
            "always_apply_trigger": null,
            "id": "\"OR_READ_CRM_CUSTOMERS_PROD\"|false|false|USAGE|OnAccountObject|DATABASE|\"CRM_PROD\"",
            "on_account": false,
            "on_account_object": [
              {
                "object_name": "CRM_PROD",
                "object_type": "DATABASE"
              }
            ],
            "on_schema": [],
            "on_schema_object": [],
            "privileges": [
              "USAGE"
            ],
            "with_grant_option": false
          },
          "sensitive_attributes": [],
          "private": "bnVsbA==",
          "dependencies": [
            "module.database_crm.snowflake_database.this",
            "module.database_crm.snowflake_schema.this",
            "module.database_crm.snowflake_table.tables",
            "module.database_erp.snowflake_database.this",
            "module.database_erp.snowflake_schema.this",
            "module.database_erp.snowflake_table.tables",
            "module.database_scm.snowflake_database.this",
            "module.database_scm.snowflake_schema.this",
            "module.database_scm.snowflake_table.tables",
            "module.rbac.snowflake_account_role.object_read"
          ]
        },
        {
          "index_key": "ERP_FINANCE",
          "schema_version": 0,
          "attributes": {
            "account_role_name": "OR_READ_ERP_FINANCE_PROD",
            "all_privileges": false,
            "always_apply": false,
            "always_apply_trigger": null,
            "id": "\"OR_READ_ERP_FINANCE_PROD\"|false|false|USAGE|OnAccountObject|DATABASE|\"ERP_PROD\"",
            "on_account": false,
            "on_account_object": [
              {
                "object_name": "ERP_PROD",
                "object_type": "DATABASE"
              }
            ],
            "on_schema": [],
            "on_schema_object": [],
            "privileges": [
              "USAGE"
            ],
            "with_grant_option": false
          },
          "sensitive_attributes": [],
          "private": "bnVsbA==",
          "dependencies": [
            "module.database_crm.snowflake_database.this",
            "module.database_crm.snowflake_schema.this",
            "module.database_crm.snowflake_table.tables",
            "module.database_erp.snowflake_database.this",
            "module.database_erp.snowflake_schema.this",
            "module.database_erp.snowflake_table.tables",
            "module.database_scm.snowflake_database.this",
            "module.database_scm.snowflake_schema.this",
            "module.database_scm.snowflake_table.tables",
            "module.rbac.snowflake_account_role.object_read"
          ]
        },
        {
          "index_key": "SCM_LOGISTICS",
          "schema_version": 0,
          "attributes": {
            "account_role_name": "OR_READ_SCM_LOGISTICS_PROD",
            "all_privileges": false,
            "always_apply": false,
            "always_apply_trigger": null,
            "id": "\"OR_READ_SCM_LOGISTICS_PROD\"|false|false|USAGE|OnAccountObject|DATABASE|\"SCM_PROD\"",
            "on_account": false,
            "on_account_object": [
              {
                "object_name": "SCM_PROD",
                "object_type": "DATABASE"
              }
            ],
            "on_schema": [],
            "on_schema_object": [],
            "privileges": [
              "USAGE"
            ],
            "with_grant_option": false
          },
          "sensitive_attributes": [],
          "private": "bnVsbA==",
          "dependencies": [
            "module.database_crm.snowflake_database.this",
            "module.database_crm.snowflake_schema.this",
            "module.database_crm.snowflake_table.tables",
            "module.database_erp.snowflake_database.this",
            "module.database_erp.snowflake_schema.this",
            "module.database_erp.snowflake_table.tables",
            "module.database_scm.snowflake_database.this",
            "module.database_scm.snowflake_schema.this",
            "module.database_scm.snowflake_table.tables",
            "module.rbac.snowflake_account_role.object_read"
          ]
        }
      ]
    },
    {
      "module": "module.rbac",
      "mode": "managed",
      "type": "snowflake_grant_privileges_to_account_role",
      "name": "read_usage_schema",
      "provider": "provider[\"registry.terraform.io/snowflake-labs/snowflake\"]",
      "instances": [
        {
          "index_key": "CRM_CUSTOMERS",
          "schema_version": 0,
          "attributes": {
            "account_role_name": "OR_READ_CRM_CUSTOMERS_PROD",
            "all_privileges": false,
            "always_apply": false,
            "always_apply_trigger": null,
            "id": "\"OR_READ_CRM_CUSTOMERS_PROD\"|false|false|USAGE|OnSchema|OnSchema|\"CRM_PROD\".\"CUSTOMERS\"",
            "on_account": false,
            "on_account_object": [],
            "on_schema": [
              {
                "all_schemas_in_database": "",
                "future_schemas_in_database": "",
                "schema_name": "CRM_PROD.CUSTOMERS"
              }
            ],
            "on_schema_object": [],
            "privileges": [
              "USAGE"
            ],
            "with_grant_option": false
          },
          "sensitive_attributes": [],
          "private": "bnVsbA==",
          "dependencies": [
            "module.database_crm.snowflake_database.this",
            "module.database_crm.snowflake_schema.this",
            "module.database_crm.snowflake_table.tables",
            "module.database_erp.snowflake_database.this",
            "module.database_erp.snowflake_schema.this",
            "module.database_erp.snowflake_table.tables",
            "module.database_scm.snowflake_database.this",
            "module.database_scm.snowflake_schema.this",
            "module.database_scm.snowflake_table.tables",
            "module.rbac.snowflake_account_role.object_read"
          ]
        },
        {
          "index_key": "ERP_FINANCE",
          "schema_version": 0,
          "attributes": {
            "account_role_name": "OR_READ_ERP_FINANCE_PROD",
            "all_privileges": false,
            "always_apply": false,
            "always_apply_trigger": null,
            "id": "\"OR_READ_ERP_FINANCE_PROD\"|false|false|USAGE|OnSchema|OnSchema|\"ERP_PROD\".\"FINANCE\"",
            "on_account": false,
            "on_account_object": [],
            "on_schema": [
              {
                "all_schemas_in_database": "",
                "future_schemas_in_database": "",
                "schema_name": "ERP_PROD.FINANCE"
              }
            ],
            "on_schema_object": [],
            "privileges": [
              "USAGE"
            ],
            "with_grant_option": false
          },
          "sensitive_attributes": [],
          "private": "bnVsbA==",
          "dependencies": [
            "module.database_crm.snowflake_database.this",
            "module.database_crm.snowflake_schema.this",
            "module.database_crm.snowflake_table.tables",
            "module.database_erp.snowflake_database.this",
            "module.database_erp.snowflake_schema.this",
            "module.database_erp.snowflake_table.tables",
            "module.database_scm.snowflake_database.this",
            "module.database_scm.snowflake_schema.this",
            "module.database_scm.snowflake_table.tables",
            "module.rbac.snowflake_account_role.object_read"
          ]
        },
        {
          "index_key": "SCM_LOGISTICS",
          "schema_version": 0,
          "attributes": {
            "account_role_name": "OR_READ_SCM_LOGISTICS_PROD",
            "all_privileges": false,
            "always_apply": false,
            "always_apply_trigger": null,
            "id": "\"OR_READ_SCM_LOGISTICS_PROD\"|false|false|USAGE|OnSchema|OnSchema|\"SCM_PROD\".\"LOGISTICS\"",
            "on_account": false,
            "on_account_object": [],
            "on_schema": [
              {
                "all_schemas_in_database": "",
                "future_schemas_in_database": "",
                "schema_name": "SCM_PROD.LOGISTICS"
              }
            ],
            "on_schema_object": [],
            "privileges": [
              "USAGE"
            ],
            "with_grant_option": false
          },
          "sensitive_attributes": [],
          "private": "bnVsbA==",
          "dependencies": [
            "module.database_crm.snowflake_database.this",
            "module.database_crm.snowflake_schema.this",
            "module.database_crm.snowflake_table.tables",
            "module.database_erp.snowflake_database.this",
            "module.database_erp.snowflake_schema.this",
            "module.database_erp.snowflake_table.tables",
            "module.database_scm.snowflake_database.this",
            "module.database_scm.snowflake_schema.this",
            "module.database_scm.snowflake_table.tables",
            "module.rbac.snowflake_account_role.object_read"
          ]
        }
      ]
    },
    {
      "module": "module.rbac",
      "mode": "managed",
      "type": "snowflake_grant_privileges_to_account_role",
      "name": "write_dml_tables",
      "provider": "provider[\"registry.terraform.io/snowflake-labs/snowflake\"]",
      "instances": [
        {
          "index_key": "CRM_CUSTOMERS_CONTACTS",
          "schema_version": 0,
          "attributes": {
            "account_role_name": "OR_WRITE_CRM_CUSTOMERS_PROD",
            "all_privileges": false,
            "always_apply": false,
            "always_apply_trigger": null,
            "id": "\"OR_WRITE_CRM_CUSTOMERS_PROD\"|false|false|INSERT,DELETE,SELECT,UPDATE|OnSchemaObject|OnObject|TABLE|\"CRM_PROD\".\"CUSTOMERS\".\"CONTACTS\"",
            "on_account": false,
            "on_account_object": [],
            "on_schema": [],
            "on_schema_object": [
              {
                "all": [],
                "future": [],
                "object_name": "CRM_PROD.CUSTOMERS.CONTACTS",
                "object_type": "TABLE"
              }
            ],
            "privileges": [
              "DELETE",
              "INSERT",
              "SELECT",
              "UPDATE"
            ],
            "with_grant_option": false
          },
          "sensitive_attributes": [],
          "private": "bnVsbA==",
          "dependencies": [
            "module.database_crm.snowflake_database.this",
            "module.database_crm.snowflake_schema.this",
            "module.database_crm.snowflake_table.tables",
            "module.database_erp.snowflake_database.this",
            "module.database_erp.snowflake_schema.this",
            "module.database_erp.snowflake_table.tables",
            "module.database_scm.snowflake_database.this",
            "module.database_scm.snowflake_schema.this",
            "module.database_scm.snowflake_table.tables",
            "module.rbac.snowflake_account_role.object_write"
          ]
        },
        {
          "index_key": "CRM_CUSTOMERS_OPPORTUNITIES",
          "schema_version": 0,
          "attributes": {
            "account_role_name": "OR_WRITE_CRM_CUSTOMERS_PROD",
            "all_privileges": false,
            "always_apply": false,
            "always_apply_trigger": null,
            "id": "\"OR_WRITE_CRM_CUSTOMERS_PROD\"|false|false|INSERT,DELETE,SELECT,UPDATE|OnSchemaObject|OnObject|TABLE|\"CRM_PROD\".\"CUSTOMERS\".\"OPPORTUNITIES\"",
            "on_account": false,
            "on_account_object": [],
            "on_schema": [],
            "on_schema_object": [
              {
                "all": [],
                "future": [],
                "object_name": "CRM_PROD.CUSTOMERS.OPPORTUNITIES",
                "object_type": "TABLE"
              }
            ],
            "privileges": [
              "DELETE",
              "INSERT",
              "SELECT",
              "UPDATE"
            ],
            "with_grant_option": false
          },
          "sensitive_attributes": [],
          "private": "bnVsbA==",
          "dependencies": [
            "module.database_crm.snowflake_database.this",
            "module.database_crm.snowflake_schema.this",
            "module.database_crm.snowflake_table.tables",
            "module.database_erp.snowflake_database.this",
            "module.database_erp.snowflake_schema.this",
            "module.database_erp.snowflake_table.tables",
            "module.database_scm.snowflake_database.this",
            "module.database_scm.snowflake_schema.this",
            "module.database_scm.snowflake_table.tables",
            "module.rbac.snowflake_account_role.object_write"
          ]
        },
        {
          "index_key": "ERP_FINANCE_COST_CENTERS",
          "schema_version": 0,
          "attributes": {
            "account_role_name": "OR_WRITE_ERP_FINANCE_PROD",
            "all_privileges": false,
            "always_apply": false,
            "always_apply_trigger": null,
            "id": "\"OR_WRITE_ERP_FINANCE_PROD\"|false|false|INSERT,DELETE,SELECT,UPDATE|OnSchemaObject|OnObject|TABLE|\"ERP_PROD\".\"FINANCE\".\"COST_CENTERS\"",
            "on_account": false,
            "on_account_object": [],
            "on_schema": [],
            "on_schema_object": [
              {
                "all": [],
                "future": [],
                "object_name": "ERP_PROD.FINANCE.COST_CENTERS",
                "object_type": "TABLE"
              }
            ],
            "privileges": [
              "DELETE",
              "INSERT",
              "SELECT",
              "UPDATE"
            ],
            "with_grant_option": false
          },
          "sensitive_attributes": [],
          "private": "bnVsbA==",
          "dependencies": [
            "module.database_crm.snowflake_database.this",
            "module.database_crm.snowflake_schema.this",
            "module.database_crm.snowflake_table.tables",
            "module.database_erp.snowflake_database.this",
            "module.database_erp.snowflake_schema.this",
            "module.database_erp.snowflake_table.tables",
            "module.database_scm.snowflake_database.this",
            "module.database_scm.snowflake_schema.this",
            "module.database_scm.snowflake_table.tables",
            "module.rbac.snowflake_account_role.object_write"
          ]
        },
        {
          "index_key": "ERP_FINANCE_INVOICES",
          "schema_version": 0,
          "attributes": {
            "account_role_name": "OR_WRITE_ERP_FINANCE_PROD",
            "all_privileges": false,
            "always_apply": false,
            "always_apply_trigger": null,
            "id": "\"OR_WRITE_ERP_FINANCE_PROD\"|false|false|INSERT,DELETE,SELECT,UPDATE|OnSchemaObject|OnObject|TABLE|\"ERP_PROD\".\"FINANCE\".\"INVOICES\"",
            "on_account": false,
            "on_account_object": [],
            "on_schema": [],
            "on_schema_object": [
              {
                "all": [],
                "future": [],
                "object_name": "ERP_PROD.FINANCE.INVOICES",
                "object_type": "TABLE"
              }
            ],
            "privileges": [
              "DELETE",
              "INSERT",
              "SELECT",
              "UPDATE"
            ],
            "with_grant_option": false
          },
          "sensitive_attributes": [],
          "private": "bnVsbA==",
          "dependencies": [
            "module.database_crm.snowflake_database.this",
            "module.database_crm.snowflake_schema.this",
            "module.database_crm.snowflake_table.tables",
            "module.database_erp.snowflake_database.this",
            "module.database_erp.snowflake_schema.this",
            "module.database_erp.snowflake_table.tables",
            "module.database_scm.snowflake_database.this",
            "module.database_scm.snowflake_schema.this",
            "module.database_scm.snowflake_table.tables",
            "module.rbac.snowflake_account_role.object_write"
          ]
        },
        {
          "index_key": "SCM_LOGISTICS_SHIPMENTS",
          "schema_version": 0,
          "attributes": {
            "account_role_name": "OR_WRITE_SCM_LOGISTICS_PROD",
            "all_privileges": false,
            "always_apply": false,
            "always_apply_trigger": null,
            "id": "\"OR_WRITE_SCM_LOGISTICS_PROD\"|false|false|INSERT,DELETE,SELECT,UPDATE|OnSchemaObject|OnObject|TABLE|\"SCM_PROD\".\"LOGISTICS\".\"SHIPMENTS\"",
            "on_account": false,
            "on_account_object": [],
            "on_schema": [],
            "on_schema_object": [
              {
                "all": [],
                "future": [],
                "object_name": "SCM_PROD.LOGISTICS.SHIPMENTS",
                "object_type": "TABLE"
              }
            ],
            "privileges": [
              "DELETE",
              "INSERT",
              "SELECT",
              "UPDATE"
            ],
            "with_grant_option": false
          },
          "sensitive_attributes": [],
          "private": "bnVsbA==",
          "dependencies": [
            "module.database_crm.snowflake_database.this",
            "module.database_crm.snowflake_schema.this",
            "module.database_crm.snowflake_table.tables",
            "module.database_erp.snowflake_database.this",
            "module.database_erp.snowflake_schema.this",
            "module.database_erp.snowflake_table.tables",
            "module.database_scm.snowflake_database.this",
            "module.database_scm.snowflake_schema.this",
            "module.database_scm.snowflake_table.tables",
            "module.rbac.snowflake_account_role.object_write"
          ]
        },
        {
          "index_key": "SCM_LOGISTICS_SUPPLIERS",
          "schema_version": 0,
          "attributes": {
            "account_role_name": "OR_WRITE_SCM_LOGISTICS_PROD",
            "all_privileges": false,
            "always_apply": false,
            "always_apply_trigger": null,
            "id": "\"OR_WRITE_SCM_LOGISTICS_PROD\"|false|false|INSERT,DELETE,SELECT,UPDATE|OnSchemaObject|OnObject|TABLE|\"SCM_PROD\".\"LOGISTICS\".\"SUPPLIERS\"",
            "on_account": false,
            "on_account_object": [],
            "on_schema": [],
            "on_schema_object": [
              {
                "all": [],
                "future": [],
                "object_name": "SCM_PROD.LOGISTICS.SUPPLIERS",
                "object_type": "TABLE"
              }
            ],
            "privileges": [
              "DELETE",
              "INSERT",
              "SELECT",
              "UPDATE"
            ],
            "with_grant_option": false
          },
          "sensitive_attributes": [],
          "private": "bnVsbA==",
          "dependencies": [
            "module.database_crm.snowflake_database.this",
            "module.database_crm.snowflake_schema.this",
            "module.database_crm.snowflake_table.tables",
            "module.database_erp.snowflake_database.this",
            "module.database_erp.snowflake_schema.this",
            "module.database_erp.snowflake_table.tables",
            "module.database_scm.snowflake_database.this",
            "module.database_scm.snowflake_schema.this",
            "module.database_scm.snowflake_table.tables",
            "module.rbac.snowflake_account_role.object_write"
          ]
        }
      ]
    },
    {
      "module": "module.rbac",
      "mode": "managed",
      "type": "snowflake_grant_privileges_to_account_role",
      "name": "write_usage_db",
      "provider": "provider[\"registry.terraform.io/snowflake-labs/snowflake\"]",
      "instances": [
        {
          "index_key": "CRM_CUSTOMERS",
          "schema_version": 0,
          "attributes": {
            "account_role_name": "OR_WRITE_CRM_CUSTOMERS_PROD",
            "all_privileges": false,
            "always_apply": false,
            "always_apply_trigger": null,
            "id": "\"OR_WRITE_CRM_CUSTOMERS_PROD\"|false|false|USAGE|OnAccountObject|DATABASE|\"CRM_PROD\"",
            "on_account": false,
            "on_account_object": [
              {
                "object_name": "CRM_PROD",
                "object_type": "DATABASE"
              }
            ],
            "on_schema": [],
            "on_schema_object": [],
            "privileges": [
              "USAGE"
            ],
            "with_grant_option": false
          },
          "sensitive_attributes": [],
          "private": "bnVsbA==",
          "dependencies": [
            "module.database_crm.snowflake_database.this",
            "module.database_crm.snowflake_schema.this",
            "module.database_crm.snowflake_table.tables",
            "module.database_erp.snowflake_database.this",
            "module.database_erp.snowflake_schema.this",
            "module.database_erp.snowflake_table.tables",
            "module.database_scm.snowflake_database.this",
            "module.database_scm.snowflake_schema.this",
            "module.database_scm.snowflake_table.tables",
            "module.rbac.snowflake_account_role.object_write"
          ]
        },
        {
          "index_key": "ERP_FINANCE",
          "schema_version": 0,
          "attributes": {
            "account_role_name": "OR_WRITE_ERP_FINANCE_PROD",
            "all_privileges": false,
            "always_apply": false,
            "always_apply_trigger": null,
            "id": "\"OR_WRITE_ERP_FINANCE_PROD\"|false|false|USAGE|OnAccountObject|DATABASE|\"ERP_PROD\"",
            "on_account": false,
            "on_account_object": [
              {
                "object_name": "ERP_PROD",
                "object_type": "DATABASE"
              }
            ],
            "on_schema": [],
            "on_schema_object": [],
            "privileges": [
              "USAGE"
            ],
            "with_grant_option": false
          },
          "sensitive_attributes": [],
          "private": "bnVsbA==",
          "dependencies": [
            "module.database_crm.snowflake_database.this",
            "module.database_crm.snowflake_schema.this",
            "module.database_crm.snowflake_table.tables",
            "module.database_erp.snowflake_database.this",
            "module.database_erp.snowflake_schema.this",
            "module.database_erp.snowflake_table.tables",
            "module.database_scm.snowflake_database.this",
            "module.database_scm.snowflake_schema.this",
            "module.database_scm.snowflake_table.tables",
            "module.rbac.snowflake_account_role.object_write"
          ]
        },
        {
          "index_key": "SCM_LOGISTICS",
          "schema_version": 0,
          "attributes": {
            "account_role_name": "OR_WRITE_SCM_LOGISTICS_PROD",
            "all_privileges": false,
            "always_apply": false,
            "always_apply_trigger": null,
            "id": "\"OR_WRITE_SCM_LOGISTICS_PROD\"|false|false|USAGE|OnAccountObject|DATABASE|\"SCM_PROD\"",
            "on_account": false,
            "on_account_object": [
              {
                "object_name": "SCM_PROD",
                "object_type": "DATABASE"
              }
            ],
            "on_schema": [],
            "on_schema_object": [],
            "privileges": [
              "USAGE"
            ],
            "with_grant_option": false
          },
          "sensitive_attributes": [],
          "private": "bnVsbA==",
          "dependencies": [
            "module.database_crm.snowflake_database.this",
            "module.database_crm.snowflake_schema.this",
            "module.database_crm.snowflake_table.tables",
            "module.database_erp.snowflake_database.this",
            "module.database_erp.snowflake_schema.this",
            "module.database_erp.snowflake_table.tables",
            "module.database_scm.snowflake_database.this",
            "module.database_scm.snowflake_schema.this",
            "module.database_scm.snowflake_table.tables",
            "module.rbac.snowflake_account_role.object_write"
          ]
        }
      ]
    },
    {
      "module": "module.rbac",
      "mode": "managed",
      "type": "snowflake_grant_privileges_to_account_role",
      "name": "write_usage_schema",
      "provider": "provider[\"registry.terraform.io/snowflake-labs/snowflake\"]",
      "instances": [
        {
          "index_key": "CRM_CUSTOMERS",
          "schema_version": 0,
          "attributes": {
            "account_role_name": "OR_WRITE_CRM_CUSTOMERS_PROD",
            "all_privileges": false,
            "always_apply": false,
            "always_apply_trigger": null,
            "id": "\"OR_WRITE_CRM_CUSTOMERS_PROD\"|false|false|USAGE|OnSchema|OnSchema|\"CRM_PROD\".\"CUSTOMERS\"",
            "on_account": false,
            "on_account_object": [],
            "on_schema": [
              {
                "all_schemas_in_database": "",
                "future_schemas_in_database": "",
                "schema_name": "CRM_PROD.CUSTOMERS"
              }
            ],
            "on_schema_object": [],
            "privileges": [
              "USAGE"
            ],
            "with_grant_option": false
          },
          "sensitive_attributes": [],
          "private": "bnVsbA==",
          "dependencies": [
            "module.database_crm.snowflake_database.this",
            "module.database_crm.snowflake_schema.this",
            "module.database_crm.snowflake_table.tables",
            "module.database_erp.snowflake_database.this",
            "module.database_erp.snowflake_schema.this",
            "module.database_erp.snowflake_table.tables",
            "module.database_scm.snowflake_database.this",
            "module.database_scm.snowflake_schema.this",
            "module.database_scm.snowflake_table.tables",
            "module.rbac.snowflake_account_role.object_write"
          ]
        },
        {
          "index_key": "ERP_FINANCE",
          "schema_version": 0,
          "attributes": {
            "account_role_name": "OR_WRITE_ERP_FINANCE_PROD",
            "all_privileges": false,
            "always_apply": false,
            "always_apply_trigger": null,
            "id": "\"OR_WRITE_ERP_FINANCE_PROD\"|false|false|USAGE|OnSchema|OnSchema|\"ERP_PROD\".\"FINANCE\"",
            "on_account": false,
            "on_account_object": [],
            "on_schema": [
              {
                "all_schemas_in_database": "",
                "future_schemas_in_database": "",
                "schema_name": "ERP_PROD.FINANCE"
              }
            ],
            "on_schema_object": [],
            "privileges": [
              "USAGE"
            ],
            "with_grant_option": false
          },
          "sensitive_attributes": [],
          "private": "bnVsbA==",
          "dependencies": [
            "module.database_crm.snowflake_database.this",
            "module.database_crm.snowflake_schema.this",
            "module.database_crm.snowflake_table.tables",
            "module.database_erp.snowflake_database.this",
            "module.database_erp.snowflake_schema.this",
            "module.database_erp.snowflake_table.tables",
            "module.database_scm.snowflake_database.this",
            "module.database_scm.snowflake_schema.this",
            "module.database_scm.snowflake_table.tables",
            "module.rbac.snowflake_account_role.object_write"
          ]
        },
        {
          "index_key": "SCM_LOGISTICS",
          "schema_version": 0,
          "attributes": {
            "account_role_name": "OR_WRITE_SCM_LOGISTICS_PROD",
            "all_privileges": false,
            "always_apply": false,
            "always_apply_trigger": null,
            "id": "\"OR_WRITE_SCM_LOGISTICS_PROD\"|false|false|USAGE|OnSchema|OnSchema|\"SCM_PROD\".\"LOGISTICS\"",
            "on_account": false,
            "on_account_object": [],
            "on_schema": [
              {
                "all_schemas_in_database": "",
                "future_schemas_in_database": "",
                "schema_name": "SCM_PROD.LOGISTICS"
              }
            ],
            "on_schema_object": [],
            "privileges": [
              "USAGE"
            ],
            "with_grant_option": false
          },
          "sensitive_attributes": [],
          "private": "bnVsbA==",
          "dependencies": [
            "module.database_crm.snowflake_database.this",
            "module.database_crm.snowflake_schema.this",
            "module.database_crm.snowflake_table.tables",
            "module.database_erp.snowflake_database.this",
            "module.database_erp.snowflake_schema.this",
            "module.database_erp.snowflake_table.tables",
            "module.database_scm.snowflake_database.this",
            "module.database_scm.snowflake_schema.this",
            "module.database_scm.snowflake_table.tables",
            "module.rbac.snowflake_account_role.object_write"
          ]
        }
      ]
    },
    {
      "module": "module.security",
      "mode": "managed",
      "type": "snowflake_database",
      "name": "security",
      "provider": "provider[\"registry.terraform.io/snowflake-labs/snowflake\"]",
      "instances": [
        {
          "schema_version": 1,
          "attributes": {
            "catalog": "",
            "comment": "Base de datos para políticas de seguridad - Onboarding",
            "data_retention_time_in_days": 1,
            "default_ddl_collation": "",
            "drop_public_schema_on_creation": null,
            "enable_console_output": false,
            "external_volume": "",
            "fully_qualified_name": "\"ONBOARDING_SECURITY_PROD\"",
            "id": "ONBOARDING_SECURITY_PROD",
            "is_transient": false,
            "log_level": "OFF",
            "max_data_extension_time_in_days": 14,
            "name": "ONBOARDING_SECURITY_PROD",
            "quoted_identifiers_ignore_case": false,
            "replace_invalid_characters": false,
            "replication": [],
            "storage_serialization_policy": "OPTIMIZED",
            "suspend_task_after_num_failures": 10,
            "task_auto_retry_attempts": 0,
            "trace_level": "OFF",
            "user_task_managed_initial_warehouse_size": "Medium",
            "user_task_minimum_trigger_interval_in_seconds": 30,
            "user_task_timeout_ms": 3600000
          },
          "sensitive_attributes": [],
          "private": "eyJzY2hlbWFfdmVyc2lvbiI6IjEifQ=="
        }
      ]
    },
    {
      "module": "module.security",
      "mode": "managed",
      "type": "snowflake_password_policy",
      "name": "onboarding",
      "provider": "provider[\"registry.terraform.io/snowflake-labs/snowflake\"]",
      "instances": [
        {
          "schema_version": 0,
          "attributes": {
            "comment": "Política de contraseña para onboarding: min 12 caracteres, may/min/num/special, 5 intentos",
            "database": "ONBOARDING_SECURITY_PROD",
            "fully_qualified_name": "\"ONBOARDING_SECURITY_PROD\".\"POLICIES\".\"ONBOARDING_PASSWORD_POLICY\"",
            "history": 0,
            "id": "ONBOARDING_SECURITY_PROD|POLICIES|ONBOARDING_PASSWORD_POLICY",
            "if_not_exists": null,
            "lockout_time_mins": 15,
            "max_age_days": 90,
            "max_length": 256,
            "max_retries": 5,
            "min_age_days": 0,
            "min_length": 12,
            "min_lower_case_chars": 1,
            "min_numeric_chars": 1,
            "min_special_chars": 1,
            "min_upper_case_chars": 1,
            "name": "ONBOARDING_PASSWORD_POLICY",
            "or_replace": null,
            "schema": "POLICIES"
          },
          "sensitive_attributes": [],
          "private": "bnVsbA==",
          "dependencies": [
            "module.security.snowflake_database.security",
            "module.security.snowflake_schema.policies"
          ]
        }
      ]
    },
    {
      "module": "module.security",
      "mode": "managed",
      "type": "snowflake_schema",
      "name": "policies",
      "provider": "provider[\"registry.terraform.io/snowflake-labs/snowflake\"]",
      "instances": [
        {
          "schema_version": 2,
          "attributes": {
            "catalog": "",
            "comment": "Schema para password y authentication policies",
            "data_retention_time_in_days": 1,
            "database": "ONBOARDING_SECURITY_PROD",
            "default_ddl_collation": "",
            "describe_output": [],
            "enable_console_output": false,
            "external_volume": "",
            "fully_qualified_name": "\"ONBOARDING_SECURITY_PROD\".\"POLICIES\"",
            "id": "\"ONBOARDING_SECURITY_PROD\".\"POLICIES\"",
            "is_transient": "default",
            "log_level": "OFF",
            "max_data_extension_time_in_days": 14,
            "name": "POLICIES",
            "parameters": [
              {
                "catalog": [
                  {
                    "default": "",
                    "description": "Name of the catalog integration to use for iceberg tables",
                    "key": "CATALOG",
                    "level": "",
                    "value": ""
                  }
                ],
                "data_retention_time_in_days": [
                  {
                    "default": "1",
                    "description": "number of days to retain the old version of deleted/updated data",
                    "key": "DATA_RETENTION_TIME_IN_DAYS",
                    "level": "",
                    "value": "1"
                  }
                ],
                "default_ddl_collation": [
                  {
                    "default": "",
                    "description": "Collation that is used for all the new columns created by the DDL statements (if not specified)",
                    "key": "DEFAULT_DDL_COLLATION",
                    "level": "",
                    "value": ""
                  }
                ],
                "enable_console_output": [
                  {
                    "default": "false",
                    "description": "Enable stdout/stderr fast path logging for anonyous stored procs. This is a public parameter (similar to LOG_LEVEL).",
                    "key": "ENABLE_CONSOLE_OUTPUT",
                    "level": "",
                    "value": "false"
                  }
                ],
                "external_volume": [
                  {
                    "default": "",
                    "description": "Name of an external volume that will be used for persisted Iceberg metadata and data files.",
                    "key": "EXTERNAL_VOLUME",
                    "level": "",
                    "value": ""
                  }
                ],
                "log_level": [
                  {
                    "default": "OFF",
                    "description": "LOG_LEVEL to use when filtering events",
                    "key": "LOG_LEVEL",
                    "level": "",
                    "value": "OFF"
                  }
                ],
                "max_data_extension_time_in_days": [
                  {
                    "default": "14",
                    "description": "Maximum number of days to extend data retention beyond the retention period to prevent a stream becoming stale.",
                    "key": "MAX_DATA_EXTENSION_TIME_IN_DAYS",
                    "level": "",
                    "value": "14"
                  }
                ],
                "pipe_execution_paused": [
                  {
                    "default": "false",
                    "description": "Pause processing of files for a pipe",
                    "key": "PIPE_EXECUTION_PAUSED",
                    "level": "",
                    "value": "false"
                  }
                ],
                "quoted_identifiers_ignore_case": [
                  {
                    "default": "false",
                    "description": "If true, the case of quoted identifiers is ignored",
                    "key": "QUOTED_IDENTIFIERS_IGNORE_CASE",
                    "level": "",
                    "value": "false"
                  }
                ],
                "replace_invalid_characters": [
                  {
                    "default": "false",
                    "description": "Replace invalid UTF-8 characters found in Iceberg table external data files with the Unicode replacement character",
                    "key": "REPLACE_INVALID_CHARACTERS",
                    "level": "",
                    "value": "false"
                  }
                ],
                "storage_serialization_policy": [
                  {
                    "default": "OPTIMIZED",
                    "description": "Storage serialization policy used for managed Iceberg table. This include encodings and compressions",
                    "key": "STORAGE_SERIALIZATION_POLICY",
                    "level": "",
                    "value": "OPTIMIZED"
                  }
                ],
                "suspend_task_after_num_failures": [
                  {
                    "default": "10",
                    "description": "How many times a task must fail in a row before it is automatically suspended. 0 disables auto-suspending.",
                    "key": "SUSPEND_TASK_AFTER_NUM_FAILURES",
                    "level": "",
                    "value": "10"
                  }
                ],
                "task_auto_retry_attempts": [
                  {
                    "default": "0",
                    "description": "Maximum Automatic Retries Allowed For A User Task",
                    "key": "TASK_AUTO_RETRY_ATTEMPTS",
                    "level": "",
                    "value": "0"
                  }
                ],
                "trace_level": [
                  {
                    "default": "OFF",
                    "description": "Trace level value to use when generating/filtering trace events",
                    "key": "TRACE_LEVEL",
                    "level": "",
                    "value": "OFF"
                  }
                ],
                "user_task_managed_initial_warehouse_size": [
                  {
                    "default": "Medium",
                    "description": "The initial size of warehouse to use for managed warehouses in the absence of history",
                    "key": "USER_TASK_MANAGED_INITIAL_WAREHOUSE_SIZE",
                    "level": "",
                    "value": "Medium"
                  }
                ],
                "user_task_minimum_trigger_interval_in_seconds": [
                  {
                    "default": "30",
                    "description": "Minimum amount of time between Triggered Task executions in seconds",
                    "key": "USER_TASK_MINIMUM_TRIGGER_INTERVAL_IN_SECONDS",
                    "level": "",
                    "value": "30"
                  }
                ],
                "user_task_timeout_ms": [
                  {
                    "default": "3600000",
                    "description": "User task execution timeout in milliseconds",
                    "key": "USER_TASK_TIMEOUT_MS",
                    "level": "",
                    "value": "3600000"
                  }
                ]
              }
            ],
            "pipe_execution_paused": false,
            "quoted_identifiers_ignore_case": false,
            "replace_invalid_characters": false,
            "show_output": [
              {
                "comment": "Schema para password y authentication policies",
                "created_on": "2026-02-21 05:23:04.88 -0800 PST",
                "database_name": "ONBOARDING_SECURITY_PROD",
                "dropped_on": "0001-01-01 00:00:00 +0000 UTC",
                "is_current": false,
                "is_default": false,
                "name": "POLICIES",
                "options": "",
                "owner": "ACCOUNTADMIN",
                "owner_role_type": "ROLE",
                "retention_time": "1"
              }
            ],
            "storage_serialization_policy": "OPTIMIZED",
            "suspend_task_after_num_failures": 10,
            "task_auto_retry_attempts": 0,
            "trace_level": "OFF",
            "user_task_managed_initial_warehouse_size": "Medium",
            "user_task_minimum_trigger_interval_in_seconds": 30,
            "user_task_timeout_ms": 3600000,
            "with_managed_access": "default"
          },
          "sensitive_attributes": [],
          "private": "eyJzY2hlbWFfdmVyc2lvbiI6IjIifQ==",
          "dependencies": [
            "module.security.snowflake_database.security"
          ]
        }
      ]
    },
    {
      "module": "module.warehouse",
      "mode": "managed",
      "type": "snowflake_warehouse",
      "name": "this",
      "provider": "provider[\"registry.terraform.io/snowflake-labs/snowflake\"]",
      "instances": [
        {
          "index_key": "ADMIN",
          "schema_version": 1,
          "attributes": {
            "auto_resume": "default",
            "auto_suspend": 30,
            "comment": "Tareas administrativas - Onboarding",
            "enable_query_acceleration": "default",
            "fully_qualified_name": "\"WH_ADMIN_PROD\"",
            "id": "WH_ADMIN_PROD",
            "initially_suspended": true,
            "max_cluster_count": null,
            "max_concurrency_level": 8,
            "min_cluster_count": null,
            "name": "WH_ADMIN_PROD",
            "parameters": [
              {
                "max_concurrency_level": [
                  {
                    "default": "8",
                    "description": "Maximum number of SQL statements a warehouse cluster can execute concurrently before queuing them. Small SQL statements count as a fraction of 1.",
                    "key": "MAX_CONCURRENCY_LEVEL",
                    "level": "",
                    "value": "8"
                  }
                ],
                "statement_queued_timeout_in_seconds": [
                  {
                    "default": "0",
                    "description": "Timeout in seconds for queued statements: statements will automatically be canceled if they are queued on a warehouse for longer than this amount of time; disabled if set to zero.",
                    "key": "STATEMENT_QUEUED_TIMEOUT_IN_SECONDS",
                    "level": "",
                    "value": "0"
                  }
                ],
                "statement_timeout_in_seconds": [
                  {
                    "default": "172800",
                    "description": "Timeout in seconds for statements: statements are automatically canceled if they run for longer; if set to zero, max value (604800) is enforced.",
                    "key": "STATEMENT_TIMEOUT_IN_SECONDS",
                    "level": "",
                    "value": "172800"
                  }
                ]
              }
            ],
            "query_acceleration_max_scale_factor": -1,
            "resource_monitor": null,
            "scaling_policy": null,
            "show_output": [
              {
                "auto_resume": true,
                "auto_suspend": 30,
                "available": 0,
                "comment": "Tareas administrativas - Onboarding",
                "created_on": "2026-02-21 05:23:03.822 -0800 PST",
                "enable_query_acceleration": false,
                "is_current": true,
                "is_default": false,
                "max_cluster_count": 1,
                "min_cluster_count": 1,
                "name": "WH_ADMIN_PROD",
                "other": 0,
                "owner": "ACCOUNTADMIN",
                "owner_role_type": "ROLE",
                "provisioning": 0,
                "query_acceleration_max_scale_factor": 8,
                "queued": 0,
                "quiescing": 0,
                "resource_monitor": "",
                "resumed_on": "2026-02-21 05:23:03.828 -0800 PST",
                "running": 0,
                "scaling_policy": "STANDARD",
                "size": "XSMALL",
                "started_clusters": 0,
                "state": "SUSPENDED",
                "type": "STANDARD",
                "updated_on": "2026-02-21 05:23:03.866 -0800 PST"
              }
            ],
            "statement_queued_timeout_in_seconds": 0,
            "statement_timeout_in_seconds": 172800,
            "warehouse_size": "X-SMALL",
            "warehouse_type": null
          },
          "sensitive_attributes": [],
          "private": "eyJzY2hlbWFfdmVyc2lvbiI6IjEifQ=="
        },
        {
          "index_key": "ANALYTICS",
          "schema_version": 1,
          "attributes": {
            "auto_resume": "default",
            "auto_suspend": 120,
            "comment": "Consultas y dashboards - Onboarding",
            "enable_query_acceleration": "default",
            "fully_qualified_name": "\"WH_ANALYTICS_PROD\"",
            "id": "WH_ANALYTICS_PROD",
            "initially_suspended": true,
            "max_cluster_count": null,
            "max_concurrency_level": 8,
            "min_cluster_count": null,
            "name": "WH_ANALYTICS_PROD",
            "parameters": [
              {
                "max_concurrency_level": [
                  {
                    "default": "8",
                    "description": "Maximum number of SQL statements a warehouse cluster can execute concurrently before queuing them. Small SQL statements count as a fraction of 1.",
                    "key": "MAX_CONCURRENCY_LEVEL",
                    "level": "",
                    "value": "8"
                  }
                ],
                "statement_queued_timeout_in_seconds": [
                  {
                    "default": "0",
                    "description": "Timeout in seconds for queued statements: statements will automatically be canceled if they are queued on a warehouse for longer than this amount of time; disabled if set to zero.",
                    "key": "STATEMENT_QUEUED_TIMEOUT_IN_SECONDS",
                    "level": "",
                    "value": "0"
                  }
                ],
                "statement_timeout_in_seconds": [
                  {
                    "default": "172800",
                    "description": "Timeout in seconds for statements: statements are automatically canceled if they run for longer; if set to zero, max value (604800) is enforced.",
                    "key": "STATEMENT_TIMEOUT_IN_SECONDS",
                    "level": "",
                    "value": "172800"
                  }
                ]
              }
            ],
            "query_acceleration_max_scale_factor": -1,
            "resource_monitor": null,
            "scaling_policy": null,
            "show_output": [
              {
                "auto_resume": true,
                "auto_suspend": 120,
                "available": 0,
                "comment": "Consultas y dashboards - Onboarding",
                "created_on": "2026-02-21 05:23:03.619 -0800 PST",
                "enable_query_acceleration": false,
                "is_current": true,
                "is_default": false,
                "max_cluster_count": 1,
                "min_cluster_count": 1,
                "name": "WH_ANALYTICS_PROD",
                "other": 0,
                "owner": "ACCOUNTADMIN",
                "owner_role_type": "ROLE",
                "provisioning": 0,
                "query_acceleration_max_scale_factor": 8,
                "queued": 0,
                "quiescing": 0,
                "resource_monitor": "",
                "resumed_on": "2026-02-21 05:23:03.625 -0800 PST",
                "running": 0,
                "scaling_policy": "STANDARD",
                "size": "XSMALL",
                "started_clusters": 0,
                "state": "SUSPENDED",
                "type": "STANDARD",
                "updated_on": "2026-02-21 05:23:03.649 -0800 PST"
              }
            ],
            "statement_queued_timeout_in_seconds": 0,
            "statement_timeout_in_seconds": 172800,
            "warehouse_size": "X-SMALL",
            "warehouse_type": null
          },
          "sensitive_attributes": [],
          "private": "eyJzY2hlbWFfdmVyc2lvbiI6IjEifQ=="
        },
        {
          "index_key": "INGESTION",
          "schema_version": 1,
          "attributes": {
            "auto_resume": "default",
            "auto_suspend": 60,
            "comment": "Cargas ETL - Onboarding",
            "enable_query_acceleration": "default",
            "fully_qualified_name": "\"WH_INGESTION_PROD\"",
            "id": "WH_INGESTION_PROD",
            "initially_suspended": true,
            "max_cluster_count": null,
            "max_concurrency_level": 8,
            "min_cluster_count": null,
            "name": "WH_INGESTION_PROD",
            "parameters": [
              {
                "max_concurrency_level": [
                  {
                    "default": "8",
                    "description": "Maximum number of SQL statements a warehouse cluster can execute concurrently before queuing them. Small SQL statements count as a fraction of 1.",
                    "key": "MAX_CONCURRENCY_LEVEL",
                    "level": "",
                    "value": "8"
                  }
                ],
                "statement_queued_timeout_in_seconds": [
                  {
                    "default": "0",
                    "description": "Timeout in seconds for queued statements: statements will automatically be canceled if they are queued on a warehouse for longer than this amount of time; disabled if set to zero.",
                    "key": "STATEMENT_QUEUED_TIMEOUT_IN_SECONDS",
                    "level": "",
                    "value": "0"
                  }
                ],
                "statement_timeout_in_seconds": [
                  {
                    "default": "172800",
                    "description": "Timeout in seconds for statements: statements are automatically canceled if they run for longer; if set to zero, max value (604800) is enforced.",
                    "key": "STATEMENT_TIMEOUT_IN_SECONDS",
                    "level": "",
                    "value": "172800"
                  }
                ]
              }
            ],
            "query_acceleration_max_scale_factor": -1,
            "resource_monitor": null,
            "scaling_policy": null,
            "show_output": [
              {
                "auto_resume": true,
                "auto_suspend": 60,
                "available": 0,
                "comment": "Cargas ETL - Onboarding",
                "created_on": "2026-02-21 05:23:03.895 -0800 PST",
                "enable_query_acceleration": false,
                "is_current": true,
                "is_default": false,
                "max_cluster_count": 1,
                "min_cluster_count": 1,
                "name": "WH_INGESTION_PROD",
                "other": 0,
                "owner": "ACCOUNTADMIN",
                "owner_role_type": "ROLE",
                "provisioning": 0,
                "query_acceleration_max_scale_factor": 8,
                "queued": 0,
                "quiescing": 0,
                "resource_monitor": "",
                "resumed_on": "2026-02-21 05:23:03.903 -0800 PST",
                "running": 0,
                "scaling_policy": "STANDARD",
                "size": "XSMALL",
                "started_clusters": 0,
                "state": "SUSPENDED",
                "type": "STANDARD",
                "updated_on": "2026-02-21 05:23:03.927 -0800 PST"
              }
            ],
            "statement_queued_timeout_in_seconds": 0,
            "statement_timeout_in_seconds": 172800,
            "warehouse_size": "X-SMALL",
            "warehouse_type": null
          },
          "sensitive_attributes": [],
          "private": "eyJzY2hlbWFfdmVyc2lvbiI6IjEifQ=="
        }
      ]
    }
  ],
  "check_results": null
}
