{
  "version": 4,
  "terraform_version": "1.5.7",
  "serial": 139,
  "lineage": "48c233a7-6b19-f4f8-9cdb-19a037a17fee",
  "outputs": {},
  "resources": [
    {
      "module": "module.database_crm",
      "mode": "managed",
      "type": "snowflake_database",
      "name": "this",
      "provider": "provider[\"registry.terraform.io/snowflake-labs/snowflake\"]",
      "instances": [
        {
          "schema_version": 1,
          "attributes": {
            "catalog": "",
            "comment": "CRM - Clientes - Onboarding",
            "data_retention_time_in_days": 1,
            "default_ddl_collation": "",
            "drop_public_schema_on_creation": null,
            "enable_console_output": false,
            "external_volume": "",
            "fully_qualified_name": "\"CRM_DEV\"",
            "id": "CRM_DEV",
            "is_transient": false,
            "log_level": "OFF",
            "max_data_extension_time_in_days": 14,
            "name": "CRM_DEV",
            "quoted_identifiers_ignore_case": false,
            "replace_invalid_characters": false,
            "replication": [],
            "storage_serialization_policy": "OPTIMIZED",
            "suspend_task_after_num_failures": 10,
            "task_auto_retry_attempts": 0,
            "trace_level": "OFF",
            "user_task_managed_initial_warehouse_size": "Medium",
            "user_task_minimum_trigger_interval_in_seconds": 30,
            "user_task_timeout_ms": 3600000
          },
          "sensitive_attributes": [],
          "private": "eyJzY2hlbWFfdmVyc2lvbiI6IjEifQ=="
        }
      ]
    },
    {
      "module": "module.database_crm",
      "mode": "managed",
      "type": "snowflake_schema",
      "name": "this",
      "provider": "provider[\"registry.terraform.io/snowflake-labs/snowflake\"]",
      "instances": [
        {
          "schema_version": 2,
          "attributes": {
            "catalog": "",
            "comment": "Schema CUSTOMERS en CRM_DEV - Onboarding",
            "data_retention_time_in_days": 1,
            "database": "CRM_DEV",
            "default_ddl_collation": "",
            "describe_output": [
              {
                "created_on": "2026-02-21 05:00:59.456 -0800 PST",
                "kind": "TABLE",
                "name": "CONTACTS"
              },
              {
                "created_on": "2026-02-21 05:00:59.457 -0800 PST",
                "kind": "TABLE",
                "name": "OPPORTUNITIES"
              }
            ],
            "enable_console_output": false,
            "external_volume": "",
            "fully_qualified_name": "\"CRM_DEV\".\"CUSTOMERS\"",
            "id": "\"CRM_DEV\".\"CUSTOMERS\"",
            "is_transient": "default",
            "log_level": "OFF",
            "max_data_extension_time_in_days": 14,
            "name": "CUSTOMERS",
            "parameters": [
              {
                "catalog": [
                  {
                    "default": "",
                    "description": "Name of the catalog integration to use for iceberg tables",
                    "key": "CATALOG",
                    "level": "",
                    "value": ""
                  }
                ],
                "data_retention_time_in_days": [
                  {
                    "default": "1",
                    "description": "number of days to retain the old version of deleted/updated data",
                    "key": "DATA_RETENTION_TIME_IN_DAYS",
                    "level": "DATABASE",
                    "value": "1"
                  }
                ],
                "default_ddl_collation": [
                  {
                    "default": "",
                    "description": "Collation that is used for all the new columns created by the DDL statements (if not specified)",
                    "key": "DEFAULT_DDL_COLLATION",
                    "level": "",
                    "value": ""
                  }
                ],
                "enable_console_output": [
                  {
                    "default": "false",
                    "description": "Enable stdout/stderr fast path logging for anonyous stored procs. This is a public parameter (similar to LOG_LEVEL).",
                    "key": "ENABLE_CONSOLE_OUTPUT",
                    "level": "",
                    "value": "false"
                  }
                ],
                "external_volume": [
                  {
                    "default": "",
                    "description": "Name of an external volume that will be used for persisted Iceberg metadata and data files.",
                    "key": "EXTERNAL_VOLUME",
                    "level": "",
                    "value": ""
                  }
                ],
                "log_level": [
                  {
                    "default": "OFF",
                    "description": "LOG_LEVEL to use when filtering events",
                    "key": "LOG_LEVEL",
                    "level": "",
                    "value": "OFF"
                  }
                ],
                "max_data_extension_time_in_days": [
                  {
                    "default": "14",
                    "description": "Maximum number of days to extend data retention beyond the retention period to prevent a stream becoming stale.",
                    "key": "MAX_DATA_EXTENSION_TIME_IN_DAYS",
                    "level": "",
                    "value": "14"
                  }
                ],
                "pipe_execution_paused": [
                  {
                    "default": "false",
                    "description": "Pause processing of files for a pipe",
                    "key": "PIPE_EXECUTION_PAUSED",
                    "level": "",
                    "value": "false"
                  }
                ],
                "quoted_identifiers_ignore_case": [
                  {
                    "default": "false",
                    "description": "If true, the case of quoted identifiers is ignored",
                    "key": "QUOTED_IDENTIFIERS_IGNORE_CASE",
                    "level": "",
                    "value": "false"
                  }
                ],
                "replace_invalid_characters": [
                  {
                    "default": "false",
                    "description": "Replace invalid UTF-8 characters found in Iceberg table external data files with the Unicode replacement character",
                    "key": "REPLACE_INVALID_CHARACTERS",
                    "level": "",
                    "value": "false"
                  }
                ],
                "storage_serialization_policy": [
                  {
                    "default": "OPTIMIZED",
                    "description": "Storage serialization policy used for managed Iceberg table. This include encodings and compressions",
                    "key": "STORAGE_SERIALIZATION_POLICY",
                    "level": "",
                    "value": "OPTIMIZED"
                  }
                ],
                "suspend_task_after_num_failures": [
                  {
                    "default": "10",
                    "description": "How many times a task must fail in a row before it is automatically suspended. 0 disables auto-suspending.",
                    "key": "SUSPEND_TASK_AFTER_NUM_FAILURES",
                    "level": "",
                    "value": "10"
                  }
                ],
                "task_auto_retry_attempts": [
                  {
                    "default": "0",
                    "description": "Maximum Automatic Retries Allowed For A User Task",
                    "key": "TASK_AUTO_RETRY_ATTEMPTS",
                    "level": "",
                    "value": "0"
                  }
                ],
                "trace_level": [
                  {
                    "default": "OFF",
                    "description": "Trace level value to use when generating/filtering trace events",
                    "key": "TRACE_LEVEL",
                    "level": "",
                    "value": "OFF"
                  }
                ],
                "user_task_managed_initial_warehouse_size": [
                  {
                    "default": "Medium",
                    "description": "The initial size of warehouse to use for managed warehouses in the absence of history",
                    "key": "USER_TASK_MANAGED_INITIAL_WAREHOUSE_SIZE",
                    "level": "",
                    "value": "Medium"
                  }
                ],
                "user_task_minimum_trigger_interval_in_seconds": [
                  {
                    "default": "30",
                    "description": "Minimum amount of time between Triggered Task executions in seconds",
                    "key": "USER_TASK_MINIMUM_TRIGGER_INTERVAL_IN_SECONDS",
                    "level": "",
                    "value": "30"
                  }
                ],
                "user_task_timeout_ms": [
                  {
                    "default": "3600000",
                    "description": "User task execution timeout in milliseconds",
                    "key": "USER_TASK_TIMEOUT_MS",
                    "level": "",
                    "value": "3600000"
                  }
                ]
              }
            ],
            "pipe_execution_paused": false,
            "quoted_identifiers_ignore_case": false,
            "replace_invalid_characters": false,
            "show_output": [
              {
                "comment": "Schema CUSTOMERS en CRM_DEV - Onboarding",
                "created_on": "2026-02-21 05:00:57.619 -0800 PST",
                "database_name": "CRM_DEV",
                "dropped_on": "0001-01-01 00:00:00 +0000 UTC",
                "is_current": false,
                "is_default": false,
                "name": "CUSTOMERS",
                "options": "",
                "owner": "ACCOUNTADMIN",
                "owner_role_type": "ROLE",
                "retention_time": "1"
              }
            ],
            "storage_serialization_policy": "OPTIMIZED",
            "suspend_task_after_num_failures": 10,
            "task_auto_retry_attempts": 0,
            "trace_level": "OFF",
            "user_task_managed_initial_warehouse_size": "Medium",
            "user_task_minimum_trigger_interval_in_seconds": 30,
            "user_task_timeout_ms": 3600000,
            "with_managed_access": "default"
          },
          "sensitive_attributes": [],
          "private": "eyJzY2hlbWFfdmVyc2lvbiI6IjIifQ==",
          "dependencies": [
            "module.database_crm.snowflake_database.this"
          ]
        }
      ]
    },
    {
      "module": "module.database_crm",
      "mode": "managed",
      "type": "snowflake_table",
      "name": "tables",
      "provider": "provider[\"registry.terraform.io/snowflake-labs/snowflake\"]",
      "instances": [
        {
          "index_key": "CONTACTS",
          "schema_version": 0,
          "attributes": {
            "change_tracking": false,
            "cluster_by": [],
            "column": [
              {
                "collate": "",
                "comment": "",
                "default": [],
                "identity": [],
                "masking_policy": "",
                "name": "ID",
                "nullable": true,
                "schema_evolution_record": "",
                "type": "NUMBER(38,0)"
              },
              {
                "collate": "",
                "comment": "",
                "default": [],
                "identity": [],
                "masking_policy": "",
                "name": "FIRST_NAME",
                "nullable": true,
                "schema_evolution_record": "",
                "type": "VARCHAR(50)"
              },
              {
                "collate": "",
                "comment": "",
                "default": [],
                "identity": [],
                "masking_policy": "",
                "name": "LAST_NAME",
                "nullable": true,
                "schema_evolution_record": "",
                "type": "VARCHAR(50)"
              },
              {
                "collate": "",
                "comment": "",
                "default": [],
                "identity": [],
                "masking_policy": "",
                "name": "EMAIL",
                "nullable": true,
                "schema_evolution_record": "",
                "type": "VARCHAR(100)"
              },
              {
                "collate": "",
                "comment": "",
                "default": [],
                "identity": [],
                "masking_policy": "",
                "name": "PHONE",
                "nullable": true,
                "schema_evolution_record": "",
                "type": "VARCHAR(20)"
              },
              {
                "collate": "",
                "comment": "",
                "default": [],
                "identity": [],
                "masking_policy": "",
                "name": "COUNTRY",
                "nullable": true,
                "schema_evolution_record": "",
                "type": "VARCHAR(50)"
              },
              {
                "collate": "",
                "comment": "",
                "default": [],
                "identity": [],
                "masking_policy": "",
                "name": "CREATED_AT",
                "nullable": true,
                "schema_evolution_record": "",
                "type": "TIMESTAMP_NTZ(9)"
              }
            ],
            "comment": "Tabla CONTACTS - CRM_DEV.CUSTOMERS",
            "data_retention_time_in_days": -1,
            "database": "CRM_DEV",
            "fully_qualified_name": "\"CRM_DEV\".\"CUSTOMERS\".\"CONTACTS\"",
            "id": "CRM_DEV|CUSTOMERS|CONTACTS",
            "name": "CONTACTS",
            "owner": "ACCOUNTADMIN",
            "primary_key": [],
            "schema": "CUSTOMERS",
            "tag": []
          },
          "sensitive_attributes": [],
          "private": "bnVsbA==",
          "dependencies": [
            "module.database_crm.snowflake_database.this",
            "module.database_crm.snowflake_schema.this"
          ]
        },
        {
          "index_key": "OPPORTUNITIES",
          "schema_version": 0,
          "attributes": {
            "change_tracking": false,
            "cluster_by": [],
            "column": [
              {
                "collate": "",
                "comment": "",
                "default": [],
                "identity": [],
                "masking_policy": "",
                "name": "ID",
                "nullable": true,
                "schema_evolution_record": "",
                "type": "NUMBER(38,0)"
              },
              {
                "collate": "",
                "comment": "",
                "default": [],
                "identity": [],
                "masking_policy": "",
                "name": "NAME",
                "nullable": true,
                "schema_evolution_record": "",
                "type": "VARCHAR(200)"
              },
              {
                "collate": "",
                "comment": "",
                "default": [],
                "identity": [],
                "masking_policy": "",
                "name": "AMOUNT",
                "nullable": true,
                "schema_evolution_record": "",
                "type": "NUMBER(18,2)"
              },
              {
                "collate": "",
                "comment": "",
                "default": [],
                "identity": [],
                "masking_policy": "",
                "name": "STAGE",
                "nullable": true,
                "schema_evolution_record": "",
                "type": "VARCHAR(50)"
              },
              {
                "collate": "",
                "comment": "",
                "default": [],
                "identity": [],
                "masking_policy": "",
                "name": "CLOSE_DATE",
                "nullable": true,
                "schema_evolution_record": "",
                "type": "DATE"
              },
              {
                "collate": "",
                "comment": "",
                "default": [],
                "identity": [],
                "masking_policy": "",
                "name": "CONTACT_ID",
                "nullable": true,
                "schema_evolution_record": "",
                "type": "NUMBER(38,0)"
              }
            ],
            "comment": "Tabla OPPORTUNITIES - CRM_DEV.CUSTOMERS",
            "data_retention_time_in_days": -1,
            "database": "CRM_DEV",
            "fully_qualified_name": "\"CRM_DEV\".\"CUSTOMERS\".\"OPPORTUNITIES\"",
            "id": "CRM_DEV|CUSTOMERS|OPPORTUNITIES",
            "name": "OPPORTUNITIES",
            "owner": "ACCOUNTADMIN",
            "primary_key": [],
            "schema": "CUSTOMERS",
            "tag": []
          },
          "sensitive_attributes": [],
          "private": "bnVsbA==",
          "dependencies": [
            "module.database_crm.snowflake_database.this",
            "module.database_crm.snowflake_schema.this"
          ]
        }
      ]
    },
    {
      "module": "module.database_erp",
      "mode": "managed",
      "type": "snowflake_database",
      "name": "this",
      "provider": "provider[\"registry.terraform.io/snowflake-labs/snowflake\"]",
      "instances": [
        {
          "schema_version": 1,
          "attributes": {
            "catalog": "",
            "comment": "ERP - Finanzas - Onboarding",
            "data_retention_time_in_days": 1,
            "default_ddl_collation": "",
            "drop_public_schema_on_creation": null,
            "enable_console_output": false,
            "external_volume": "",
            "fully_qualified_name": "\"ERP_DEV\"",
            "id": "ERP_DEV",
            "is_transient": false,
            "log_level": "OFF",
            "max_data_extension_time_in_days": 14,
            "name": "ERP_DEV",
            "quoted_identifiers_ignore_case": false,
            "replace_invalid_characters": false,
            "replication": [],
            "storage_serialization_policy": "OPTIMIZED",
            "suspend_task_after_num_failures": 10,
            "task_auto_retry_attempts": 0,
            "trace_level": "OFF",
            "user_task_managed_initial_warehouse_size": "Medium",
            "user_task_minimum_trigger_interval_in_seconds": 30,
            "user_task_timeout_ms": 3600000
          },
          "sensitive_attributes": [],
          "private": "eyJzY2hlbWFfdmVyc2lvbiI6IjEifQ=="
        }
      ]
    },
    {
      "module": "module.database_erp",
      "mode": "managed",
      "type": "snowflake_schema",
      "name": "this",
      "provider": "provider[\"registry.terraform.io/snowflake-labs/snowflake\"]",
      "instances": [
        {
          "schema_version": 2,
          "attributes": {
            "catalog": "",
            "comment": "Schema FINANCE en ERP_DEV - Onboarding",
            "data_retention_time_in_days": 1,
            "database": "ERP_DEV",
            "default_ddl_collation": "",
            "describe_output": [
              {
                "created_on": "2026-02-21 05:00:59.042 -0800 PST",
                "kind": "TABLE",
                "name": "COST_CENTERS"
              },
              {
                "created_on": "2026-02-21 05:00:58.95 -0800 PST",
                "kind": "TABLE",
                "name": "INVOICES"
              }
            ],
            "enable_console_output": false,
            "external_volume": "",
            "fully_qualified_name": "\"ERP_DEV\".\"FINANCE\"",
            "id": "\"ERP_DEV\".\"FINANCE\"",
            "is_transient": "default",
            "log_level": "OFF",
            "max_data_extension_time_in_days": 14,
            "name": "FINANCE",
            "parameters": [
              {
                "catalog": [
                  {
                    "default": "",
                    "description": "Name of the catalog integration to use for iceberg tables",
                    "key": "CATALOG",
                    "level": "",
                    "value": ""
                  }
                ],
                "data_retention_time_in_days": [
                  {
                    "default": "1",
                    "description": "number of days to retain the old version of deleted/updated data",
                    "key": "DATA_RETENTION_TIME_IN_DAYS",
                    "level": "DATABASE",
                    "value": "1"
                  }
                ],
                "default_ddl_collation": [
                  {
                    "default": "",
                    "description": "Collation that is used for all the new columns created by the DDL statements (if not specified)",
                    "key": "DEFAULT_DDL_COLLATION",
                    "level": "",
                    "value": ""
                  }
                ],
                "enable_console_output": [
                  {
                    "default": "false",
                    "description": "Enable stdout/stderr fast path logging for anonyous stored procs. This is a public parameter (similar to LOG_LEVEL).",
                    "key": "ENABLE_CONSOLE_OUTPUT",
                    "level": "",
                    "value": "false"
                  }
                ],
                "external_volume": [
                  {
                    "default": "",
                    "description": "Name of an external volume that will be used for persisted Iceberg metadata and data files.",
                    "key": "EXTERNAL_VOLUME",
                    "level": "",
                    "value": ""
                  }
                ],
                "log_level": [
                  {
                    "default": "OFF",
                    "description": "LOG_LEVEL to use when filtering events",
                    "key": "LOG_LEVEL",
                    "level": "",
                    "value": "OFF"
                  }
                ],
                "max_data_extension_time_in_days": [
                  {
                    "default": "14",
                    "description": "Maximum number of days to extend data retention beyond the retention period to prevent a stream becoming stale.",
                    "key": "MAX_DATA_EXTENSION_TIME_IN_DAYS",
                    "level": "",
                    "value": "14"
                  }
                ],
                "pipe_execution_paused": [
                  {
                    "default": "false",
                    "description": "Pause processing of files for a pipe",
                    "key": "PIPE_EXECUTION_PAUSED",
                    "level": "",
                    "value": "false"
                  }
                ],
                "quoted_identifiers_ignore_case": [
                  {
                    "default": "false",
                    "description": "If true, the case of quoted identifiers is ignored",
                    "key": "QUOTED_IDENTIFIERS_IGNORE_CASE",
                    "level": "",
                    "value": "false"
                  }
                ],
                "replace_invalid_characters": [
                  {
                    "default": "false",
                    "description": "Replace invalid UTF-8 characters found in Iceberg table external data files with the Unicode replacement character",
                    "key": "REPLACE_INVALID_CHARACTERS",
                    "level": "",
                    "value": "false"
                  }
                ],
                "storage_serialization_policy": [
                  {
                    "default": "OPTIMIZED",
                    "description": "Storage serialization policy used for managed Iceberg table. This include encodings and compressions",
                    "key": "STORAGE_SERIALIZATION_POLICY",
                    "level": "",
                    "value": "OPTIMIZED"
                  }
                ],
                "suspend_task_after_num_failures": [
                  {
                    "default": "10",
                    "description": "How many times a task must fail in a row before it is automatically suspended. 0 disables auto-suspending.",
                    "key": "SUSPEND_TASK_AFTER_NUM_FAILURES",
                    "level": "",
                    "value": "10"
                  }
                ],
                "task_auto_retry_attempts": [
                  {
                    "default": "0",
                    "description": "Maximum Automatic Retries Allowed For A User Task",
                    "key": "TASK_AUTO_RETRY_ATTEMPTS",
                    "level": "",
                    "value": "0"
                  }
                ],
                "trace_level": [
                  {
                    "default": "OFF",
                    "description": "Trace level value to use when generating/filtering trace events",
                    "key": "TRACE_LEVEL",
                    "level": "",
                    "value": "OFF"
                  }
                ],
                "user_task_managed_initial_warehouse_size": [
                  {
                    "default": "Medium",
                    "description": "The initial size of warehouse to use for managed warehouses in the absence of history",
                    "key": "USER_TASK_MANAGED_INITIAL_WAREHOUSE_SIZE",
                    "level": "",
                    "value": "Medium"
                  }
                ],
                "user_task_minimum_trigger_interval_in_seconds": [
                  {
                    "default": "30",
                    "description": "Minimum amount of time between Triggered Task executions in seconds",
                    "key": "USER_TASK_MINIMUM_TRIGGER_INTERVAL_IN_SECONDS",
                    "level": "",
                    "value": "30"
                  }
                ],
                "user_task_timeout_ms": [
                  {
                    "default": "3600000",
                    "description": "User task execution timeout in milliseconds",
                    "key": "USER_TASK_TIMEOUT_MS",
                    "level": "",
                    "value": "3600000"
                  }
                ]
              }
            ],
            "pipe_execution_paused": false,
            "quoted_identifiers_ignore_case": false,
            "replace_invalid_characters": false,
            "show_output": [
              {
                "comment": "Schema FINANCE en ERP_DEV - Onboarding",
                "created_on": "2026-02-21 05:00:57.619 -0800 PST",
                "database_name": "ERP_DEV",
                "dropped_on": "0001-01-01 00:00:00 +0000 UTC",
                "is_current": false,
                "is_default": false,
                "name": "FINANCE",
                "options": "",
                "owner": "ACCOUNTADMIN",
                "owner_role_type": "ROLE",
                "retention_time": "1"
              }
            ],
            "storage_serialization_policy": "OPTIMIZED",
            "suspend_task_after_num_failures": 10,
            "task_auto_retry_attempts": 0,
            "trace_level": "OFF",
            "user_task_managed_initial_warehouse_size": "Medium",
            "user_task_minimum_trigger_interval_in_seconds": 30,
            "user_task_timeout_ms": 3600000,
            "with_managed_access": "default"
          },
          "sensitive_attributes": [],
          "private": "eyJzY2hlbWFfdmVyc2lvbiI6IjIifQ==",
          "dependencies": [
            "module.database_erp.snowflake_database.this"
          ]
        }
      ]
    },
    {
      "module": "module.database_erp",
      "mode": "managed",
      "type": "snowflake_table",
      "name": "tables",
      "provider": "provider[\"registry.terraform.io/snowflake-labs/snowflake\"]",
      "instances": [
        {
          "index_key": "COST_CENTERS",
          "schema_version": 0,
          "attributes": {
            "change_tracking": false,
            "cluster_by": [],
            "column": [
              {
                "collate": "",
                "comment": "",
                "default": [],
                "identity": [],
                "masking_policy": "",
                "name": "ID",
                "nullable": true,
                "schema_evolution_record": "",
                "type": "NUMBER(38,0)"
              },
              {
                "collate": "",
                "comment": "",
                "default": [],
                "identity": [],
                "masking_policy": "",
                "name": "CODE",
                "nullable": true,
                "schema_evolution_record": "",
                "type": "VARCHAR(20)"
              },
              {
                "collate": "",
                "comment": "",
                "default": [],
                "identity": [],
                "masking_policy": "",
                "name": "NAME",
                "nullable": true,
                "schema_evolution_record": "",
                "type": "VARCHAR(100)"
              },
              {
                "collate": "",
                "comment": "",
                "default": [],
                "identity": [],
                "masking_policy": "",
                "name": "DEPARTMENT",
                "nullable": true,
                "schema_evolution_record": "",
                "type": "VARCHAR(50)"
              },
              {
                "collate": "",
                "comment": "",
                "default": [],
                "identity": [],
                "masking_policy": "",
                "name": "BUDGET",
                "nullable": true,
                "schema_evolution_record": "",
                "type": "NUMBER(18,2)"
              },
              {
                "collate": "",
                "comment": "",
                "default": [],
                "identity": [],
                "masking_policy": "",
                "name": "ACTIVE",
                "nullable": true,
                "schema_evolution_record": "",
                "type": "BOOLEAN"
              }
            ],
            "comment": "Tabla COST_CENTERS - ERP_DEV.FINANCE",
            "data_retention_time_in_days": -1,
            "database": "ERP_DEV",
            "fully_qualified_name": "\"ERP_DEV\".\"FINANCE\".\"COST_CENTERS\"",
            "id": "ERP_DEV|FINANCE|COST_CENTERS",
            "name": "COST_CENTERS",
            "owner": "ACCOUNTADMIN",
            "primary_key": [],
            "schema": "FINANCE",
            "tag": []
          },
          "sensitive_attributes": [],
          "private": "bnVsbA==",
          "dependencies": [
            "module.database_erp.snowflake_database.this",
            "module.database_erp.snowflake_schema.this"
          ]
        },
        {
          "index_key": "INVOICES",
          "schema_version": 0,
          "attributes": {
            "change_tracking": false,
            "cluster_by": [],
            "column": [
              {
                "collate": "",
                "comment": "",
                "default": [],
                "identity": [],
                "masking_policy": "",
                "name": "ID",
                "nullable": true,
                "schema_evolution_record": "",
                "type": "NUMBER(38,0)"
              },
              {
                "collate": "",
                "comment": "",
                "default": [],
                "identity": [],
                "masking_policy": "",
                "name": "INVOICE_NUMBER",
                "nullable": true,
                "schema_evolution_record": "",
                "type": "VARCHAR(50)"
              },
              {
                "collate": "",
                "comment": "",
                "default": [],
                "identity": [],
                "masking_policy": "",
                "name": "AMOUNT",
                "nullable": true,
                "schema_evolution_record": "",
                "type": "NUMBER(18,2)"
              },
              {
                "collate": "",
                "comment": "",
                "default": [],
                "identity": [],
                "masking_policy": "",
                "name": "CURRENCY",
                "nullable": true,
                "schema_evolution_record": "",
                "type": "VARCHAR(3)"
              },
              {
                "collate": "",
                "comment": "",
                "default": [],
                "identity": [],
                "masking_policy": "",
                "name": "STATUS",
                "nullable": true,
                "schema_evolution_record": "",
                "type": "VARCHAR(20)"
              },
              {
                "collate": "",
                "comment": "",
                "default": [],
                "identity": [],
                "masking_policy": "",
                "name": "CREATED_AT",
                "nullable": true,
                "schema_evolution_record": "",
                "type": "TIMESTAMP_NTZ(9)"
              }
            ],
            "comment": "Tabla INVOICES - ERP_DEV.FINANCE",
            "data_retention_time_in_days": -1,
            "database": "ERP_DEV",
            "fully_qualified_name": "\"ERP_DEV\".\"FINANCE\".\"INVOICES\"",
            "id": "ERP_DEV|FINANCE|INVOICES",
            "name": "INVOICES",
            "owner": "ACCOUNTADMIN",
            "primary_key": [],
            "schema": "FINANCE",
            "tag": []
          },
          "sensitive_attributes": [],
          "private": "bnVsbA==",
          "dependencies": [
            "module.database_erp.snowflake_database.this",
            "module.database_erp.snowflake_schema.this"
          ]
        }
      ]
    },
    {
      "module": "module.database_scm",
      "mode": "managed",
      "type": "snowflake_database",
      "name": "this",
      "provider": "provider[\"registry.terraform.io/snowflake-labs/snowflake\"]",
      "instances": [
        {
          "schema_version": 1,
          "attributes": {
            "catalog": "",
            "comment": "SCM - Logística - Onboarding",
            "data_retention_time_in_days": 1,
            "default_ddl_collation": "",
            "drop_public_schema_on_creation": null,
            "enable_console_output": false,
            "external_volume": "",
            "fully_qualified_name": "\"SCM_DEV\"",
            "id": "SCM_DEV",
            "is_transient": false,
            "log_level": "OFF",
            "max_data_extension_time_in_days": 14,
            "name": "SCM_DEV",
            "quoted_identifiers_ignore_case": false,
            "replace_invalid_characters": false,
            "replication": [],
            "storage_serialization_policy": "OPTIMIZED",
            "suspend_task_after_num_failures": 10,
            "task_auto_retry_attempts": 0,
            "trace_level": "OFF",
            "user_task_managed_initial_warehouse_size": "Medium",
            "user_task_minimum_trigger_interval_in_seconds": 30,
            "user_task_timeout_ms": 3600000
          },
          "sensitive_attributes": [],
          "private": "eyJzY2hlbWFfdmVyc2lvbiI6IjEifQ=="
        }
      ]
    },
    {
      "module": "module.database_scm",
      "mode": "managed",
      "type": "snowflake_schema",
      "name": "this",
      "provider": "provider[\"registry.terraform.io/snowflake-labs/snowflake\"]",
      "instances": [
        {
          "schema_version": 2,
          "attributes": {
            "catalog": "",
            "comment": "Schema LOGISTICS en SCM_DEV - Onboarding",
            "data_retention_time_in_days": 1,
            "database": "SCM_DEV",
            "default_ddl_collation": "",
            "describe_output": [
              {
                "created_on": "2026-02-21 05:00:59.388 -0800 PST",
                "kind": "TABLE",
                "name": "SHIPMENTS"
              },
              {
                "created_on": "2026-02-21 05:00:59.247 -0800 PST",
                "kind": "TABLE",
                "name": "SUPPLIERS"
              }
            ],
            "enable_console_output": false,
            "external_volume": "",
            "fully_qualified_name": "\"SCM_DEV\".\"LOGISTICS\"",
            "id": "\"SCM_DEV\".\"LOGISTICS\"",
            "is_transient": "default",
            "log_level": "OFF",
            "max_data_extension_time_in_days": 14,
            "name": "LOGISTICS",
            "parameters": [
              {
                "catalog": [
                  {
                    "default": "",
                    "description": "Name of the catalog integration to use for iceberg tables",
                    "key": "CATALOG",
                    "level": "",
                    "value": ""
                  }
                ],
                "data_retention_time_in_days": [
                  {
                    "default": "1",
                    "description": "number of days to retain the old version of deleted/updated data",
                    "key": "DATA_RETENTION_TIME_IN_DAYS",
                    "level": "DATABASE",
                    "value": "1"
                  }
                ],
                "default_ddl_collation": [
                  {
                    "default": "",
                    "description": "Collation that is used for all the new columns created by the DDL statements (if not specified)",
                    "key": "DEFAULT_DDL_COLLATION",
                    "level": "",
                    "value": ""
                  }
                ],
                "enable_console_output": [
                  {
                    "default": "false",
                    "description": "Enable stdout/stderr fast path logging for anonyous stored procs. This is a public parameter (similar to LOG_LEVEL).",
                    "key": "ENABLE_CONSOLE_OUTPUT",
                    "level": "",
                    "value": "false"
                  }
                ],
                "external_volume": [
                  {
                    "default": "",
                    "description": "Name of an external volume that will be used for persisted Iceberg metadata and data files.",
                    "key": "EXTERNAL_VOLUME",
                    "level": "",
                    "value": ""
                  }
                ],
                "log_level": [
                  {
                    "default": "OFF",
                    "description": "LOG_LEVEL to use when filtering events",
                    "key": "LOG_LEVEL",
                    "level": "",
                    "value": "OFF"
                  }
                ],
                "max_data_extension_time_in_days": [
                  {
                    "default": "14",
                    "description": "Maximum number of days to extend data retention beyond the retention period to prevent a stream becoming stale.",
                    "key": "MAX_DATA_EXTENSION_TIME_IN_DAYS",
                    "level": "",
                    "value": "14"
                  }
                ],
                "pipe_execution_paused": [
                  {
                    "default": "false",
                    "description": "Pause processing of files for a pipe",
                    "key": "PIPE_EXECUTION_PAUSED",
                    "level": "",
                    "value": "false"
                  }
                ],
                "quoted_identifiers_ignore_case": [
                  {
                    "default": "false",
                    "description": "If true, the case of quoted identifiers is ignored",
                    "key": "QUOTED_IDENTIFIERS_IGNORE_CASE",
                    "level": "",
                    "value": "false"
                  }
                ],
                "replace_invalid_characters": [
                  {
                    "default": "false",
                    "description": "Replace invalid UTF-8 characters found in Iceberg table external data files with the Unicode replacement character",
                    "key": "REPLACE_INVALID_CHARACTERS",
                    "level": "",
                    "value": "false"
                  }
                ],
                "storage_serialization_policy": [
                  {
                    "default": "OPTIMIZED",
                    "description": "Storage serialization policy used for managed Iceberg table. This include encodings and compressions",
                    "key": "STORAGE_SERIALIZATION_POLICY",
                    "level": "",
                    "value": "OPTIMIZED"
                  }
                ],
                "suspend_task_after_num_failures": [
                  {
                    "default": "10",
                    "description": "How many times a task must fail in a row before it is automatically suspended. 0 disables auto-suspending.",
                    "key": "SUSPEND_TASK_AFTER_NUM_FAILURES",
                    "level": "",
                    "value": "10"
                  }
                ],
                "task_auto_retry_attempts": [
                  {
                    "default": "0",
                    "description": "Maximum Automatic Retries Allowed For A User Task",
                    "key": "TASK_AUTO_RETRY_ATTEMPTS",
                    "level": "",
                    "value": "0"
                  }
                ],
                "trace_level": [
                  {
                    "default": "OFF",
                    "description": "Trace level value to use when generating/filtering trace events",
                    "key": "TRACE_LEVEL",
                    "level": "",
                    "value": "OFF"
                  }
                ],
                "user_task_managed_initial_warehouse_size": [
                  {
                    "default": "Medium",
                    "description": "The initial size of warehouse to use for managed warehouses in the absence of history",
                    "key": "USER_TASK_MANAGED_INITIAL_WAREHOUSE_SIZE",
                    "level": "",
                    "value": "Medium"
                  }
                ],
                "user_task_minimum_trigger_interval_in_seconds": [
                  {
                    "default": "30",
                    "description": "Minimum amount of time between Triggered Task executions in seconds",
                    "key": "USER_TASK_MINIMUM_TRIGGER_INTERVAL_IN_SECONDS",
                    "level": "",
                    "value": "30"
                  }
                ],
                "user_task_timeout_ms": [
                  {
                    "default": "3600000",
                    "description": "User task execution timeout in milliseconds",
                    "key": "USER_TASK_TIMEOUT_MS",
                    "level": "",
                    "value": "3600000"
                  }
                ]
              }
            ],
            "pipe_execution_paused": false,
            "quoted_identifiers_ignore_case": false,
            "replace_invalid_characters": false,
            "show_output": [
              {
                "comment": "Schema LOGISTICS en SCM_DEV - Onboarding",
                "created_on": "2026-02-21 05:00:58.034 -0800 PST",
                "database_name": "SCM_DEV",
                "dropped_on": "0001-01-01 00:00:00 +0000 UTC",
                "is_current": false,
                "is_default": false,
                "name": "LOGISTICS",
                "options": "",
                "owner": "ACCOUNTADMIN",
                "owner_role_type": "ROLE",
                "retention_time": "1"
              }
            ],
            "storage_serialization_policy": "OPTIMIZED",
            "suspend_task_after_num_failures": 10,
            "task_auto_retry_attempts": 0,
            "trace_level": "OFF",
            "user_task_managed_initial_warehouse_size": "Medium",
            "user_task_minimum_trigger_interval_in_seconds": 30,
            "user_task_timeout_ms": 3600000,
            "with_managed_access": "default"
          },
          "sensitive_attributes": [],
          "private": "eyJzY2hlbWFfdmVyc2lvbiI6IjIifQ==",
          "dependencies": [
            "module.database_scm.snowflake_database.this"
          ]
        }
      ]
    },
    {
      "module": "module.database_scm",
      "mode": "managed",
      "type": "snowflake_table",
      "name": "tables",
      "provider": "provider[\"registry.terraform.io/snowflake-labs/snowflake\"]",
      "instances": [
        {
          "index_key": "SHIPMENTS",
          "schema_version": 0,
          "attributes": {
            "change_tracking": false,
            "cluster_by": [],
            "column": [
              {
                "collate": "",
                "comment": "",
                "default": [],
                "identity": [],
                "masking_policy": "",
                "name": "ID",
                "nullable": true,
                "schema_evolution_record": "",
                "type": "NUMBER(38,0)"
              },
              {
                "collate": "",
                "comment": "",
                "default": [],
                "identity": [],
                "masking_policy": "",
                "name": "TRACKING_NUMBER",
                "nullable": true,
                "schema_evolution_record": "",
                "type": "VARCHAR(50)"
              },
              {
                "collate": "",
                "comment": "",
                "default": [],
                "identity": [],
                "masking_policy": "",
                "name": "ORIGIN",
                "nullable": true,
                "schema_evolution_record": "",
                "type": "VARCHAR(100)"
              },
              {
                "collate": "",
                "comment": "",
                "default": [],
                "identity": [],
                "masking_policy": "",
                "name": "DESTINATION",
                "nullable": true,
                "schema_evolution_record": "",
                "type": "VARCHAR(100)"
              },
              {
                "collate": "",
                "comment": "",
                "default": [],
                "identity": [],
                "masking_policy": "",
                "name": "STATUS",
                "nullable": true,
                "schema_evolution_record": "",
                "type": "VARCHAR(30)"
              },
              {
                "collate": "",
                "comment": "",
                "default": [],
                "identity": [],
                "masking_policy": "",
                "name": "SHIPPED_AT",
                "nullable": true,
                "schema_evolution_record": "",
                "type": "TIMESTAMP_NTZ(9)"
              }
            ],
            "comment": "Tabla SHIPMENTS - SCM_DEV.LOGISTICS",
            "data_retention_time_in_days": -1,
            "database": "SCM_DEV",
            "fully_qualified_name": "\"SCM_DEV\".\"LOGISTICS\".\"SHIPMENTS\"",
            "id": "SCM_DEV|LOGISTICS|SHIPMENTS",
            "name": "SHIPMENTS",
            "owner": "ACCOUNTADMIN",
            "primary_key": [],
            "schema": "LOGISTICS",
            "tag": []
          },
          "sensitive_attributes": [],
          "private": "bnVsbA==",
          "dependencies": [
            "module.database_scm.snowflake_database.this",
            "module.database_scm.snowflake_schema.this"
          ]
        },
        {
          "index_key": "SUPPLIERS",
          "schema_version": 0,
          "attributes": {
            "change_tracking": false,
            "cluster_by": [],
            "column": [
              {
                "collate": "",
                "comment": "",
                "default": [],
                "identity": [],
                "masking_policy": "",
                "name": "ID",
                "nullable": true,
                "schema_evolution_record": "",
                "type": "NUMBER(38,0)"
              },
              {
                "collate": "",
                "comment": "",
                "default": [],
                "identity": [],
                "masking_policy": "",
                "name": "NAME",
                "nullable": true,
                "schema_evolution_record": "",
                "type": "VARCHAR(100)"
              },
              {
                "collate": "",
                "comment": "",
                "default": [],
                "identity": [],
                "masking_policy": "",
                "name": "COUNTRY",
                "nullable": true,
                "schema_evolution_record": "",
                "type": "VARCHAR(50)"
              },
              {
                "collate": "",
                "comment": "",
                "default": [],
                "identity": [],
                "masking_policy": "",
                "name": "CONTACT_EMAIL",
                "nullable": true,
                "schema_evolution_record": "",
                "type": "VARCHAR(100)"
              },
              {
                "collate": "",
                "comment": "",
                "default": [],
                "identity": [],
                "masking_policy": "",
                "name": "RATING",
                "nullable": true,
                "schema_evolution_record": "",
                "type": "NUMBER(2,1)"
              },
              {
                "collate": "",
                "comment": "",
                "default": [],
                "identity": [],
                "masking_policy": "",
                "name": "ACTIVE",
                "nullable": true,
                "schema_evolution_record": "",
                "type": "BOOLEAN"
              }
            ],
            "comment": "Tabla SUPPLIERS - SCM_DEV.LOGISTICS",
            "data_retention_time_in_days": -1,
            "database": "SCM_DEV",
            "fully_qualified_name": "\"SCM_DEV\".\"LOGISTICS\".\"SUPPLIERS\"",
            "id": "SCM_DEV|LOGISTICS|SUPPLIERS",
            "name": "SUPPLIERS",
            "owner": "ACCOUNTADMIN",
            "primary_key": [],
            "schema": "LOGISTICS",
            "tag": []
          },
          "sensitive_attributes": [],
          "private": "bnVsbA==",
          "dependencies": [
            "module.database_scm.snowflake_database.this",
            "module.database_scm.snowflake_schema.this"
          ]
        }
      ]
    },
    {
      "module": "module.rbac",
      "mode": "managed",
      "type": "snowflake_account_role",
      "name": "functional",
      "provider": "provider[\"registry.terraform.io/snowflake-labs/snowflake\"]",
      "instances": [
        {
          "index_key": "FR_DATA_ADMIN",
          "schema_version": 0,
          "attributes": {
            "comment": "Functional role - Onboarding: FR_DATA_ADMIN",
            "fully_qualified_name": "\"FR_DATA_ADMIN\"",
            "id": "FR_DATA_ADMIN",
            "name": "FR_DATA_ADMIN",
            "show_output": [
              {
                "assigned_to_users": 1,
                "comment": "Functional role - Onboarding: FR_DATA_ADMIN",
                "created_on": "2026-02-21 05:00:56.396 -0800 PST",
                "granted_roles": 3,
                "granted_to_roles": 6,
                "is_current": false,
                "is_default": false,
                "is_inherited": false,
                "name": "FR_DATA_ADMIN",
                "owner": "ACCOUNTADMIN"
              }
            ]
          },
          "sensitive_attributes": [],
          "private": "bnVsbA=="
        },
        {
          "index_key": "FR_DATA_ANALYST",
          "schema_version": 0,
          "attributes": {
            "comment": "Functional role - Onboarding: FR_DATA_ANALYST",
            "fully_qualified_name": "\"FR_DATA_ANALYST\"",
            "id": "FR_DATA_ANALYST",
            "name": "FR_DATA_ANALYST",
            "show_output": [
              {
                "assigned_to_users": 1,
                "comment": "Functional role - Onboarding: FR_DATA_ANALYST",
                "created_on": "2026-02-21 05:00:55.832 -0800 PST",
                "granted_roles": 3,
                "granted_to_roles": 6,
                "is_current": false,
                "is_default": false,
                "is_inherited": false,
                "name": "FR_DATA_ANALYST",
                "owner": "ACCOUNTADMIN"
              }
            ]
          },
          "sensitive_attributes": [],
          "private": "bnVsbA=="
        },
        {
          "index_key": "FR_DATA_ENGINEER",
          "schema_version": 0,
          "attributes": {
            "comment": "Functional role - Onboarding: FR_DATA_ENGINEER",
            "fully_qualified_name": "\"FR_DATA_ENGINEER\"",
            "id": "FR_DATA_ENGINEER",
            "name": "FR_DATA_ENGINEER",
            "show_output": [
              {
                "assigned_to_users": 1,
                "comment": "Functional role - Onboarding: FR_DATA_ENGINEER",
                "created_on": "2026-02-21 05:00:56.391 -0800 PST",
                "granted_roles": 3,
                "granted_to_roles": 6,
                "is_current": false,
                "is_default": false,
                "is_inherited": false,
                "name": "FR_DATA_ENGINEER",
                "owner": "ACCOUNTADMIN"
              }
            ]
          },
          "sensitive_attributes": [],
          "private": "bnVsbA=="
        },
        {
          "index_key": "FR_READONLY",
          "schema_version": 0,
          "attributes": {
            "comment": "Functional role - Onboarding: FR_READONLY",
            "fully_qualified_name": "\"FR_READONLY\"",
            "id": "FR_READONLY",
            "name": "FR_READONLY",
            "show_output": [
              {
                "assigned_to_users": 1,
                "comment": "Functional role - Onboarding: FR_READONLY",
                "created_on": "2026-02-21 05:00:56.555 -0800 PST",
                "granted_roles": 0,
                "granted_to_roles": 3,
                "is_current": false,
                "is_default": false,
                "is_inherited": false,
                "name": "FR_READONLY",
                "owner": "ACCOUNTADMIN"
              }
            ]
          },
          "sensitive_attributes": [],
          "private": "bnVsbA=="
        }
      ]
    },
    {
      "module": "module.rbac",
      "mode": "managed",
      "type": "snowflake_account_role",
      "name": "object_admin",
      "provider": "provider[\"registry.terraform.io/snowflake-labs/snowflake\"]",
      "instances": [
        {
          "index_key": "CRM_CUSTOMERS",
          "schema_version": 0,
          "attributes": {
            "comment": "Admin (DDL + datos) en CRM_DEV.CUSTOMERS",
            "fully_qualified_name": "\"OR_ADMIN_CRM_CUSTOMERS_DEV\"",
            "id": "OR_ADMIN_CRM_CUSTOMERS_DEV",
            "name": "OR_ADMIN_CRM_CUSTOMERS_DEV",
            "show_output": [
              {
                "assigned_to_users": 0,
                "comment": "Admin (DDL + datos) en CRM_DEV.CUSTOMERS",
                "created_on": "2026-02-21 05:01:00.93 -0800 PST",
                "granted_roles": 2,
                "granted_to_roles": 1,
                "is_current": false,
                "is_default": false,
                "is_inherited": false,
                "name": "OR_ADMIN_CRM_CUSTOMERS_DEV",
                "owner": "ACCOUNTADMIN"
              }
            ]
          },
          "sensitive_attributes": [],
          "private": "bnVsbA==",
          "dependencies": [
            "module.database_crm.snowflake_database.this",
            "module.database_crm.snowflake_schema.this",
            "module.database_crm.snowflake_table.tables",
            "module.database_erp.snowflake_database.this",
            "module.database_erp.snowflake_schema.this",
            "module.database_erp.snowflake_table.tables",
            "module.database_scm.snowflake_database.this",
            "module.database_scm.snowflake_schema.this",
            "module.database_scm.snowflake_table.tables"
          ]
        },
        {
          "index_key": "ERP_FINANCE",
          "schema_version": 0,
          "attributes": {
            "comment": "Admin (DDL + datos) en ERP_DEV.FINANCE",
            "fully_qualified_name": "\"OR_ADMIN_ERP_FINANCE_DEV\"",
            "id": "OR_ADMIN_ERP_FINANCE_DEV",
            "name": "OR_ADMIN_ERP_FINANCE_DEV",
            "show_output": [
              {
                "assigned_to_users": 0,
                "comment": "Admin (DDL + datos) en ERP_DEV.FINANCE",
                "created_on": "2026-02-21 05:01:00.483 -0800 PST",
                "granted_roles": 2,
                "granted_to_roles": 1,
                "is_current": false,
                "is_default": false,
                "is_inherited": false,
                "name": "OR_ADMIN_ERP_FINANCE_DEV",
                "owner": "ACCOUNTADMIN"
              }
            ]
          },
          "sensitive_attributes": [],
          "private": "bnVsbA==",
          "dependencies": [
            "module.database_crm.snowflake_database.this",
            "module.database_crm.snowflake_schema.this",
            "module.database_crm.snowflake_table.tables",
            "module.database_erp.snowflake_database.this",
            "module.database_erp.snowflake_schema.this",
            "module.database_erp.snowflake_table.tables",
            "module.database_scm.snowflake_database.this",
            "module.database_scm.snowflake_schema.this",
            "module.database_scm.snowflake_table.tables"
          ]
        },
        {
          "index_key": "SCM_LOGISTICS",
          "schema_version": 0,
          "attributes": {
            "comment": "Admin (DDL + datos) en SCM_DEV.LOGISTICS",
            "fully_qualified_name": "\"OR_ADMIN_SCM_LOGISTICS_DEV\"",
            "id": "OR_ADMIN_SCM_LOGISTICS_DEV",
            "name": "OR_ADMIN_SCM_LOGISTICS_DEV",
            "show_output": [
              {
                "assigned_to_users": 0,
                "comment": "Admin (DDL + datos) en SCM_DEV.LOGISTICS",
                "created_on": "2026-02-21 05:01:00.996 -0800 PST",
                "granted_roles": 2,
                "granted_to_roles": 1,
                "is_current": false,
                "is_default": false,
                "is_inherited": false,
                "name": "OR_ADMIN_SCM_LOGISTICS_DEV",
                "owner": "ACCOUNTADMIN"
              }
            ]
          },
          "sensitive_attributes": [],
          "private": "bnVsbA==",
          "dependencies": [
            "module.database_crm.snowflake_database.this",
            "module.database_crm.snowflake_schema.this",
            "module.database_crm.snowflake_table.tables",
            "module.database_erp.snowflake_database.this",
            "module.database_erp.snowflake_schema.this",
            "module.database_erp.snowflake_table.tables",
            "module.database_scm.snowflake_database.this",
            "module.database_scm.snowflake_schema.this",
            "module.database_scm.snowflake_table.tables"
          ]
        }
      ]
    },
    {
      "module": "module.rbac",
      "mode": "managed",
      "type": "snowflake_account_role",
      "name": "object_read",
      "provider": "provider[\"registry.terraform.io/snowflake-labs/snowflake\"]",
      "instances": [
        {
          "index_key": "CRM_CUSTOMERS",
          "schema_version": 0,
          "attributes": {
            "comment": "Lectura (SELECT) en CRM_DEV.CUSTOMERS",
            "fully_qualified_name": "\"OR_READ_CRM_CUSTOMERS_DEV\"",
            "id": "OR_READ_CRM_CUSTOMERS_DEV",
            "name": "OR_READ_CRM_CUSTOMERS_DEV",
            "show_output": [
              {
                "assigned_to_users": 0,
                "comment": "Lectura (SELECT) en CRM_DEV.CUSTOMERS",
                "created_on": "2026-02-21 05:01:00.47 -0800 PST",
                "granted_roles": 1,
                "granted_to_roles": 0,
                "is_current": false,
                "is_default": false,
                "is_inherited": false,
                "name": "OR_READ_CRM_CUSTOMERS_DEV",
                "owner": "ACCOUNTADMIN"
              }
            ]
          },
          "sensitive_attributes": [],
          "private": "bnVsbA==",
          "dependencies": [
            "module.database_crm.snowflake_database.this",
            "module.database_crm.snowflake_schema.this",
            "module.database_crm.snowflake_table.tables",
            "module.database_erp.snowflake_database.this",
            "module.database_erp.snowflake_schema.this",
            "module.database_erp.snowflake_table.tables",
            "module.database_scm.snowflake_database.this",
            "module.database_scm.snowflake_schema.this",
            "module.database_scm.snowflake_table.tables"
          ]
        },
        {
          "index_key": "ERP_FINANCE",
          "schema_version": 0,
          "attributes": {
            "comment": "Lectura (SELECT) en ERP_DEV.FINANCE",
            "fully_qualified_name": "\"OR_READ_ERP_FINANCE_DEV\"",
            "id": "OR_READ_ERP_FINANCE_DEV",
            "name": "OR_READ_ERP_FINANCE_DEV",
            "show_output": [
              {
                "assigned_to_users": 0,
                "comment": "Lectura (SELECT) en ERP_DEV.FINANCE",
                "created_on": "2026-02-21 05:01:00.943 -0800 PST",
                "granted_roles": 1,
                "granted_to_roles": 0,
                "is_current": false,
                "is_default": false,
                "is_inherited": false,
                "name": "OR_READ_ERP_FINANCE_DEV",
                "owner": "ACCOUNTADMIN"
              }
            ]
          },
          "sensitive_attributes": [],
          "private": "bnVsbA==",
          "dependencies": [
            "module.database_crm.snowflake_database.this",
            "module.database_crm.snowflake_schema.this",
            "module.database_crm.snowflake_table.tables",
            "module.database_erp.snowflake_database.this",
            "module.database_erp.snowflake_schema.this",
            "module.database_erp.snowflake_table.tables",
            "module.database_scm.snowflake_database.this",
            "module.database_scm.snowflake_schema.this",
            "module.database_scm.snowflake_table.tables"
          ]
        },
        {
          "index_key": "SCM_LOGISTICS",
          "schema_version": 0,
          "attributes": {
            "comment": "Lectura (SELECT) en SCM_DEV.LOGISTICS",
            "fully_qualified_name": "\"OR_READ_SCM_LOGISTICS_DEV\"",
            "id": "OR_READ_SCM_LOGISTICS_DEV",
            "name": "OR_READ_SCM_LOGISTICS_DEV",
            "show_output": [
              {
                "assigned_to_users": 0,
                "comment": "Lectura (SELECT) en SCM_DEV.LOGISTICS",
                "created_on": "2026-02-21 05:01:01.039 -0800 PST",
                "granted_roles": 1,
                "granted_to_roles": 0,
                "is_current": false,
                "is_default": false,
                "is_inherited": false,
                "name": "OR_READ_SCM_LOGISTICS_DEV",
                "owner": "ACCOUNTADMIN"
              }
            ]
          },
          "sensitive_attributes": [],
          "private": "bnVsbA==",
          "dependencies": [
            "module.database_crm.snowflake_database.this",
            "module.database_crm.snowflake_schema.this",
            "module.database_crm.snowflake_table.tables",
            "module.database_erp.snowflake_database.this",
            "module.database_erp.snowflake_schema.this",
            "module.database_erp.snowflake_table.tables",
            "module.database_scm.snowflake_database.this",
            "module.database_scm.snowflake_schema.this",
            "module.database_scm.snowflake_table.tables"
          ]
        }
      ]
    },
    {
      "module": "module.rbac",
      "mode": "managed",
      "type": "snowflake_account_role",
      "name": "object_write",
      "provider": "provider[\"registry.terraform.io/snowflake-labs/snowflake\"]",
      "instances": [
        {
          "index_key": "CRM_CUSTOMERS",
          "schema_version": 0,
          "attributes": {
            "comment": "Lectura y escritura en CRM_DEV.CUSTOMERS",
            "fully_qualified_name": "\"OR_WRITE_CRM_CUSTOMERS_DEV\"",
            "id": "OR_WRITE_CRM_CUSTOMERS_DEV",
            "name": "OR_WRITE_CRM_CUSTOMERS_DEV",
            "show_output": [
              {
                "assigned_to_users": 0,
                "comment": "Lectura y escritura en CRM_DEV.CUSTOMERS",
                "created_on": "2026-02-21 05:01:00.993 -0800 PST",
                "granted_roles": 2,
                "granted_to_roles": 1,
                "is_current": false,
                "is_default": false,
                "is_inherited": false,
                "name": "OR_WRITE_CRM_CUSTOMERS_DEV",
                "owner": "ACCOUNTADMIN"
              }
            ]
          },
          "sensitive_attributes": [],
          "private": "bnVsbA==",
          "dependencies": [
            "module.database_crm.snowflake_database.this",
            "module.database_crm.snowflake_schema.this",
            "module.database_crm.snowflake_table.tables",
            "module.database_erp.snowflake_database.this",
            "module.database_erp.snowflake_schema.this",
            "module.database_erp.snowflake_table.tables",
            "module.database_scm.snowflake_database.this",
            "module.database_scm.snowflake_schema.this",
            "module.database_scm.snowflake_table.tables"
          ]
        },
        {
          "index_key": "ERP_FINANCE",
          "schema_version": 0,
          "attributes": {
            "comment": "Lectura y escritura en ERP_DEV.FINANCE",
            "fully_qualified_name": "\"OR_WRITE_ERP_FINANCE_DEV\"",
            "id": "OR_WRITE_ERP_FINANCE_DEV",
            "name": "OR_WRITE_ERP_FINANCE_DEV",
            "show_output": [
              {
                "assigned_to_users": 0,
                "comment": "Lectura y escritura en ERP_DEV.FINANCE",
                "created_on": "2026-02-21 05:01:01.88 -0800 PST",
                "granted_roles": 2,
                "granted_to_roles": 1,
                "is_current": false,
                "is_default": false,
                "is_inherited": false,
                "name": "OR_WRITE_ERP_FINANCE_DEV",
                "owner": "ACCOUNTADMIN"
              }
            ]
          },
          "sensitive_attributes": [],
          "private": "bnVsbA==",
          "dependencies": [
            "module.database_crm.snowflake_database.this",
            "module.database_crm.snowflake_schema.this",
            "module.database_crm.snowflake_table.tables",
            "module.database_erp.snowflake_database.this",
            "module.database_erp.snowflake_schema.this",
            "module.database_erp.snowflake_table.tables",
            "module.database_scm.snowflake_database.this",
            "module.database_scm.snowflake_schema.this",
            "module.database_scm.snowflake_table.tables"
          ]
        },
        {
          "index_key": "SCM_LOGISTICS",
          "schema_version": 0,
          "attributes": {
            "comment": "Lectura y escritura en SCM_DEV.LOGISTICS",
            "fully_qualified_name": "\"OR_WRITE_SCM_LOGISTICS_DEV\"",
            "id": "OR_WRITE_SCM_LOGISTICS_DEV",
            "name": "OR_WRITE_SCM_LOGISTICS_DEV",
            "show_output": [
              {
                "assigned_to_users": 0,
                "comment": "Lectura y escritura en SCM_DEV.LOGISTICS",
                "created_on": "2026-02-21 05:01:01.199 -0800 PST",
                "granted_roles": 2,
                "granted_to_roles": 1,
                "is_current": false,
                "is_default": false,
                "is_inherited": false,
                "name": "OR_WRITE_SCM_LOGISTICS_DEV",
                "owner": "ACCOUNTADMIN"
              }
            ]
          },
          "sensitive_attributes": [],
          "private": "bnVsbA==",
          "dependencies": [
            "module.database_crm.snowflake_database.this",
            "module.database_crm.snowflake_schema.this",
            "module.database_crm.snowflake_table.tables",
            "module.database_erp.snowflake_database.this",
            "module.database_erp.snowflake_schema.this",
            "module.database_erp.snowflake_table.tables",
            "module.database_scm.snowflake_database.this",
            "module.database_scm.snowflake_schema.this",
            "module.database_scm.snowflake_table.tables"
          ]
        }
      ]
    },
    {
      "module": "module.rbac",
      "mode": "managed",
      "type": "snowflake_grant_account_role",
      "name": "admin_inherits_write",
      "provider": "provider[\"registry.terraform.io/snowflake-labs/snowflake\"]",
      "instances": [
        {
          "index_key": "CRM_CUSTOMERS",
          "schema_version": 0,
          "attributes": {
            "id": "\"OR_ADMIN_CRM_CUSTOMERS_DEV\"|ROLE|\"OR_WRITE_CRM_CUSTOMERS_DEV\"",
            "parent_role_name": "OR_WRITE_CRM_CUSTOMERS_DEV",
            "role_name": "OR_ADMIN_CRM_CUSTOMERS_DEV",
            "user_name": null
          },
          "sensitive_attributes": [],
          "private": "bnVsbA==",
          "dependencies": [
            "module.database_crm.snowflake_database.this",
            "module.database_crm.snowflake_schema.this",
            "module.database_crm.snowflake_table.tables",
            "module.database_erp.snowflake_database.this",
            "module.database_erp.snowflake_schema.this",
            "module.database_erp.snowflake_table.tables",
            "module.database_scm.snowflake_database.this",
            "module.database_scm.snowflake_schema.this",
            "module.database_scm.snowflake_table.tables",
            "module.rbac.snowflake_account_role.object_admin",
            "module.rbac.snowflake_account_role.object_write"
          ]
        },
        {
          "index_key": "ERP_FINANCE",
          "schema_version": 0,
          "attributes": {
            "id": "\"OR_ADMIN_ERP_FINANCE_DEV\"|ROLE|\"OR_WRITE_ERP_FINANCE_DEV\"",
            "parent_role_name": "OR_WRITE_ERP_FINANCE_DEV",
            "role_name": "OR_ADMIN_ERP_FINANCE_DEV",
            "user_name": null
          },
          "sensitive_attributes": [],
          "private": "bnVsbA==",
          "dependencies": [
            "module.database_crm.snowflake_database.this",
            "module.database_crm.snowflake_schema.this",
            "module.database_crm.snowflake_table.tables",
            "module.database_erp.snowflake_database.this",
            "module.database_erp.snowflake_schema.this",
            "module.database_erp.snowflake_table.tables",
            "module.database_scm.snowflake_database.this",
            "module.database_scm.snowflake_schema.this",
            "module.database_scm.snowflake_table.tables",
            "module.rbac.snowflake_account_role.object_admin",
            "module.rbac.snowflake_account_role.object_write"
          ]
        },
        {
          "index_key": "SCM_LOGISTICS",
          "schema_version": 0,
          "attributes": {
            "id": "\"OR_ADMIN_SCM_LOGISTICS_DEV\"|ROLE|\"OR_WRITE_SCM_LOGISTICS_DEV\"",
            "parent_role_name": "OR_WRITE_SCM_LOGISTICS_DEV",
            "role_name": "OR_ADMIN_SCM_LOGISTICS_DEV",
            "user_name": null
          },
          "sensitive_attributes": [],
          "private": "bnVsbA==",
          "dependencies": [
            "module.database_crm.snowflake_database.this",
            "module.database_crm.snowflake_schema.this",
            "module.database_crm.snowflake_table.tables",
            "module.database_erp.snowflake_database.this",
            "module.database_erp.snowflake_schema.this",
            "module.database_erp.snowflake_table.tables",
            "module.database_scm.snowflake_database.this",
            "module.database_scm.snowflake_schema.this",
            "module.database_scm.snowflake_table.tables",
            "module.rbac.snowflake_account_role.object_admin",
            "module.rbac.snowflake_account_role.object_write"
          ]
        }
      ]
    },
    {
      "module": "module.rbac",
      "mode": "managed",
      "type": "snowflake_grant_account_role",
      "name": "functional_inherits_object",
      "provider": "provider[\"registry.terraform.io/snowflake-labs/snowflake\"]",
      "instances": [
        {
          "index_key": "FR_DATA_ADMIN_OR_ADMIN_CRM_CUSTOMERS_DEV",
          "schema_version": 0,
          "attributes": {
            "id": "\"FR_DATA_ADMIN\"|ROLE|\"OR_ADMIN_CRM_CUSTOMERS_DEV\"",
            "parent_role_name": "OR_ADMIN_CRM_CUSTOMERS_DEV",
            "role_name": "FR_DATA_ADMIN",
            "user_name": null
          },
          "sensitive_attributes": [],
          "private": "bnVsbA=="
        },
        {
          "index_key": "FR_DATA_ADMIN_OR_ADMIN_ERP_FINANCE_DEV",
          "schema_version": 0,
          "attributes": {
            "id": "\"FR_DATA_ADMIN\"|ROLE|\"OR_ADMIN_ERP_FINANCE_DEV\"",
            "parent_role_name": "OR_ADMIN_ERP_FINANCE_DEV",
            "role_name": "FR_DATA_ADMIN",
            "user_name": null
          },
          "sensitive_attributes": [],
          "private": "bnVsbA=="
        },
        {
          "index_key": "FR_DATA_ADMIN_OR_ADMIN_SCM_LOGISTICS_DEV",
          "schema_version": 0,
          "attributes": {
            "id": "\"FR_DATA_ADMIN\"|ROLE|\"OR_ADMIN_SCM_LOGISTICS_DEV\"",
            "parent_role_name": "OR_ADMIN_SCM_LOGISTICS_DEV",
            "role_name": "FR_DATA_ADMIN",
            "user_name": null
          },
          "sensitive_attributes": [],
          "private": "bnVsbA=="
        },
        {
          "index_key": "FR_DATA_ANALYST_OR_WRITE_CRM_CUSTOMERS_DEV",
          "schema_version": 0,
          "attributes": {
            "id": "\"FR_DATA_ANALYST\"|ROLE|\"OR_WRITE_CRM_CUSTOMERS_DEV\"",
            "parent_role_name": "OR_WRITE_CRM_CUSTOMERS_DEV",
            "role_name": "FR_DATA_ANALYST",
            "user_name": null
          },
          "sensitive_attributes": [],
          "private": "bnVsbA=="
        },
        {
          "index_key": "FR_DATA_ANALYST_OR_WRITE_ERP_FINANCE_DEV",
          "schema_version": 0,
          "attributes": {
            "id": "\"FR_DATA_ANALYST\"|ROLE|\"OR_WRITE_ERP_FINANCE_DEV\"",
            "parent_role_name": "OR_WRITE_ERP_FINANCE_DEV",
            "role_name": "FR_DATA_ANALYST",
            "user_name": null
          },
          "sensitive_attributes": [],
          "private": "bnVsbA=="
        },
        {
          "index_key": "FR_DATA_ANALYST_OR_WRITE_SCM_LOGISTICS_DEV",
          "schema_version": 0,
          "attributes": {
            "id": "\"FR_DATA_ANALYST\"|ROLE|\"OR_WRITE_SCM_LOGISTICS_DEV\"",
            "parent_role_name": "OR_WRITE_SCM_LOGISTICS_DEV",
            "role_name": "FR_DATA_ANALYST",
            "user_name": null
          },
          "sensitive_attributes": [],
          "private": "bnVsbA=="
        },
        {
          "index_key": "FR_DATA_ENGINEER_OR_ADMIN_CRM_CUSTOMERS_DEV",
          "schema_version": 0,
          "attributes": {
            "id": "\"FR_DATA_ENGINEER\"|ROLE|\"OR_ADMIN_CRM_CUSTOMERS_DEV\"",
            "parent_role_name": "OR_ADMIN_CRM_CUSTOMERS_DEV",
            "role_name": "FR_DATA_ENGINEER",
            "user_name": null
          },
          "sensitive_attributes": [],
          "private": "bnVsbA=="
        },
        {
          "index_key": "FR_DATA_ENGINEER_OR_ADMIN_ERP_FINANCE_DEV",
          "schema_version": 0,
          "attributes": {
            "id": "\"FR_DATA_ENGINEER\"|ROLE|\"OR_ADMIN_ERP_FINANCE_DEV\"",
            "parent_role_name": "OR_ADMIN_ERP_FINANCE_DEV",
            "role_name": "FR_DATA_ENGINEER",
            "user_name": null
          },
          "sensitive_attributes": [],
          "private": "bnVsbA=="
        },
        {
          "index_key": "FR_DATA_ENGINEER_OR_ADMIN_SCM_LOGISTICS_DEV",
          "schema_version": 0,
          "attributes": {
            "id": "\"FR_DATA_ENGINEER\"|ROLE|\"OR_ADMIN_SCM_LOGISTICS_DEV\"",
            "parent_role_name": "OR_ADMIN_SCM_LOGISTICS_DEV",
            "role_name": "FR_DATA_ENGINEER",
            "user_name": null
          },
          "sensitive_attributes": [],
          "private": "bnVsbA=="
        }
      ]
    },
    {
      "module": "module.rbac",
      "mode": "managed",
      "type": "snowflake_grant_account_role",
      "name": "user_has_functional_role",
      "provider": "provider[\"registry.terraform.io/snowflake-labs/snowflake\"]",
      "instances": [
        {
          "index_key": "U_ANA_GARCIA",
          "schema_version": 0,
          "attributes": {
            "id": "\"FR_DATA_ANALYST\"|USER|\"U_ANA_GARCIA\"",
            "parent_role_name": null,
            "role_name": "FR_DATA_ANALYST",
            "user_name": "U_ANA_GARCIA"
          },
          "sensitive_attributes": [],
          "private": "bnVsbA==",
          "dependencies": [
            "module.warehouse.snowflake_warehouse.this"
          ]
        },
        {
          "index_key": "U_CARLOS_LOPEZ",
          "schema_version": 0,
          "attributes": {
            "id": "\"FR_DATA_ENGINEER\"|USER|\"U_CARLOS_LOPEZ\"",
            "parent_role_name": null,
            "role_name": "FR_DATA_ENGINEER",
            "user_name": "U_CARLOS_LOPEZ"
          },
          "sensitive_attributes": [],
          "private": "bnVsbA==",
          "dependencies": [
            "module.warehouse.snowflake_warehouse.this"
          ]
        },
        {
          "index_key": "U_MARIA_TORRES",
          "schema_version": 0,
          "attributes": {
            "id": "\"FR_DATA_ADMIN\"|USER|\"U_MARIA_TORRES\"",
            "parent_role_name": null,
            "role_name": "FR_DATA_ADMIN",
            "user_name": "U_MARIA_TORRES"
          },
          "sensitive_attributes": [],
          "private": "bnVsbA==",
          "dependencies": [
            "module.warehouse.snowflake_warehouse.this"
          ]
        },
        {
          "index_key": "U_PEDRO_RAMIREZ",
          "schema_version": 0,
          "attributes": {
            "id": "\"FR_READONLY\"|USER|\"U_PEDRO_RAMIREZ\"",
            "parent_role_name": null,
            "role_name": "FR_READONLY",
            "user_name": "U_PEDRO_RAMIREZ"
          },
          "sensitive_attributes": [],
          "private": "bnVsbA==",
          "dependencies": [
            "module.warehouse.snowflake_warehouse.this"
          ]
        }
      ]
    },
    {
      "module": "module.rbac",
      "mode": "managed",
      "type": "snowflake_grant_account_role",
      "name": "write_inherits_read",
      "provider": "provider[\"registry.terraform.io/snowflake-labs/snowflake\"]",
      "instances": [
        {
          "index_key": "CRM_CUSTOMERS",
          "schema_version": 0,
          "attributes": {
            "id": "\"OR_WRITE_CRM_CUSTOMERS_DEV\"|ROLE|\"OR_READ_CRM_CUSTOMERS_DEV\"",
            "parent_role_name": "OR_READ_CRM_CUSTOMERS_DEV",
            "role_name": "OR_WRITE_CRM_CUSTOMERS_DEV",
            "user_name": null
          },
          "sensitive_attributes": [],
          "private": "bnVsbA==",
          "dependencies": [
            "module.database_crm.snowflake_database.this",
            "module.database_crm.snowflake_schema.this",
            "module.database_crm.snowflake_table.tables",
            "module.database_erp.snowflake_database.this",
            "module.database_erp.snowflake_schema.this",
            "module.database_erp.snowflake_table.tables",
            "module.database_scm.snowflake_database.this",
            "module.database_scm.snowflake_schema.this",
            "module.database_scm.snowflake_table.tables",
            "module.rbac.snowflake_account_role.object_read",
            "module.rbac.snowflake_account_role.object_write"
          ]
        },
        {
          "index_key": "ERP_FINANCE",
          "schema_version": 0,
          "attributes": {
            "id": "\"OR_WRITE_ERP_FINANCE_DEV\"|ROLE|\"OR_READ_ERP_FINANCE_DEV\"",
            "parent_role_name": "OR_READ_ERP_FINANCE_DEV",
            "role_name": "OR_WRITE_ERP_FINANCE_DEV",
            "user_name": null
          },
          "sensitive_attributes": [],
          "private": "bnVsbA==",
          "dependencies": [
            "module.database_crm.snowflake_database.this",
            "module.database_crm.snowflake_schema.this",
            "module.database_crm.snowflake_table.tables",
            "module.database_erp.snowflake_database.this",
            "module.database_erp.snowflake_schema.this",
            "module.database_erp.snowflake_table.tables",
            "module.database_scm.snowflake_database.this",
            "module.database_scm.snowflake_schema.this",
            "module.database_scm.snowflake_table.tables",
            "module.rbac.snowflake_account_role.object_read",
            "module.rbac.snowflake_account_role.object_write"
          ]
        },
        {
          "index_key": "SCM_LOGISTICS",
          "schema_version": 0,
          "attributes": {
            "id": "\"OR_WRITE_SCM_LOGISTICS_DEV\"|ROLE|\"OR_READ_SCM_LOGISTICS_DEV\"",
            "parent_role_name": "OR_READ_SCM_LOGISTICS_DEV",
            "role_name": "OR_WRITE_SCM_LOGISTICS_DEV",
            "user_name": null
          },
          "sensitive_attributes": [],
          "private": "bnVsbA==",
          "dependencies": [
            "module.database_crm.snowflake_database.this",
            "module.database_crm.snowflake_schema.this",
            "module.database_crm.snowflake_table.tables",
            "module.database_erp.snowflake_database.this",
            "module.database_erp.snowflake_schema.this",
            "module.database_erp.snowflake_table.tables",
            "module.database_scm.snowflake_database.this",
            "module.database_scm.snowflake_schema.this",
            "module.database_scm.snowflake_table.tables",
            "module.rbac.snowflake_account_role.object_read",
            "module.rbac.snowflake_account_role.object_write"
          ]
        }
      ]
    },
    {
      "module": "module.rbac",
      "mode": "managed",
      "type": "snowflake_grant_privileges_to_account_role",
      "name": "admin_dml_tables",
      "provider": "provider[\"registry.terraform.io/snowflake-labs/snowflake\"]",
      "instances": [
        {
          "index_key": "CRM_CUSTOMERS_CONTACTS",
          "schema_version": 0,
          "attributes": {
            "account_role_name": "OR_ADMIN_CRM_CUSTOMERS_DEV",
            "all_privileges": false,
            "always_apply": false,
            "always_apply_trigger": null,
            "id": "\"OR_ADMIN_CRM_CUSTOMERS_DEV\"|false|false|INSERT,DELETE,SELECT,UPDATE|OnSchemaObject|OnObject|TABLE|\"CRM_DEV\".\"CUSTOMERS\".\"CONTACTS\"",
            "on_account": false,
            "on_account_object": [],
            "on_schema": [],
            "on_schema_object": [
              {
                "all": [],
                "future": [],
                "object_name": "CRM_DEV.CUSTOMERS.CONTACTS",
                "object_type": "TABLE"
              }
            ],
            "privileges": [
              "DELETE",
              "INSERT",
              "SELECT",
              "UPDATE"
            ],
            "with_grant_option": false
          },
          "sensitive_attributes": [],
          "private": "bnVsbA==",
          "dependencies": [
            "module.database_crm.snowflake_database.this",
            "module.database_crm.snowflake_schema.this",
            "module.database_crm.snowflake_table.tables",
            "module.database_erp.snowflake_database.this",
            "module.database_erp.snowflake_schema.this",
            "module.database_erp.snowflake_table.tables",
            "module.database_scm.snowflake_database.this",
            "module.database_scm.snowflake_schema.this",
            "module.database_scm.snowflake_table.tables",
            "module.rbac.snowflake_account_role.object_admin"
          ]
        },
        {
          "index_key": "CRM_CUSTOMERS_OPPORTUNITIES",
          "schema_version": 0,
          "attributes": {
            "account_role_name": "OR_ADMIN_CRM_CUSTOMERS_DEV",
            "all_privileges": false,
            "always_apply": false,
            "always_apply_trigger": null,
            "id": "\"OR_ADMIN_CRM_CUSTOMERS_DEV\"|false|false|INSERT,DELETE,SELECT,UPDATE|OnSchemaObject|OnObject|TABLE|\"CRM_DEV\".\"CUSTOMERS\".\"OPPORTUNITIES\"",
            "on_account": false,
            "on_account_object": [],
            "on_schema": [],
            "on_schema_object": [
              {
                "all": [],
                "future": [],
                "object_name": "CRM_DEV.CUSTOMERS.OPPORTUNITIES",
                "object_type": "TABLE"
              }
            ],
            "privileges": [
              "DELETE",
              "INSERT",
              "SELECT",
              "UPDATE"
            ],
            "with_grant_option": false
          },
          "sensitive_attributes": [],
          "private": "bnVsbA==",
          "dependencies": [
            "module.database_crm.snowflake_database.this",
            "module.database_crm.snowflake_schema.this",
            "module.database_crm.snowflake_table.tables",
            "module.database_erp.snowflake_database.this",
            "module.database_erp.snowflake_schema.this",
            "module.database_erp.snowflake_table.tables",
            "module.database_scm.snowflake_database.this",
            "module.database_scm.snowflake_schema.this",
            "module.database_scm.snowflake_table.tables",
            "module.rbac.snowflake_account_role.object_admin"
          ]
        },
        {
          "index_key": "ERP_FINANCE_COST_CENTERS",
          "schema_version": 0,
          "attributes": {
            "account_role_name": "OR_ADMIN_ERP_FINANCE_DEV",
            "all_privileges": false,
            "always_apply": false,
            "always_apply_trigger": null,
            "id": "\"OR_ADMIN_ERP_FINANCE_DEV\"|false|false|INSERT,DELETE,SELECT,UPDATE|OnSchemaObject|OnObject|TABLE|\"ERP_DEV\".\"FINANCE\".\"COST_CENTERS\"",
            "on_account": false,
            "on_account_object": [],
            "on_schema": [],
            "on_schema_object": [
              {
                "all": [],
                "future": [],
                "object_name": "ERP_DEV.FINANCE.COST_CENTERS",
                "object_type": "TABLE"
              }
            ],
            "privileges": [
              "DELETE",
              "INSERT",
              "SELECT",
              "UPDATE"
            ],
            "with_grant_option": false
          },
          "sensitive_attributes": [],
          "private": "bnVsbA==",
          "dependencies": [
            "module.database_crm.snowflake_database.this",
            "module.database_crm.snowflake_schema.this",
            "module.database_crm.snowflake_table.tables",
            "module.database_erp.snowflake_database.this",
            "module.database_erp.snowflake_schema.this",
            "module.database_erp.snowflake_table.tables",
            "module.database_scm.snowflake_database.this",
            "module.database_scm.snowflake_schema.this",
            "module.database_scm.snowflake_table.tables",
            "module.rbac.snowflake_account_role.object_admin"
          ]
        },
        {
          "index_key": "ERP_FINANCE_INVOICES",
          "schema_version": 0,
          "attributes": {
            "account_role_name": "OR_ADMIN_ERP_FINANCE_DEV",
            "all_privileges": false,
            "always_apply": false,
            "always_apply_trigger": null,
            "id": "\"OR_ADMIN_ERP_FINANCE_DEV\"|false|false|INSERT,DELETE,SELECT,UPDATE|OnSchemaObject|OnObject|TABLE|\"ERP_DEV\".\"FINANCE\".\"INVOICES\"",
            "on_account": false,
            "on_account_object": [],
            "on_schema": [],
            "on_schema_object": [
              {
                "all": [],
                "future": [],
                "object_name": "ERP_DEV.FINANCE.INVOICES",
                "object_type": "TABLE"
              }
            ],
            "privileges": [
              "DELETE",
              "INSERT",
              "SELECT",
              "UPDATE"
            ],
            "with_grant_option": false
          },
          "sensitive_attributes": [],
          "private": "bnVsbA==",
          "dependencies": [
            "module.database_crm.snowflake_database.this",
            "module.database_crm.snowflake_schema.this",
            "module.database_crm.snowflake_table.tables",
            "module.database_erp.snowflake_database.this",
            "module.database_erp.snowflake_schema.this",
            "module.database_erp.snowflake_table.tables",
            "module.database_scm.snowflake_database.this",
            "module.database_scm.snowflake_schema.this",
            "module.database_scm.snowflake_table.tables",
            "module.rbac.snowflake_account_role.object_admin"
          ]
        },
        {
          "index_key": "SCM_LOGISTICS_SHIPMENTS",
          "schema_version": 0,
          "attributes": {
            "account_role_name": "OR_ADMIN_SCM_LOGISTICS_DEV",
            "all_privileges": false,
            "always_apply": false,
            "always_apply_trigger": null,
            "id": "\"OR_ADMIN_SCM_LOGISTICS_DEV\"|false|false|INSERT,DELETE,SELECT,UPDATE|OnSchemaObject|OnObject|TABLE|\"SCM_DEV\".\"LOGISTICS\".\"SHIPMENTS\"",
            "on_account": false,
            "on_account_object": [],
            "on_schema": [],
            "on_schema_object": [
              {
                "all": [],
                "future": [],
                "object_name": "SCM_DEV.LOGISTICS.SHIPMENTS",
                "object_type": "TABLE"
              }
            ],
            "privileges": [
              "DELETE",
              "INSERT",
              "SELECT",
              "UPDATE"
            ],
            "with_grant_option": false
          },
          "sensitive_attributes": [],
          "private": "bnVsbA==",
          "dependencies": [
            "module.database_crm.snowflake_database.this",
            "module.database_crm.snowflake_schema.this",
            "module.database_crm.snowflake_table.tables",
            "module.database_erp.snowflake_database.this",
            "module.database_erp.snowflake_schema.this",
            "module.database_erp.snowflake_table.tables",
            "module.database_scm.snowflake_database.this",
            "module.database_scm.snowflake_schema.this",
            "module.database_scm.snowflake_table.tables",
            "module.rbac.snowflake_account_role.object_admin"
          ]
        },
        {
          "index_key": "SCM_LOGISTICS_SUPPLIERS",
          "schema_version": 0,
          "attributes": {
            "account_role_name": "OR_ADMIN_SCM_LOGISTICS_DEV",
            "all_privileges": false,
            "always_apply": false,
            "always_apply_trigger": null,
            "id": "\"OR_ADMIN_SCM_LOGISTICS_DEV\"|false|false|INSERT,DELETE,SELECT,UPDATE|OnSchemaObject|OnObject|TABLE|\"SCM_DEV\".\"LOGISTICS\".\"SUPPLIERS\"",
            "on_account": false,
            "on_account_object": [],
            "on_schema": [],
            "on_schema_object": [
              {
                "all": [],
                "future": [],
                "object_name": "SCM_DEV.LOGISTICS.SUPPLIERS",
                "object_type": "TABLE"
              }
            ],
            "privileges": [
              "DELETE",
              "INSERT",
              "SELECT",
              "UPDATE"
            ],
            "with_grant_option": false
          },
          "sensitive_attributes": [],
          "private": "bnVsbA==",
          "dependencies": [
            "module.database_crm.snowflake_database.this",
            "module.database_crm.snowflake_schema.this",
            "module.database_crm.snowflake_table.tables",
            "module.database_erp.snowflake_database.this",
            "module.database_erp.snowflake_schema.this",
            "module.database_erp.snowflake_table.tables",
            "module.database_scm.snowflake_database.this",
            "module.database_scm.snowflake_schema.this",
            "module.database_scm.snowflake_table.tables",
            "module.rbac.snowflake_account_role.object_admin"
          ]
        }
      ]
    },
    {
      "module": "module.rbac",
      "mode": "managed",
      "type": "snowflake_grant_privileges_to_account_role",
      "name": "admin_usage_db",
      "provider": "provider[\"registry.terraform.io/snowflake-labs/snowflake\"]",
      "instances": [
        {
          "index_key": "CRM_CUSTOMERS",
          "schema_version": 0,
          "attributes": {
            "account_role_name": "OR_ADMIN_CRM_CUSTOMERS_DEV",
            "all_privileges": false,
            "always_apply": false,
            "always_apply_trigger": null,
            "id": "\"OR_ADMIN_CRM_CUSTOMERS_DEV\"|false|false|MODIFY,USAGE|OnAccountObject|DATABASE|\"CRM_DEV\"",
            "on_account": false,
            "on_account_object": [
              {
                "object_name": "CRM_DEV",
                "object_type": "DATABASE"
              }
            ],
            "on_schema": [],
            "on_schema_object": [],
            "privileges": [
              "MODIFY",
              "USAGE"
            ],
            "with_grant_option": false
          },
          "sensitive_attributes": [],
          "private": "bnVsbA==",
          "dependencies": [
            "module.database_crm.snowflake_database.this",
            "module.database_crm.snowflake_schema.this",
            "module.database_crm.snowflake_table.tables",
            "module.database_erp.snowflake_database.this",
            "module.database_erp.snowflake_schema.this",
            "module.database_erp.snowflake_table.tables",
            "module.database_scm.snowflake_database.this",
            "module.database_scm.snowflake_schema.this",
            "module.database_scm.snowflake_table.tables",
            "module.rbac.snowflake_account_role.object_admin"
          ]
        },
        {
          "index_key": "ERP_FINANCE",
          "schema_version": 0,
          "attributes": {
            "account_role_name": "OR_ADMIN_ERP_FINANCE_DEV",
            "all_privileges": false,
            "always_apply": false,
            "always_apply_trigger": null,
            "id": "\"OR_ADMIN_ERP_FINANCE_DEV\"|false|false|MODIFY,USAGE|OnAccountObject|DATABASE|\"ERP_DEV\"",
            "on_account": false,
            "on_account_object": [
              {
                "object_name": "ERP_DEV",
                "object_type": "DATABASE"
              }
            ],
            "on_schema": [],
            "on_schema_object": [],
            "privileges": [
              "MODIFY",
              "USAGE"
            ],
            "with_grant_option": false
          },
          "sensitive_attributes": [],
          "private": "bnVsbA==",
          "dependencies": [
            "module.database_crm.snowflake_database.this",
            "module.database_crm.snowflake_schema.this",
            "module.database_crm.snowflake_table.tables",
            "module.database_erp.snowflake_database.this",
            "module.database_erp.snowflake_schema.this",
            "module.database_erp.snowflake_table.tables",
            "module.database_scm.snowflake_database.this",
            "module.database_scm.snowflake_schema.this",
            "module.database_scm.snowflake_table.tables",
            "module.rbac.snowflake_account_role.object_admin"
          ]
        },
        {
          "index_key": "SCM_LOGISTICS",
          "schema_version": 0,
          "attributes": {
            "account_role_name": "OR_ADMIN_SCM_LOGISTICS_DEV",
            "all_privileges": false,
            "always_apply": false,
            "always_apply_trigger": null,
            "id": "\"OR_ADMIN_SCM_LOGISTICS_DEV\"|false|false|MODIFY,USAGE|OnAccountObject|DATABASE|\"SCM_DEV\"",
            "on_account": false,
            "on_account_object": [
              {
                "object_name": "SCM_DEV",
                "object_type": "DATABASE"
              }
            ],
            "on_schema": [],
            "on_schema_object": [],
            "privileges": [
              "MODIFY",
              "USAGE"
            ],
            "with_grant_option": false
          },
          "sensitive_attributes": [],
          "private": "bnVsbA==",
          "dependencies": [
            "module.database_crm.snowflake_database.this",
            "module.database_crm.snowflake_schema.this",
            "module.database_crm.snowflake_table.tables",
            "module.database_erp.snowflake_database.this",
            "module.database_erp.snowflake_schema.this",
            "module.database_erp.snowflake_table.tables",
            "module.database_scm.snowflake_database.this",
            "module.database_scm.snowflake_schema.this",
            "module.database_scm.snowflake_table.tables",
            "module.rbac.snowflake_account_role.object_admin"
          ]
        }
      ]
    },
    {
      "module": "module.rbac",
      "mode": "managed",
      "type": "snowflake_grant_privileges_to_account_role",
      "name": "admin_usage_schema",
      "provider": "provider[\"registry.terraform.io/snowflake-labs/snowflake\"]",
      "instances": [
        {
          "index_key": "CRM_CUSTOMERS",
          "schema_version": 0,
          "attributes": {
            "account_role_name": "OR_ADMIN_CRM_CUSTOMERS_DEV",
            "all_privileges": false,
            "always_apply": false,
            "always_apply_trigger": null,
            "id": "\"OR_ADMIN_CRM_CUSTOMERS_DEV\"|false|false|CREATE TABLE,CREATE VIEW,CREATE STAGE,USAGE|OnSchema|OnSchema|\"CRM_DEV\".\"CUSTOMERS\"",
            "on_account": false,
            "on_account_object": [],
            "on_schema": [
              {
                "all_schemas_in_database": "",
                "future_schemas_in_database": "",
                "schema_name": "CRM_DEV.CUSTOMERS"
              }
            ],
            "on_schema_object": [],
            "privileges": [
              "CREATE STAGE",
              "CREATE TABLE",
              "CREATE VIEW",
              "USAGE"
            ],
            "with_grant_option": false
          },
          "sensitive_attributes": [],
          "private": "bnVsbA==",
          "dependencies": [
            "module.database_crm.snowflake_database.this",
            "module.database_crm.snowflake_schema.this",
            "module.database_crm.snowflake_table.tables",
            "module.database_erp.snowflake_database.this",
            "module.database_erp.snowflake_schema.this",
            "module.database_erp.snowflake_table.tables",
            "module.database_scm.snowflake_database.this",
            "module.database_scm.snowflake_schema.this",
            "module.database_scm.snowflake_table.tables",
            "module.rbac.snowflake_account_role.object_admin"
          ]
        },
        {
          "index_key": "ERP_FINANCE",
          "schema_version": 0,
          "attributes": {
            "account_role_name": "OR_ADMIN_ERP_FINANCE_DEV",
            "all_privileges": false,
            "always_apply": false,
            "always_apply_trigger": null,
            "id": "\"OR_ADMIN_ERP_FINANCE_DEV\"|false|false|CREATE TABLE,CREATE VIEW,CREATE STAGE,USAGE|OnSchema|OnSchema|\"ERP_DEV\".\"FINANCE\"",
            "on_account": false,
            "on_account_object": [],
            "on_schema": [
              {
                "all_schemas_in_database": "",
                "future_schemas_in_database": "",
                "schema_name": "ERP_DEV.FINANCE"
              }
            ],
            "on_schema_object": [],
            "privileges": [
              "CREATE STAGE",
              "CREATE TABLE",
              "CREATE VIEW",
              "USAGE"
            ],
            "with_grant_option": false
          },
          "sensitive_attributes": [],
          "private": "bnVsbA==",
          "dependencies": [
            "module.database_crm.snowflake_database.this",
            "module.database_crm.snowflake_schema.this",
            "module.database_crm.snowflake_table.tables",
            "module.database_erp.snowflake_database.this",
            "module.database_erp.snowflake_schema.this",
            "module.database_erp.snowflake_table.tables",
            "module.database_scm.snowflake_database.this",
            "module.database_scm.snowflake_schema.this",
            "module.database_scm.snowflake_table.tables",
            "module.rbac.snowflake_account_role.object_admin"
          ]
        },
        {
          "index_key": "SCM_LOGISTICS",
          "schema_version": 0,
          "attributes": {
            "account_role_name": "OR_ADMIN_SCM_LOGISTICS_DEV",
            "all_privileges": false,
            "always_apply": false,
            "always_apply_trigger": null,
            "id": "\"OR_ADMIN_SCM_LOGISTICS_DEV\"|false|false|CREATE TABLE,CREATE VIEW,CREATE STAGE,USAGE|OnSchema|OnSchema|\"SCM_DEV\".\"LOGISTICS\"",
            "on_account": false,
            "on_account_object": [],
            "on_schema": [
              {
                "all_schemas_in_database": "",
                "future_schemas_in_database": "",
                "schema_name": "SCM_DEV.LOGISTICS"
              }
            ],
            "on_schema_object": [],
            "privileges": [
              "CREATE STAGE",
              "CREATE TABLE",
              "CREATE VIEW",
              "USAGE"
            ],
            "with_grant_option": false
          },
          "sensitive_attributes": [],
          "private": "bnVsbA==",
          "dependencies": [
            "module.database_crm.snowflake_database.this",
            "module.database_crm.snowflake_schema.this",
            "module.database_crm.snowflake_table.tables",
            "module.database_erp.snowflake_database.this",
            "module.database_erp.snowflake_schema.this",
            "module.database_erp.snowflake_table.tables",
            "module.database_scm.snowflake_database.this",
            "module.database_scm.snowflake_schema.this",
            "module.database_scm.snowflake_table.tables",
            "module.rbac.snowflake_account_role.object_admin"
          ]
        }
      ]
    },
    {
      "module": "module.rbac",
      "mode": "managed",
      "type": "snowflake_grant_privileges_to_account_role",
      "name": "admin_usage_warehouse",
      "provider": "provider[\"registry.terraform.io/snowflake-labs/snowflake\"]",
      "instances": [
        {
          "index_key": "CRM_CUSTOMERS",
          "schema_version": 0,
          "attributes": {
            "account_role_name": "OR_ADMIN_CRM_CUSTOMERS_DEV",
            "all_privileges": false,
            "always_apply": false,
            "always_apply_trigger": null,
            "id": "\"OR_ADMIN_CRM_CUSTOMERS_DEV\"|false|false|USAGE|OnAccountObject|WAREHOUSE|\"WH_ADMIN_DEV\"",
            "on_account": false,
            "on_account_object": [
              {
                "object_name": "WH_ADMIN_DEV",
                "object_type": "WAREHOUSE"
              }
            ],
            "on_schema": [],
            "on_schema_object": [],
            "privileges": [
              "USAGE"
            ],
            "with_grant_option": false
          },
          "sensitive_attributes": [],
          "private": "bnVsbA==",
          "dependencies": [
            "module.database_crm.snowflake_database.this",
            "module.database_crm.snowflake_schema.this",
            "module.database_crm.snowflake_table.tables",
            "module.database_erp.snowflake_database.this",
            "module.database_erp.snowflake_schema.this",
            "module.database_erp.snowflake_table.tables",
            "module.database_scm.snowflake_database.this",
            "module.database_scm.snowflake_schema.this",
            "module.database_scm.snowflake_table.tables",
            "module.rbac.snowflake_account_role.object_admin",
            "module.warehouse.snowflake_warehouse.this"
          ]
        },
        {
          "index_key": "ERP_FINANCE",
          "schema_version": 0,
          "attributes": {
            "account_role_name": "OR_ADMIN_ERP_FINANCE_DEV",
            "all_privileges": false,
            "always_apply": false,
            "always_apply_trigger": null,
            "id": "\"OR_ADMIN_ERP_FINANCE_DEV\"|false|false|USAGE|OnAccountObject|WAREHOUSE|\"WH_ADMIN_DEV\"",
            "on_account": false,
            "on_account_object": [
              {
                "object_name": "WH_ADMIN_DEV",
                "object_type": "WAREHOUSE"
              }
            ],
            "on_schema": [],
            "on_schema_object": [],
            "privileges": [
              "USAGE"
            ],
            "with_grant_option": false
          },
          "sensitive_attributes": [],
          "private": "bnVsbA==",
          "dependencies": [
            "module.database_crm.snowflake_database.this",
            "module.database_crm.snowflake_schema.this",
            "module.database_crm.snowflake_table.tables",
            "module.database_erp.snowflake_database.this",
            "module.database_erp.snowflake_schema.this",
            "module.database_erp.snowflake_table.tables",
            "module.database_scm.snowflake_database.this",
            "module.database_scm.snowflake_schema.this",
            "module.database_scm.snowflake_table.tables",
            "module.rbac.snowflake_account_role.object_admin",
            "module.warehouse.snowflake_warehouse.this"
          ]
        },
        {
          "index_key": "SCM_LOGISTICS",
          "schema_version": 0,
          "attributes": {
            "account_role_name": "OR_ADMIN_SCM_LOGISTICS_DEV",
            "all_privileges": false,
            "always_apply": false,
            "always_apply_trigger": null,
            "id": "\"OR_ADMIN_SCM_LOGISTICS_DEV\"|false|false|USAGE|OnAccountObject|WAREHOUSE|\"WH_ADMIN_DEV\"",
            "on_account": false,
            "on_account_object": [
              {
                "object_name": "WH_ADMIN_DEV",
                "object_type": "WAREHOUSE"
              }
            ],
            "on_schema": [],
            "on_schema_object": [],
            "privileges": [
              "USAGE"
            ],
            "with_grant_option": false
          },
          "sensitive_attributes": [],
          "private": "bnVsbA==",
          "dependencies": [
            "module.database_crm.snowflake_database.this",
            "module.database_crm.snowflake_schema.this",
            "module.database_crm.snowflake_table.tables",
            "module.database_erp.snowflake_database.this",
            "module.database_erp.snowflake_schema.this",
            "module.database_erp.snowflake_table.tables",
            "module.database_scm.snowflake_database.this",
            "module.database_scm.snowflake_schema.this",
            "module.database_scm.snowflake_table.tables",
            "module.rbac.snowflake_account_role.object_admin",
            "module.warehouse.snowflake_warehouse.this"
          ]
        }
      ]
    },
    {
      "module": "module.rbac",
      "mode": "managed",
      "type": "snowflake_grant_privileges_to_account_role",
      "name": "read_select_tables",
      "provider": "provider[\"registry.terraform.io/snowflake-labs/snowflake\"]",
      "instances": [
        {
          "index_key": "CRM_CUSTOMERS_CONTACTS",
          "schema_version": 0,
          "attributes": {
            "account_role_name": "OR_READ_CRM_CUSTOMERS_DEV",
            "all_privileges": false,
            "always_apply": false,
            "always_apply_trigger": null,
            "id": "\"OR_READ_CRM_CUSTOMERS_DEV\"|false|false|SELECT|OnSchemaObject|OnObject|TABLE|\"CRM_DEV\".\"CUSTOMERS\".\"CONTACTS\"",
            "on_account": false,
            "on_account_object": [],
            "on_schema": [],
            "on_schema_object": [
              {
                "all": [],
                "future": [],
                "object_name": "CRM_DEV.CUSTOMERS.CONTACTS",
                "object_type": "TABLE"
              }
            ],
            "privileges": [
              "SELECT"
            ],
            "with_grant_option": false
          },
          "sensitive_attributes": [],
          "private": "bnVsbA==",
          "dependencies": [
            "module.database_crm.snowflake_database.this",
            "module.database_crm.snowflake_schema.this",
            "module.database_crm.snowflake_table.tables",
            "module.database_erp.snowflake_database.this",
            "module.database_erp.snowflake_schema.this",
            "module.database_erp.snowflake_table.tables",
            "module.database_scm.snowflake_database.this",
            "module.database_scm.snowflake_schema.this",
            "module.database_scm.snowflake_table.tables",
            "module.rbac.snowflake_account_role.object_read"
          ]
        },
        {
          "index_key": "CRM_CUSTOMERS_OPPORTUNITIES",
          "schema_version": 0,
          "attributes": {
            "account_role_name": "OR_READ_CRM_CUSTOMERS_DEV",
            "all_privileges": false,
            "always_apply": false,
            "always_apply_trigger": null,
            "id": "\"OR_READ_CRM_CUSTOMERS_DEV\"|false|false|SELECT|OnSchemaObject|OnObject|TABLE|\"CRM_DEV\".\"CUSTOMERS\".\"OPPORTUNITIES\"",
            "on_account": false,
            "on_account_object": [],
            "on_schema": [],
            "on_schema_object": [
              {
                "all": [],
                "future": [],
                "object_name": "CRM_DEV.CUSTOMERS.OPPORTUNITIES",
                "object_type": "TABLE"
              }
            ],
            "privileges": [
              "SELECT"
            ],
            "with_grant_option": false
          },
          "sensitive_attributes": [],
          "private": "bnVsbA==",
          "dependencies": [
            "module.database_crm.snowflake_database.this",
            "module.database_crm.snowflake_schema.this",
            "module.database_crm.snowflake_table.tables",
            "module.database_erp.snowflake_database.this",
            "module.database_erp.snowflake_schema.this",
            "module.database_erp.snowflake_table.tables",
            "module.database_scm.snowflake_database.this",
            "module.database_scm.snowflake_schema.this",
            "module.database_scm.snowflake_table.tables",
            "module.rbac.snowflake_account_role.object_read"
          ]
        },
        {
          "index_key": "ERP_FINANCE_COST_CENTERS",
          "schema_version": 0,
          "attributes": {
            "account_role_name": "OR_READ_ERP_FINANCE_DEV",
            "all_privileges": false,
            "always_apply": false,
            "always_apply_trigger": null,
            "id": "\"OR_READ_ERP_FINANCE_DEV\"|false|false|SELECT|OnSchemaObject|OnObject|TABLE|\"ERP_DEV\".\"FINANCE\".\"COST_CENTERS\"",
            "on_account": false,
            "on_account_object": [],
            "on_schema": [],
            "on_schema_object": [
              {
                "all": [],
                "future": [],
                "object_name": "ERP_DEV.FINANCE.COST_CENTERS",
                "object_type": "TABLE"
              }
            ],
            "privileges": [
              "SELECT"
            ],
            "with_grant_option": false
          },
          "sensitive_attributes": [],
          "private": "bnVsbA==",
          "dependencies": [
            "module.database_crm.snowflake_database.this",
            "module.database_crm.snowflake_schema.this",
            "module.database_crm.snowflake_table.tables",
            "module.database_erp.snowflake_database.this",
            "module.database_erp.snowflake_schema.this",
            "module.database_erp.snowflake_table.tables",
            "module.database_scm.snowflake_database.this",
            "module.database_scm.snowflake_schema.this",
            "module.database_scm.snowflake_table.tables",
            "module.rbac.snowflake_account_role.object_read"
          ]
        },
        {
          "index_key": "ERP_FINANCE_INVOICES",
          "schema_version": 0,
          "attributes": {
            "account_role_name": "OR_READ_ERP_FINANCE_DEV",
            "all_privileges": false,
            "always_apply": false,
            "always_apply_trigger": null,
            "id": "\"OR_READ_ERP_FINANCE_DEV\"|false|false|SELECT|OnSchemaObject|OnObject|TABLE|\"ERP_DEV\".\"FINANCE\".\"INVOICES\"",
            "on_account": false,
            "on_account_object": [],
            "on_schema": [],
            "on_schema_object": [
              {
                "all": [],
                "future": [],
                "object_name": "ERP_DEV.FINANCE.INVOICES",
                "object_type": "TABLE"
              }
            ],
            "privileges": [
              "SELECT"
            ],
            "with_grant_option": false
          },
          "sensitive_attributes": [],
          "private": "bnVsbA==",
          "dependencies": [
            "module.database_crm.snowflake_database.this",
            "module.database_crm.snowflake_schema.this",
            "module.database_crm.snowflake_table.tables",
            "module.database_erp.snowflake_database.this",
            "module.database_erp.snowflake_schema.this",
            "module.database_erp.snowflake_table.tables",
            "module.database_scm.snowflake_database.this",
            "module.database_scm.snowflake_schema.this",
            "module.database_scm.snowflake_table.tables",
            "module.rbac.snowflake_account_role.object_read"
          ]
        },
        {
          "index_key": "SCM_LOGISTICS_SHIPMENTS",
          "schema_version": 0,
          "attributes": {
            "account_role_name": "OR_READ_SCM_LOGISTICS_DEV",
            "all_privileges": false,
            "always_apply": false,
            "always_apply_trigger": null,
            "id": "\"OR_READ_SCM_LOGISTICS_DEV\"|false|false|SELECT|OnSchemaObject|OnObject|TABLE|\"SCM_DEV\".\"LOGISTICS\".\"SHIPMENTS\"",
            "on_account": false,
            "on_account_object": [],
            "on_schema": [],
            "on_schema_object": [
              {
                "all": [],
                "future": [],
                "object_name": "SCM_DEV.LOGISTICS.SHIPMENTS",
                "object_type": "TABLE"
              }
            ],
            "privileges": [
              "SELECT"
            ],
            "with_grant_option": false
          },
          "sensitive_attributes": [],
          "private": "bnVsbA==",
          "dependencies": [
            "module.database_crm.snowflake_database.this",
            "module.database_crm.snowflake_schema.this",
            "module.database_crm.snowflake_table.tables",
            "module.database_erp.snowflake_database.this",
            "module.database_erp.snowflake_schema.this",
            "module.database_erp.snowflake_table.tables",
            "module.database_scm.snowflake_database.this",
            "module.database_scm.snowflake_schema.this",
            "module.database_scm.snowflake_table.tables",
            "module.rbac.snowflake_account_role.object_read"
          ]
        },
        {
          "index_key": "SCM_LOGISTICS_SUPPLIERS",
          "schema_version": 0,
          "attributes": {
            "account_role_name": "OR_READ_SCM_LOGISTICS_DEV",
            "all_privileges": false,
            "always_apply": false,
            "always_apply_trigger": null,
            "id": "\"OR_READ_SCM_LOGISTICS_DEV\"|false|false|SELECT|OnSchemaObject|OnObject|TABLE|\"SCM_DEV\".\"LOGISTICS\".\"SUPPLIERS\"",
            "on_account": false,
            "on_account_object": [],
            "on_schema": [],
            "on_schema_object": [
              {
                "all": [],
                "future": [],
                "object_name": "SCM_DEV.LOGISTICS.SUPPLIERS",
                "object_type": "TABLE"
              }
            ],
            "privileges": [
              "SELECT"
            ],
            "with_grant_option": false
          },
          "sensitive_attributes": [],
          "private": "bnVsbA==",
          "dependencies": [
            "module.database_crm.snowflake_database.this",
            "module.database_crm.snowflake_schema.this",
            "module.database_crm.snowflake_table.tables",
            "module.database_erp.snowflake_database.this",
            "module.database_erp.snowflake_schema.this",
            "module.database_erp.snowflake_table.tables",
            "module.database_scm.snowflake_database.this",
            "module.database_scm.snowflake_schema.this",
            "module.database_scm.snowflake_table.tables",
            "module.rbac.snowflake_account_role.object_read"
          ]
        }
      ]
    },
    {
      "module": "module.rbac",
      "mode": "managed",
      "type": "snowflake_grant_privileges_to_account_role",
      "name": "read_usage_db",
      "provider": "provider[\"registry.terraform.io/snowflake-labs/snowflake\"]",
      "instances": [
        {
          "index_key": "CRM_CUSTOMERS",
          "schema_version": 0,
          "attributes": {
            "account_role_name": "OR_READ_CRM_CUSTOMERS_DEV",
            "all_privileges": false,
            "always_apply": false,
            "always_apply_trigger": null,
            "id": "\"OR_READ_CRM_CUSTOMERS_DEV\"|false|false|USAGE|OnAccountObject|DATABASE|\"CRM_DEV\"",
            "on_account": false,
            "on_account_object": [
              {
                "object_name": "CRM_DEV",
                "object_type": "DATABASE"
              }
            ],
            "on_schema": [],
            "on_schema_object": [],
            "privileges": [
              "USAGE"
            ],
            "with_grant_option": false
          },
          "sensitive_attributes": [],
          "private": "bnVsbA==",
          "dependencies": [
            "module.database_crm.snowflake_database.this",
            "module.database_crm.snowflake_schema.this",
            "module.database_crm.snowflake_table.tables",
            "module.database_erp.snowflake_database.this",
            "module.database_erp.snowflake_schema.this",
            "module.database_erp.snowflake_table.tables",
            "module.database_scm.snowflake_database.this",
            "module.database_scm.snowflake_schema.this",
            "module.database_scm.snowflake_table.tables",
            "module.rbac.snowflake_account_role.object_read"
          ]
        },
        {
          "index_key": "ERP_FINANCE",
          "schema_version": 0,
          "attributes": {
            "account_role_name": "OR_READ_ERP_FINANCE_DEV",
            "all_privileges": false,
            "always_apply": false,
            "always_apply_trigger": null,
            "id": "\"OR_READ_ERP_FINANCE_DEV\"|false|false|USAGE|OnAccountObject|DATABASE|\"ERP_DEV\"",
            "on_account": false,
            "on_account_object": [
              {
                "object_name": "ERP_DEV",
                "object_type": "DATABASE"
              }
            ],
            "on_schema": [],
            "on_schema_object": [],
            "privileges": [
              "USAGE"
            ],
            "with_grant_option": false
          },
          "sensitive_attributes": [],
          "private": "bnVsbA==",
          "dependencies": [
            "module.database_crm.snowflake_database.this",
            "module.database_crm.snowflake_schema.this",
            "module.database_crm.snowflake_table.tables",
            "module.database_erp.snowflake_database.this",
            "module.database_erp.snowflake_schema.this",
            "module.database_erp.snowflake_table.tables",
            "module.database_scm.snowflake_database.this",
            "module.database_scm.snowflake_schema.this",
            "module.database_scm.snowflake_table.tables",
            "module.rbac.snowflake_account_role.object_read"
          ]
        },
        {
          "index_key": "SCM_LOGISTICS",
          "schema_version": 0,
          "attributes": {
            "account_role_name": "OR_READ_SCM_LOGISTICS_DEV",
            "all_privileges": false,
            "always_apply": false,
            "always_apply_trigger": null,
            "id": "\"OR_READ_SCM_LOGISTICS_DEV\"|false|false|USAGE|OnAccountObject|DATABASE|\"SCM_DEV\"",
            "on_account": false,
            "on_account_object": [
              {
                "object_name": "SCM_DEV",
                "object_type": "DATABASE"
              }
            ],
            "on_schema": [],
            "on_schema_object": [],
            "privileges": [
              "USAGE"
            ],
            "with_grant_option": false
          },
          "sensitive_attributes": [],
          "private": "bnVsbA==",
          "dependencies": [
            "module.database_crm.snowflake_database.this",
            "module.database_crm.snowflake_schema.this",
            "module.database_crm.snowflake_table.tables",
            "module.database_erp.snowflake_database.this",
            "module.database_erp.snowflake_schema.this",
            "module.database_erp.snowflake_table.tables",
            "module.database_scm.snowflake_database.this",
            "module.database_scm.snowflake_schema.this",
            "module.database_scm.snowflake_table.tables",
            "module.rbac.snowflake_account_role.object_read"
          ]
        }
      ]
    },
    {
      "module": "module.rbac",
      "mode": "managed",
      "type": "snowflake_grant_privileges_to_account_role",
      "name": "read_usage_schema",
      "provider": "provider[\"registry.terraform.io/snowflake-labs/snowflake\"]",
      "instances": [
        {
          "index_key": "CRM_CUSTOMERS",
          "schema_version": 0,
          "attributes": {
            "account_role_name": "OR_READ_CRM_CUSTOMERS_DEV",
            "all_privileges": false,
            "always_apply": false,
            "always_apply_trigger": null,
            "id": "\"OR_READ_CRM_CUSTOMERS_DEV\"|false|false|USAGE|OnSchema|OnSchema|\"CRM_DEV\".\"CUSTOMERS\"",
            "on_account": false,
            "on_account_object": [],
            "on_schema": [
              {
                "all_schemas_in_database": "",
                "future_schemas_in_database": "",
                "schema_name": "CRM_DEV.CUSTOMERS"
              }
            ],
            "on_schema_object": [],
            "privileges": [
              "USAGE"
            ],
            "with_grant_option": false
          },
          "sensitive_attributes": [],
          "private": "bnVsbA==",
          "dependencies": [
            "module.database_crm.snowflake_database.this",
            "module.database_crm.snowflake_schema.this",
            "module.database_crm.snowflake_table.tables",
            "module.database_erp.snowflake_database.this",
            "module.database_erp.snowflake_schema.this",
            "module.database_erp.snowflake_table.tables",
            "module.database_scm.snowflake_database.this",
            "module.database_scm.snowflake_schema.this",
            "module.database_scm.snowflake_table.tables",
            "module.rbac.snowflake_account_role.object_read"
          ]
        },
        {
          "index_key": "ERP_FINANCE",
          "schema_version": 0,
          "attributes": {
            "account_role_name": "OR_READ_ERP_FINANCE_DEV",
            "all_privileges": false,
            "always_apply": false,
            "always_apply_trigger": null,
            "id": "\"OR_READ_ERP_FINANCE_DEV\"|false|false|USAGE|OnSchema|OnSchema|\"ERP_DEV\".\"FINANCE\"",
            "on_account": false,
            "on_account_object": [],
            "on_schema": [
              {
                "all_schemas_in_database": "",
                "future_schemas_in_database": "",
                "schema_name": "ERP_DEV.FINANCE"
              }
            ],
            "on_schema_object": [],
            "privileges": [
              "USAGE"
            ],
            "with_grant_option": false
          },
          "sensitive_attributes": [],
          "private": "bnVsbA==",
          "dependencies": [
            "module.database_crm.snowflake_database.this",
            "module.database_crm.snowflake_schema.this",
            "module.database_crm.snowflake_table.tables",
            "module.database_erp.snowflake_database.this",
            "module.database_erp.snowflake_schema.this",
            "module.database_erp.snowflake_table.tables",
            "module.database_scm.snowflake_database.this",
            "module.database_scm.snowflake_schema.this",
            "module.database_scm.snowflake_table.tables",
            "module.rbac.snowflake_account_role.object_read"
          ]
        },
        {
          "index_key": "SCM_LOGISTICS",
          "schema_version": 0,
          "attributes": {
            "account_role_name": "OR_READ_SCM_LOGISTICS_DEV",
            "all_privileges": false,
            "always_apply": false,
            "always_apply_trigger": null,
            "id": "\"OR_READ_SCM_LOGISTICS_DEV\"|false|false|USAGE|OnSchema|OnSchema|\"SCM_DEV\".\"LOGISTICS\"",
            "on_account": false,
            "on_account_object": [],
            "on_schema": [
              {
                "all_schemas_in_database": "",
                "future_schemas_in_database": "",
                "schema_name": "SCM_DEV.LOGISTICS"
              }
            ],
            "on_schema_object": [],
            "privileges": [
              "USAGE"
            ],
            "with_grant_option": false
          },
          "sensitive_attributes": [],
          "private": "bnVsbA==",
          "dependencies": [
            "module.database_crm.snowflake_database.this",
            "module.database_crm.snowflake_schema.this",
            "module.database_crm.snowflake_table.tables",
            "module.database_erp.snowflake_database.this",
            "module.database_erp.snowflake_schema.this",
            "module.database_erp.snowflake_table.tables",
            "module.database_scm.snowflake_database.this",
            "module.database_scm.snowflake_schema.this",
            "module.database_scm.snowflake_table.tables",
            "module.rbac.snowflake_account_role.object_read"
          ]
        }
      ]
    },
    {
      "module": "module.rbac",
      "mode": "managed",
      "type": "snowflake_grant_privileges_to_account_role",
      "name": "write_dml_tables",
      "provider": "provider[\"registry.terraform.io/snowflake-labs/snowflake\"]",
      "instances": [
        {
          "index_key": "CRM_CUSTOMERS_CONTACTS",
          "schema_version": 0,
          "attributes": {
            "account_role_name": "OR_WRITE_CRM_CUSTOMERS_DEV",
            "all_privileges": false,
            "always_apply": false,
            "always_apply_trigger": null,
            "id": "\"OR_WRITE_CRM_CUSTOMERS_DEV\"|false|false|INSERT,DELETE,SELECT,UPDATE|OnSchemaObject|OnObject|TABLE|\"CRM_DEV\".\"CUSTOMERS\".\"CONTACTS\"",
            "on_account": false,
            "on_account_object": [],
            "on_schema": [],
            "on_schema_object": [
              {
                "all": [],
                "future": [],
                "object_name": "CRM_DEV.CUSTOMERS.CONTACTS",
                "object_type": "TABLE"
              }
            ],
            "privileges": [
              "DELETE",
              "INSERT",
              "SELECT",
              "UPDATE"
            ],
            "with_grant_option": false
          },
          "sensitive_attributes": [],
          "private": "bnVsbA==",
          "dependencies": [
            "module.database_crm.snowflake_database.this",
            "module.database_crm.snowflake_schema.this",
            "module.database_crm.snowflake_table.tables",
            "module.database_erp.snowflake_database.this",
            "module.database_erp.snowflake_schema.this",
            "module.database_erp.snowflake_table.tables",
            "module.database_scm.snowflake_database.this",
            "module.database_scm.snowflake_schema.this",
            "module.database_scm.snowflake_table.tables",
            "module.rbac.snowflake_account_role.object_write"
          ]
        },
        {
          "index_key": "CRM_CUSTOMERS_OPPORTUNITIES",
          "schema_version": 0,
          "attributes": {
            "account_role_name": "OR_WRITE_CRM_CUSTOMERS_DEV",
            "all_privileges": false,
            "always_apply": false,
            "always_apply_trigger": null,
            "id": "\"OR_WRITE_CRM_CUSTOMERS_DEV\"|false|false|INSERT,DELETE,SELECT,UPDATE|OnSchemaObject|OnObject|TABLE|\"CRM_DEV\".\"CUSTOMERS\".\"OPPORTUNITIES\"",
            "on_account": false,
            "on_account_object": [],
            "on_schema": [],
            "on_schema_object": [
              {
                "all": [],
                "future": [],
                "object_name": "CRM_DEV.CUSTOMERS.OPPORTUNITIES",
                "object_type": "TABLE"
              }
            ],
            "privileges": [
              "DELETE",
              "INSERT",
              "SELECT",
              "UPDATE"
            ],
            "with_grant_option": false
          },
          "sensitive_attributes": [],
          "private": "bnVsbA==",
          "dependencies": [
            "module.database_crm.snowflake_database.this",
            "module.database_crm.snowflake_schema.this",
            "module.database_crm.snowflake_table.tables",
            "module.database_erp.snowflake_database.this",
            "module.database_erp.snowflake_schema.this",
            "module.database_erp.snowflake_table.tables",
            "module.database_scm.snowflake_database.this",
            "module.database_scm.snowflake_schema.this",
            "module.database_scm.snowflake_table.tables",
            "module.rbac.snowflake_account_role.object_write"
          ]
        },
        {
          "index_key": "ERP_FINANCE_COST_CENTERS",
          "schema_version": 0,
          "attributes": {
            "account_role_name": "OR_WRITE_ERP_FINANCE_DEV",
            "all_privileges": false,
            "always_apply": false,
            "always_apply_trigger": null,
            "id": "\"OR_WRITE_ERP_FINANCE_DEV\"|false|false|INSERT,DELETE,SELECT,UPDATE|OnSchemaObject|OnObject|TABLE|\"ERP_DEV\".\"FINANCE\".\"COST_CENTERS\"",
            "on_account": false,
            "on_account_object": [],
            "on_schema": [],
            "on_schema_object": [
              {
                "all": [],
                "future": [],
                "object_name": "ERP_DEV.FINANCE.COST_CENTERS",
                "object_type": "TABLE"
              }
            ],
            "privileges": [
              "DELETE",
              "INSERT",
              "SELECT",
              "UPDATE"
            ],
            "with_grant_option": false
          },
          "sensitive_attributes": [],
          "private": "bnVsbA==",
          "dependencies": [
            "module.database_crm.snowflake_database.this",
            "module.database_crm.snowflake_schema.this",
            "module.database_crm.snowflake_table.tables",
            "module.database_erp.snowflake_database.this",
            "module.database_erp.snowflake_schema.this",
            "module.database_erp.snowflake_table.tables",
            "module.database_scm.snowflake_database.this",
            "module.database_scm.snowflake_schema.this",
            "module.database_scm.snowflake_table.tables",
            "module.rbac.snowflake_account_role.object_write"
          ]
        },
        {
          "index_key": "ERP_FINANCE_INVOICES",
          "schema_version": 0,
          "attributes": {
            "account_role_name": "OR_WRITE_ERP_FINANCE_DEV",
            "all_privileges": false,
            "always_apply": false,
            "always_apply_trigger": null,
            "id": "\"OR_WRITE_ERP_FINANCE_DEV\"|false|false|INSERT,DELETE,SELECT,UPDATE|OnSchemaObject|OnObject|TABLE|\"ERP_DEV\".\"FINANCE\".\"INVOICES\"",
            "on_account": false,
            "on_account_object": [],
            "on_schema": [],
            "on_schema_object": [
              {
                "all": [],
                "future": [],
                "object_name": "ERP_DEV.FINANCE.INVOICES",
                "object_type": "TABLE"
              }
            ],
            "privileges": [
              "DELETE",
              "INSERT",
              "SELECT",
              "UPDATE"
            ],
            "with_grant_option": false
          },
          "sensitive_attributes": [],
          "private": "bnVsbA==",
          "dependencies": [
            "module.database_crm.snowflake_database.this",
            "module.database_crm.snowflake_schema.this",
            "module.database_crm.snowflake_table.tables",
            "module.database_erp.snowflake_database.this",
            "module.database_erp.snowflake_schema.this",
            "module.database_erp.snowflake_table.tables",
            "module.database_scm.snowflake_database.this",
            "module.database_scm.snowflake_schema.this",
            "module.database_scm.snowflake_table.tables",
            "module.rbac.snowflake_account_role.object_write"
          ]
        },
        {
          "index_key": "SCM_LOGISTICS_SHIPMENTS",
          "schema_version": 0,
          "attributes": {
            "account_role_name": "OR_WRITE_SCM_LOGISTICS_DEV",
            "all_privileges": false,
            "always_apply": false,
            "always_apply_trigger": null,
            "id": "\"OR_WRITE_SCM_LOGISTICS_DEV\"|false|false|INSERT,DELETE,SELECT,UPDATE|OnSchemaObject|OnObject|TABLE|\"SCM_DEV\".\"LOGISTICS\".\"SHIPMENTS\"",
            "on_account": false,
            "on_account_object": [],
            "on_schema": [],
            "on_schema_object": [
              {
                "all": [],
                "future": [],
                "object_name": "SCM_DEV.LOGISTICS.SHIPMENTS",
                "object_type": "TABLE"
              }
            ],
            "privileges": [
              "DELETE",
              "INSERT",
              "SELECT",
              "UPDATE"
            ],
            "with_grant_option": false
          },
          "sensitive_attributes": [],
          "private": "bnVsbA==",
          "dependencies": [
            "module.database_crm.snowflake_database.this",
            "module.database_crm.snowflake_schema.this",
            "module.database_crm.snowflake_table.tables",
            "module.database_erp.snowflake_database.this",
            "module.database_erp.snowflake_schema.this",
            "module.database_erp.snowflake_table.tables",
            "module.database_scm.snowflake_database.this",
            "module.database_scm.snowflake_schema.this",
            "module.database_scm.snowflake_table.tables",
            "module.rbac.snowflake_account_role.object_write"
          ]
        },
        {
          "index_key": "SCM_LOGISTICS_SUPPLIERS",
          "schema_version": 0,
          "attributes": {
            "account_role_name": "OR_WRITE_SCM_LOGISTICS_DEV",
            "all_privileges": false,
            "always_apply": false,
            "always_apply_trigger": null,
            "id": "\"OR_WRITE_SCM_LOGISTICS_DEV\"|false|false|INSERT,DELETE,SELECT,UPDATE|OnSchemaObject|OnObject|TABLE|\"SCM_DEV\".\"LOGISTICS\".\"SUPPLIERS\"",
            "on_account": false,
            "on_account_object": [],
            "on_schema": [],
            "on_schema_object": [
              {
                "all": [],
                "future": [],
                "object_name": "SCM_DEV.LOGISTICS.SUPPLIERS",
                "object_type": "TABLE"
              }
            ],
            "privileges": [
              "DELETE",
              "INSERT",
              "SELECT",
              "UPDATE"
            ],
            "with_grant_option": false
          },
          "sensitive_attributes": [],
          "private": "bnVsbA==",
          "dependencies": [
            "module.database_crm.snowflake_database.this",
            "module.database_crm.snowflake_schema.this",
            "module.database_crm.snowflake_table.tables",
            "module.database_erp.snowflake_database.this",
            "module.database_erp.snowflake_schema.this",
            "module.database_erp.snowflake_table.tables",
            "module.database_scm.snowflake_database.this",
            "module.database_scm.snowflake_schema.this",
            "module.database_scm.snowflake_table.tables",
            "module.rbac.snowflake_account_role.object_write"
          ]
        }
      ]
    },
    {
      "module": "module.rbac",
      "mode": "managed",
      "type": "snowflake_grant_privileges_to_account_role",
      "name": "write_usage_db",
      "provider": "provider[\"registry.terraform.io/snowflake-labs/snowflake\"]",
      "instances": [
        {
          "index_key": "CRM_CUSTOMERS",
          "schema_version": 0,
          "attributes": {
            "account_role_name": "OR_WRITE_CRM_CUSTOMERS_DEV",
            "all_privileges": false,
            "always_apply": false,
            "always_apply_trigger": null,
            "id": "\"OR_WRITE_CRM_CUSTOMERS_DEV\"|false|false|USAGE|OnAccountObject|DATABASE|\"CRM_DEV\"",
            "on_account": false,
            "on_account_object": [
              {
                "object_name": "CRM_DEV",
                "object_type": "DATABASE"
              }
            ],
            "on_schema": [],
            "on_schema_object": [],
            "privileges": [
              "USAGE"
            ],
            "with_grant_option": false
          },
          "sensitive_attributes": [],
          "private": "bnVsbA==",
          "dependencies": [
            "module.database_crm.snowflake_database.this",
            "module.database_crm.snowflake_schema.this",
            "module.database_crm.snowflake_table.tables",
            "module.database_erp.snowflake_database.this",
            "module.database_erp.snowflake_schema.this",
            "module.database_erp.snowflake_table.tables",
            "module.database_scm.snowflake_database.this",
            "module.database_scm.snowflake_schema.this",
            "module.database_scm.snowflake_table.tables",
            "module.rbac.snowflake_account_role.object_write"
          ]
        },
        {
          "index_key": "ERP_FINANCE",
          "schema_version": 0,
          "attributes": {
            "account_role_name": "OR_WRITE_ERP_FINANCE_DEV",
            "all_privileges": false,
            "always_apply": false,
            "always_apply_trigger": null,
            "id": "\"OR_WRITE_ERP_FINANCE_DEV\"|false|false|USAGE|OnAccountObject|DATABASE|\"ERP_DEV\"",
            "on_account": false,
            "on_account_object": [
              {
                "object_name": "ERP_DEV",
                "object_type": "DATABASE"
              }
            ],
            "on_schema": [],
            "on_schema_object": [],
            "privileges": [
              "USAGE"
            ],
            "with_grant_option": false
          },
          "sensitive_attributes": [],
          "private": "bnVsbA==",
          "dependencies": [
            "module.database_crm.snowflake_database.this",
            "module.database_crm.snowflake_schema.this",
            "module.database_crm.snowflake_table.tables",
            "module.database_erp.snowflake_database.this",
            "module.database_erp.snowflake_schema.this",
            "module.database_erp.snowflake_table.tables",
            "module.database_scm.snowflake_database.this",
            "module.database_scm.snowflake_schema.this",
            "module.database_scm.snowflake_table.tables",
            "module.rbac.snowflake_account_role.object_write"
          ]
        },
        {
          "index_key": "SCM_LOGISTICS",
          "schema_version": 0,
          "attributes": {
            "account_role_name": "OR_WRITE_SCM_LOGISTICS_DEV",
            "all_privileges": false,
            "always_apply": false,
            "always_apply_trigger": null,
            "id": "\"OR_WRITE_SCM_LOGISTICS_DEV\"|false|false|USAGE|OnAccountObject|DATABASE|\"SCM_DEV\"",
            "on_account": false,
            "on_account_object": [
              {
                "object_name": "SCM_DEV",
                "object_type": "DATABASE"
              }
            ],
            "on_schema": [],
            "on_schema_object": [],
            "privileges": [
              "USAGE"
            ],
            "with_grant_option": false
          },
          "sensitive_attributes": [],
          "private": "bnVsbA==",
          "dependencies": [
            "module.database_crm.snowflake_database.this",
            "module.database_crm.snowflake_schema.this",
            "module.database_crm.snowflake_table.tables",
            "module.database_erp.snowflake_database.this",
            "module.database_erp.snowflake_schema.this",
            "module.database_erp.snowflake_table.tables",
            "module.database_scm.snowflake_database.this",
            "module.database_scm.snowflake_schema.this",
            "module.database_scm.snowflake_table.tables",
            "module.rbac.snowflake_account_role.object_write"
          ]
        }
      ]
    },
    {
      "module": "module.rbac",
      "mode": "managed",
      "type": "snowflake_grant_privileges_to_account_role",
      "name": "write_usage_schema",
      "provider": "provider[\"registry.terraform.io/snowflake-labs/snowflake\"]",
      "instances": [
        {
          "index_key": "CRM_CUSTOMERS",
          "schema_version": 0,
          "attributes": {
            "account_role_name": "OR_WRITE_CRM_CUSTOMERS_DEV",
            "all_privileges": false,
            "always_apply": false,
            "always_apply_trigger": null,
            "id": "\"OR_WRITE_CRM_CUSTOMERS_DEV\"|false|false|USAGE|OnSchema|OnSchema|\"CRM_DEV\".\"CUSTOMERS\"",
            "on_account": false,
            "on_account_object": [],
            "on_schema": [
              {
                "all_schemas_in_database": "",
                "future_schemas_in_database": "",
                "schema_name": "CRM_DEV.CUSTOMERS"
              }
            ],
            "on_schema_object": [],
            "privileges": [
              "USAGE"
            ],
            "with_grant_option": false
          },
          "sensitive_attributes": [],
          "private": "bnVsbA==",
          "dependencies": [
            "module.database_crm.snowflake_database.this",
            "module.database_crm.snowflake_schema.this",
            "module.database_crm.snowflake_table.tables",
            "module.database_erp.snowflake_database.this",
            "module.database_erp.snowflake_schema.this",
            "module.database_erp.snowflake_table.tables",
            "module.database_scm.snowflake_database.this",
            "module.database_scm.snowflake_schema.this",
            "module.database_scm.snowflake_table.tables",
            "module.rbac.snowflake_account_role.object_write"
          ]
        },
        {
          "index_key": "ERP_FINANCE",
          "schema_version": 0,
          "attributes": {
            "account_role_name": "OR_WRITE_ERP_FINANCE_DEV",
            "all_privileges": false,
            "always_apply": false,
            "always_apply_trigger": null,
            "id": "\"OR_WRITE_ERP_FINANCE_DEV\"|false|false|USAGE|OnSchema|OnSchema|\"ERP_DEV\".\"FINANCE\"",
            "on_account": false,
            "on_account_object": [],
            "on_schema": [
              {
                "all_schemas_in_database": "",
                "future_schemas_in_database": "",
                "schema_name": "ERP_DEV.FINANCE"
              }
            ],
            "on_schema_object": [],
            "privileges": [
              "USAGE"
            ],
            "with_grant_option": false
          },
          "sensitive_attributes": [],
          "private": "bnVsbA==",
          "dependencies": [
            "module.database_crm.snowflake_database.this",
            "module.database_crm.snowflake_schema.this",
            "module.database_crm.snowflake_table.tables",
            "module.database_erp.snowflake_database.this",
            "module.database_erp.snowflake_schema.this",
            "module.database_erp.snowflake_table.tables",
            "module.database_scm.snowflake_database.this",
            "module.database_scm.snowflake_schema.this",
            "module.database_scm.snowflake_table.tables",
            "module.rbac.snowflake_account_role.object_write"
          ]
        },
        {
          "index_key": "SCM_LOGISTICS",
          "schema_version": 0,
          "attributes": {
            "account_role_name": "OR_WRITE_SCM_LOGISTICS_DEV",
            "all_privileges": false,
            "always_apply": false,
            "always_apply_trigger": null,
            "id": "\"OR_WRITE_SCM_LOGISTICS_DEV\"|false|false|USAGE|OnSchema|OnSchema|\"SCM_DEV\".\"LOGISTICS\"",
            "on_account": false,
            "on_account_object": [],
            "on_schema": [
              {
                "all_schemas_in_database": "",
                "future_schemas_in_database": "",
                "schema_name": "SCM_DEV.LOGISTICS"
              }
            ],
            "on_schema_object": [],
            "privileges": [
              "USAGE"
            ],
            "with_grant_option": false
          },
          "sensitive_attributes": [],
          "private": "bnVsbA==",
          "dependencies": [
            "module.database_crm.snowflake_database.this",
            "module.database_crm.snowflake_schema.this",
            "module.database_crm.snowflake_table.tables",
            "module.database_erp.snowflake_database.this",
            "module.database_erp.snowflake_schema.this",
            "module.database_erp.snowflake_table.tables",
            "module.database_scm.snowflake_database.this",
            "module.database_scm.snowflake_schema.this",
            "module.database_scm.snowflake_table.tables",
            "module.rbac.snowflake_account_role.object_write"
          ]
        }
      ]
    },
    {
      "module": "module.rbac",
      "mode": "managed",
      "type": "snowflake_user",
      "name": "users",
      "provider": "provider[\"registry.terraform.io/snowflake-labs/snowflake\"]",
      "instances": [
        {
          "index_key": "U_ANA_GARCIA",
          "schema_version": 1,
          "attributes": {
            "abort_detached_query": false,
            "autocommit": true,
            "binary_input_format": "HEX",
            "binary_output_format": "HEX",
            "client_memory_limit": 1536,
            "client_metadata_request_use_connection_ctx": false,
            "client_prefetch_threads": 4,
            "client_result_chunk_size": 160,
            "client_result_column_case_insensitive": false,
            "client_session_keep_alive": false,
            "client_session_keep_alive_heartbeat_frequency": 3600,
            "client_timestamp_type_mapping": "TIMESTAMP_LTZ",
            "comment": "Onboarding: Analista de datos - ejemplo",
            "date_input_format": "AUTO",
            "date_output_format": "YYYY-MM-DD",
            "days_to_expiry": null,
            "default_namespace": null,
            "default_role": "FR_DATA_ANALYST",
            "default_secondary_roles_option": "DEFAULT",
            "default_warehouse": "WH_ANALYTICS_DEV",
            "disable_mfa": "default",
            "disabled": "default",
            "display_name": null,
            "email": null,
            "enable_unload_physical_type_optimization": true,
            "enable_unredacted_query_syntax_error": false,
            "error_on_nondeterministic_merge": true,
            "error_on_nondeterministic_update": false,
            "first_name": null,
            "fully_qualified_name": "\"U_ANA_GARCIA\"",
            "geography_output_format": "GeoJSON",
            "geometry_output_format": "GeoJSON",
            "id": "U_ANA_GARCIA",
            "jdbc_treat_decimal_as_int": true,
            "jdbc_treat_timestamp_ntz_as_utc": false,
            "jdbc_use_session_timezone": true,
            "json_indent": 2,
            "last_name": null,
            "lock_timeout": 43200,
            "log_level": "OFF",
            "login_name": null,
            "middle_name": null,
            "mins_to_bypass_mfa": -1,
            "mins_to_unlock": -1,
            "multi_statement_count": 1,
            "must_change_password": "true",
            "name": "U_ANA_GARCIA",
            "network_policy": "",
            "noorder_sequence_as_default": true,
            "odbc_treat_decimal_as_int": false,
            "parameters": [
              {
                "abort_detached_query": [
                  {
                    "default": "false",
                    "description": "If true, Snowflake will automatically abort queries when it detects that the client has disappeared.",
                    "key": "ABORT_DETACHED_QUERY",
                    "level": "",
                    "value": "false"
                  }
                ],
                "autocommit": [
                  {
                    "default": "true",
                    "description": "The autocommit property determines whether is statement should to be implicitly\nwrapped within a transaction or not. If autocommit is set to true, then a \nstatement that requires a transaction is executed within a transaction \nimplicitly. If autocommit is off then an explicit commit or rollback is required\nto close a transaction. The default autocommit value is true.",
                    "key": "AUTOCOMMIT",
                    "level": "",
                    "value": "true"
                  }
                ],
                "binary_input_format": [
                  {
                    "default": "HEX",
                    "description": "input format for binary",
                    "key": "BINARY_INPUT_FORMAT",
                    "level": "",
                    "value": "HEX"
                  }
                ],
                "binary_output_format": [
                  {
                    "default": "HEX",
                    "description": "display format for binary",
                    "key": "BINARY_OUTPUT_FORMAT",
                    "level": "",
                    "value": "HEX"
                  }
                ],
                "client_memory_limit": [
                  {
                    "default": "1536",
                    "description": "Limit the amount of memory used by the client in MB",
                    "key": "CLIENT_MEMORY_LIMIT",
                    "level": "",
                    "value": "1536"
                  }
                ],
                "client_metadata_request_use_connection_ctx": [
                  {
                    "default": "false",
                    "description": "For client metadata request(getTables()), use session catalog and schema if set to true",
                    "key": "CLIENT_METADATA_REQUEST_USE_CONNECTION_CTX",
                    "level": "",
                    "value": "false"
                  }
                ],
                "client_prefetch_threads": [
                  {
                    "default": "4",
                    "description": "Customer parameter to control threads, 0=auto",
                    "key": "CLIENT_PREFETCH_THREADS",
                    "level": "",
                    "value": "4"
                  }
                ],
                "client_result_chunk_size": [
                  {
                    "default": "160",
                    "description": "Set the max result chunk size in MB on the client side",
                    "key": "CLIENT_RESULT_CHUNK_SIZE",
                    "level": "",
                    "value": "160"
                  }
                ],
                "client_result_column_case_insensitive": [
                  {
                    "default": "false",
                    "description": "Column name search is case insensitive in clients",
                    "key": "CLIENT_RESULT_COLUMN_CASE_INSENSITIVE",
                    "level": "",
                    "value": "false"
                  }
                ],
                "client_session_keep_alive": [
                  {
                    "default": "false",
                    "description": "If true, client session will not expire automatically",
                    "key": "CLIENT_SESSION_KEEP_ALIVE",
                    "level": "",
                    "value": "false"
                  }
                ],
                "client_session_keep_alive_heartbeat_frequency": [
                  {
                    "default": "3600",
                    "description": "Heartbeat frequency in seconds for CLIENT_SESSION_KEEP_ALIVE.",
                    "key": "CLIENT_SESSION_KEEP_ALIVE_HEARTBEAT_FREQUENCY",
                    "level": "",
                    "value": "3600"
                  }
                ],
                "client_timestamp_type_mapping": [
                  {
                    "default": "TIMESTAMP_LTZ",
                    "description": "If a variable is bound to the TIMESTAMP data type using the bind API, determines which TIMESTAMP* type it should map to:\n  TIMESTAMP_LTZ (default), TIMESTAMP_NTZ",
                    "key": "CLIENT_TIMESTAMP_TYPE_MAPPING",
                    "level": "",
                    "value": "TIMESTAMP_LTZ"
                  }
                ],
                "date_input_format": [
                  {
                    "default": "AUTO",
                    "description": "input format for date",
                    "key": "DATE_INPUT_FORMAT",
                    "level": "",
                    "value": "AUTO"
                  }
                ],
                "date_output_format": [
                  {
                    "default": "YYYY-MM-DD",
                    "description": "display format for date",
                    "key": "DATE_OUTPUT_FORMAT",
                    "level": "",
                    "value": "YYYY-MM-DD"
                  }
                ],
                "enable_unload_physical_type_optimization": [
                  {
                    "default": "true",
                    "description": "Enable physical-type optimizations used in Snowflake to affect the Parquet output",
                    "key": "ENABLE_UNLOAD_PHYSICAL_TYPE_OPTIMIZATION",
                    "level": "",
                    "value": "true"
                  }
                ],
                "enable_unredacted_query_syntax_error": [
                  {
                    "default": "false",
                    "description": "Enable View Malformed SQL Text feature when parse error occurs",
                    "key": "ENABLE_UNREDACTED_QUERY_SYNTAX_ERROR",
                    "level": "",
                    "value": "false"
                  }
                ],
                "error_on_nondeterministic_merge": [
                  {
                    "default": "true",
                    "description": "raise an error when attempting to merge-update a row that joins many rows",
                    "key": "ERROR_ON_NONDETERMINISTIC_MERGE",
                    "level": "",
                    "value": "true"
                  }
                ],
                "error_on_nondeterministic_update": [
                  {
                    "default": "false",
                    "description": "raise an error when attempting to update a row that joins many rows",
                    "key": "ERROR_ON_NONDETERMINISTIC_UPDATE",
                    "level": "",
                    "value": "false"
                  }
                ],
                "geography_output_format": [
                  {
                    "default": "GeoJSON",
                    "description": "GEOGRAPHY display format: GeoJSON, WKT, or WKB(case-insensitive)",
                    "key": "GEOGRAPHY_OUTPUT_FORMAT",
                    "level": "",
                    "value": "GeoJSON"
                  }
                ],
                "geometry_output_format": [
                  {
                    "default": "GeoJSON",
                    "description": "GEOMETRY display format: GeoJSON, WKT, or WKB(case-insensitive)",
                    "key": "GEOMETRY_OUTPUT_FORMAT",
                    "level": "",
                    "value": "GeoJSON"
                  }
                ],
                "jdbc_treat_decimal_as_int": [
                  {
                    "default": "true",
                    "description": "When scale is 0, whether to treat Decimal as Int in JDBC",
                    "key": "JDBC_TREAT_DECIMAL_AS_INT",
                    "level": "",
                    "value": "true"
                  }
                ],
                "jdbc_treat_timestamp_ntz_as_utc": [
                  {
                    "default": "false",
                    "description": "When true, Timestamp_NTZ values are always stored in UTC timezone",
                    "key": "JDBC_TREAT_TIMESTAMP_NTZ_AS_UTC",
                    "level": "",
                    "value": "false"
                  }
                ],
                "jdbc_use_session_timezone": [
                  {
                    "default": "true",
                    "description": "When true, JDBC driver will not display timezone offset between JVM and session.",
                    "key": "JDBC_USE_SESSION_TIMEZONE",
                    "level": "",
                    "value": "true"
                  }
                ],
                "json_indent": [
                  {
                    "default": "2",
                    "description": "Width of indentation in JSON output (0 for compact)",
                    "key": "JSON_INDENT",
                    "level": "",
                    "value": "2"
                  }
                ],
                "lock_timeout": [
                  {
                    "default": "43200",
                    "description": "Number of seconds to wait while trying to lock a resource, before timing out \nand aborting the statement. A value of 0 turns off lock waiting i.e. the \nstatement must acquire the lock immediately or abort. If multiple resources \nneed to be locked by the statement, the timeout applies separately to each \nlock attempt.",
                    "key": "LOCK_TIMEOUT",
                    "level": "",
                    "value": "43200"
                  }
                ],
                "log_level": [
                  {
                    "default": "OFF",
                    "description": "LOG_LEVEL to use when filtering events",
                    "key": "LOG_LEVEL",
                    "level": "",
                    "value": "OFF"
                  }
                ],
                "multi_statement_count": [
                  {
                    "default": "1",
                    "description": "Number of statement included in submitted query text.\nThis parameter is submitted by user to avoid sql injection.\nValue 1 means one statement, value \u003e 1 means n statement\ncan be executed, if not equal to the value will raise the\nexception. Value 0 means any number of statement can be\n executed",
                    "key": "MULTI_STATEMENT_COUNT",
                    "level": "",
                    "value": "1"
                  }
                ],
                "network_policy": [
                  {
                    "default": "",
                    "description": "Network policy assigned for the given target.",
                    "key": "NETWORK_POLICY",
                    "level": "",
                    "value": ""
                  }
                ],
                "noorder_sequence_as_default": [
                  {
                    "default": "true",
                    "description": "Whether we make NOORDER the default option for creating new sequences",
                    "key": "NOORDER_SEQUENCE_AS_DEFAULT",
                    "level": "",
                    "value": "true"
                  }
                ],
                "odbc_treat_decimal_as_int": [
                  {
                    "default": "false",
                    "description": "When scale is 0, whether to treat Decimal as Int in ODBC",
                    "key": "ODBC_TREAT_DECIMAL_AS_INT",
                    "level": "",
                    "value": "false"
                  }
                ],
                "prevent_unload_to_internal_stages": [
                  {
                    "default": "false",
                    "description": "Prevent unload sensitive data to non-external stages (user stage, table stage, named stage).",
                    "key": "PREVENT_UNLOAD_TO_INTERNAL_STAGES",
                    "level": "",
                    "value": "false"
                  }
                ],
                "query_tag": [
                  {
                    "default": "",
                    "description": "String (up to 2000 characters) used to tag statements executed by the session",
                    "key": "QUERY_TAG",
                    "level": "",
                    "value": ""
                  }
                ],
                "quoted_identifiers_ignore_case": [
                  {
                    "default": "false",
                    "description": "If true, the case of quoted identifiers is ignored",
                    "key": "QUOTED_IDENTIFIERS_IGNORE_CASE",
                    "level": "",
                    "value": "false"
                  }
                ],
                "rows_per_resultset": [
                  {
                    "default": "0",
                    "description": "maxium number of rows in a result set",
                    "key": "ROWS_PER_RESULTSET",
                    "level": "",
                    "value": "0"
                  }
                ],
                "s3_stage_vpce_dns_name": [
                  {
                    "default": "",
                    "description": "S3 VPCE DNS name to access internal stage bucket over privatelink",
                    "key": "S3_STAGE_VPCE_DNS_NAME",
                    "level": "",
                    "value": ""
                  }
                ],
                "search_path": [
                  {
                    "default": "$current, $public",
                    "description": "Search path for unqualified object references.",
                    "key": "SEARCH_PATH",
                    "level": "",
                    "value": "$current, $public"
                  }
                ],
                "simulated_data_sharing_consumer": [
                  {
                    "default": "",
                    "description": "Data sharing views will return rows as if executed in the specified consumer account.",
                    "key": "SIMULATED_DATA_SHARING_CONSUMER",
                    "level": "",
                    "value": ""
                  }
                ],
                "statement_queued_timeout_in_seconds": [
                  {
                    "default": "0",
                    "description": "Timeout in seconds for queued statements: statements will automatically be canceled if they are queued on a warehouse for longer than this amount of time; disabled if set to zero.",
                    "key": "STATEMENT_QUEUED_TIMEOUT_IN_SECONDS",
                    "level": "",
                    "value": "0"
                  }
                ],
                "statement_timeout_in_seconds": [
                  {
                    "default": "172800",
                    "description": "Timeout in seconds for statements: statements are automatically canceled if they run for longer; if set to zero, max value (604800) is enforced.",
                    "key": "STATEMENT_TIMEOUT_IN_SECONDS",
                    "level": "",
                    "value": "172800"
                  }
                ],
                "strict_json_output": [
                  {
                    "default": "false",
                    "description": "JSON output is strictly compliant to the specification",
                    "key": "STRICT_JSON_OUTPUT",
                    "level": "",
                    "value": "false"
                  }
                ],
                "time_input_format": [
                  {
                    "default": "AUTO",
                    "description": "input format for time",
                    "key": "TIME_INPUT_FORMAT",
                    "level": "",
                    "value": "AUTO"
                  }
                ],
                "time_output_format": [
                  {
                    "default": "HH24:MI:SS",
                    "description": "display format for time",
                    "key": "TIME_OUTPUT_FORMAT",
                    "level": "",
                    "value": "HH24:MI:SS"
                  }
                ],
                "timestamp_day_is_always_24h": [
                  {
                    "default": "false",
                    "description": "If set, arithmetic on days always uses 24 hours per day,\npossibly not preserving the time (due to DST changes)",
                    "key": "TIMESTAMP_DAY_IS_ALWAYS_24H",
                    "level": "",
                    "value": "false"
                  }
                ],
                "timestamp_input_format": [
                  {
                    "default": "AUTO",
                    "description": "input format for timestamp",
                    "key": "TIMESTAMP_INPUT_FORMAT",
                    "level": "",
                    "value": "AUTO"
                  }
                ],
                "timestamp_ltz_output_format": [
                  {
                    "default": "",
                    "description": "Display format for TIMESTAMP_LTZ values. If empty, TIMESTAMP_OUTPUT_FORMAT is used.",
                    "key": "TIMESTAMP_LTZ_OUTPUT_FORMAT",
                    "level": "",
                    "value": ""
                  }
                ],
                "timestamp_ntz_output_format": [
                  {
                    "default": "YYYY-MM-DD HH24:MI:SS.FF3",
                    "description": "Display format for TIMESTAMP_NTZ values. If empty, TIMESTAMP_OUTPUT_FORMAT is used.",
                    "key": "TIMESTAMP_NTZ_OUTPUT_FORMAT",
                    "level": "",
                    "value": "YYYY-MM-DD HH24:MI:SS.FF3"
                  }
                ],
                "timestamp_output_format": [
                  {
                    "default": "YYYY-MM-DD HH24:MI:SS.FF3 TZHTZM",
                    "description": "Default display format for all timestamp types.",
                    "key": "TIMESTAMP_OUTPUT_FORMAT",
                    "level": "",
                    "value": "YYYY-MM-DD HH24:MI:SS.FF3 TZHTZM"
                  }
                ],
                "timestamp_type_mapping": [
                  {
                    "default": "TIMESTAMP_NTZ",
                    "description": "If TIMESTAMP type is used, what specific TIMESTAMP* type it should map to:\n  TIMESTAMP_LTZ, TIMESTAMP_NTZ (default) or TIMESTAMP_TZ",
                    "key": "TIMESTAMP_TYPE_MAPPING",
                    "level": "",
                    "value": "TIMESTAMP_NTZ"
                  }
                ],
                "timestamp_tz_output_format": [
                  {
                    "default": "",
                    "description": "Display format for TIMESTAMP_TZ values. If empty, TIMESTAMP_OUTPUT_FORMAT is used.",
                    "key": "TIMESTAMP_TZ_OUTPUT_FORMAT",
                    "level": "",
                    "value": ""
                  }
                ],
                "timezone": [
                  {
                    "default": "America/Los_Angeles",
                    "description": "time zone",
                    "key": "TIMEZONE",
                    "level": "",
                    "value": "America/Los_Angeles"
                  }
                ],
                "trace_level": [
                  {
                    "default": "OFF",
                    "description": "Trace level value to use when generating/filtering trace events",
                    "key": "TRACE_LEVEL",
                    "level": "",
                    "value": "OFF"
                  }
                ],
                "transaction_abort_on_error": [
                  {
                    "default": "false",
                    "description": "If this parameter is true, and a statement issued within a non-autocommit\ntransaction returns with an error, then the non-autocommit transaction is\naborted. All statements issued inside that transaction will fail until an\ncommit or rollback statement is executed to close that transaction.",
                    "key": "TRANSACTION_ABORT_ON_ERROR",
                    "level": "",
                    "value": "false"
                  }
                ],
                "transaction_default_isolation_level": [
                  {
                    "default": "READ COMMITTED",
                    "description": "The default isolation level when starting a starting a transaction, when no\nisolation level was specified",
                    "key": "TRANSACTION_DEFAULT_ISOLATION_LEVEL",
                    "level": "",
                    "value": "READ COMMITTED"
                  }
                ],
                "two_digit_century_start": [
                  {
                    "default": "1970",
                    "description": "For 2-digit dates, defines a century-start year.\nFor example, when set to 1980:\n  - parsing a string '79' will produce 2079\n  - parsing a string '80' will produce 1980",
                    "key": "TWO_DIGIT_CENTURY_START",
                    "level": "",
                    "value": "1970"
                  }
                ],
                "unsupported_ddl_action": [
                  {
                    "default": "ignore",
                    "description": "The action to take upon encountering an unsupported ddl statement",
                    "key": "UNSUPPORTED_DDL_ACTION",
                    "level": "",
                    "value": "ignore"
                  }
                ],
                "use_cached_result": [
                  {
                    "default": "true",
                    "description": "If enabled, query results can be reused between successive invocations of the same query as long as the original result has not expired",
                    "key": "USE_CACHED_RESULT",
                    "level": "",
                    "value": "true"
                  }
                ],
                "week_of_year_policy": [
                  {
                    "default": "0",
                    "description": "Defines the policy of assigning weeks to years:\n0: the week needs to have 4 days in a given year;\n1: a week with January 1st always belongs to a given year.",
                    "key": "WEEK_OF_YEAR_POLICY",
                    "level": "",
                    "value": "0"
                  }
                ],
                "week_start": [
                  {
                    "default": "0",
                    "description": "Defines the first day of the week:\n0: legacy Snowflake behavior; 1: Monday .. 7: Sunday.",
                    "key": "WEEK_START",
                    "level": "",
                    "value": "0"
                  }
                ]
              }
            ],
            "password": null,
            "prevent_unload_to_internal_stages": false,
            "query_tag": "",
            "quoted_identifiers_ignore_case": false,
            "rows_per_resultset": 0,
            "rsa_public_key": null,
            "rsa_public_key_2": null,
            "s3_stage_vpce_dns_name": "",
            "search_path": "$current, $public",
            "show_output": [
              {
                "comment": "Onboarding: Analista de datos - ejemplo",
                "created_on": "2026-02-21 05:00:58 -0800 PST",
                "days_to_expiry": "",
                "default_namespace": "",
                "default_role": "FR_DATA_ANALYST",
                "default_secondary_roles": "[\"ALL\"]",
                "default_warehouse": "WH_ANALYTICS_DEV",
                "disabled": false,
                "display_name": "U_ANA_GARCIA",
                "email": "",
                "expires_at_time": "0001-01-01 00:00:00 +0000 UTC",
                "ext_authn_duo": false,
                "ext_authn_uid": "",
                "first_name": "",
                "has_mfa": false,
                "has_password": false,
                "has_rsa_public_key": false,
                "last_name": "",
                "last_success_login": "0001-01-01 00:00:00 +0000 UTC",
                "locked_until_time": "0001-01-01 00:00:00 +0000 UTC",
                "login_name": "U_ANA_GARCIA",
                "mins_to_bypass_mfa": "",
                "mins_to_unlock": "",
                "must_change_password": true,
                "name": "U_ANA_GARCIA",
                "owner": "ACCOUNTADMIN",
                "snowflake_lock": false,
                "type": "PERSON"
              }
            ],
            "simulated_data_sharing_consumer": "",
            "statement_queued_timeout_in_seconds": 0,
            "statement_timeout_in_seconds": 172800,
            "strict_json_output": false,
            "time_input_format": "AUTO",
            "time_output_format": "HH24:MI:SS",
            "timestamp_day_is_always_24h": false,
            "timestamp_input_format": "AUTO",
            "timestamp_ltz_output_format": "",
            "timestamp_ntz_output_format": "YYYY-MM-DD HH24:MI:SS.FF3",
            "timestamp_output_format": "YYYY-MM-DD HH24:MI:SS.FF3 TZHTZM",
            "timestamp_type_mapping": "TIMESTAMP_NTZ",
            "timestamp_tz_output_format": "",
            "timezone": "America/Los_Angeles",
            "trace_level": "OFF",
            "transaction_abort_on_error": false,
            "transaction_default_isolation_level": "READ COMMITTED",
            "two_digit_century_start": 1970,
            "unsupported_ddl_action": "ignore",
            "use_cached_result": true,
            "user_type": "PERSON",
            "week_of_year_policy": 0,
            "week_start": 0
          },
          "sensitive_attributes": [],
          "private": "eyJzY2hlbWFfdmVyc2lvbiI6IjEifQ==",
          "dependencies": [
            "module.warehouse.snowflake_warehouse.this"
          ]
        },
        {
          "index_key": "U_CARLOS_LOPEZ",
          "schema_version": 1,
          "attributes": {
            "abort_detached_query": false,
            "autocommit": true,
            "binary_input_format": "HEX",
            "binary_output_format": "HEX",
            "client_memory_limit": 1536,
            "client_metadata_request_use_connection_ctx": false,
            "client_prefetch_threads": 4,
            "client_result_chunk_size": 160,
            "client_result_column_case_insensitive": false,
            "client_session_keep_alive": false,
            "client_session_keep_alive_heartbeat_frequency": 3600,
            "client_timestamp_type_mapping": "TIMESTAMP_LTZ",
            "comment": "Onboarding: Ingeniero de datos - ejemplo",
            "date_input_format": "AUTO",
            "date_output_format": "YYYY-MM-DD",
            "days_to_expiry": null,
            "default_namespace": null,
            "default_role": "FR_DATA_ENGINEER",
            "default_secondary_roles_option": "DEFAULT",
            "default_warehouse": "WH_INGESTION_DEV",
            "disable_mfa": "default",
            "disabled": "default",
            "display_name": null,
            "email": null,
            "enable_unload_physical_type_optimization": true,
            "enable_unredacted_query_syntax_error": false,
            "error_on_nondeterministic_merge": true,
            "error_on_nondeterministic_update": false,
            "first_name": null,
            "fully_qualified_name": "\"U_CARLOS_LOPEZ\"",
            "geography_output_format": "GeoJSON",
            "geometry_output_format": "GeoJSON",
            "id": "U_CARLOS_LOPEZ",
            "jdbc_treat_decimal_as_int": true,
            "jdbc_treat_timestamp_ntz_as_utc": false,
            "jdbc_use_session_timezone": true,
            "json_indent": 2,
            "last_name": null,
            "lock_timeout": 43200,
            "log_level": "OFF",
            "login_name": null,
            "middle_name": null,
            "mins_to_bypass_mfa": -1,
            "mins_to_unlock": -1,
            "multi_statement_count": 1,
            "must_change_password": "true",
            "name": "U_CARLOS_LOPEZ",
            "network_policy": "",
            "noorder_sequence_as_default": true,
            "odbc_treat_decimal_as_int": false,
            "parameters": [
              {
                "abort_detached_query": [
                  {
                    "default": "false",
                    "description": "If true, Snowflake will automatically abort queries when it detects that the client has disappeared.",
                    "key": "ABORT_DETACHED_QUERY",
                    "level": "",
                    "value": "false"
                  }
                ],
                "autocommit": [
                  {
                    "default": "true",
                    "description": "The autocommit property determines whether is statement should to be implicitly\nwrapped within a transaction or not. If autocommit is set to true, then a \nstatement that requires a transaction is executed within a transaction \nimplicitly. If autocommit is off then an explicit commit or rollback is required\nto close a transaction. The default autocommit value is true.",
                    "key": "AUTOCOMMIT",
                    "level": "",
                    "value": "true"
                  }
                ],
                "binary_input_format": [
                  {
                    "default": "HEX",
                    "description": "input format for binary",
                    "key": "BINARY_INPUT_FORMAT",
                    "level": "",
                    "value": "HEX"
                  }
                ],
                "binary_output_format": [
                  {
                    "default": "HEX",
                    "description": "display format for binary",
                    "key": "BINARY_OUTPUT_FORMAT",
                    "level": "",
                    "value": "HEX"
                  }
                ],
                "client_memory_limit": [
                  {
                    "default": "1536",
                    "description": "Limit the amount of memory used by the client in MB",
                    "key": "CLIENT_MEMORY_LIMIT",
                    "level": "",
                    "value": "1536"
                  }
                ],
                "client_metadata_request_use_connection_ctx": [
                  {
                    "default": "false",
                    "description": "For client metadata request(getTables()), use session catalog and schema if set to true",
                    "key": "CLIENT_METADATA_REQUEST_USE_CONNECTION_CTX",
                    "level": "",
                    "value": "false"
                  }
                ],
                "client_prefetch_threads": [
                  {
                    "default": "4",
                    "description": "Customer parameter to control threads, 0=auto",
                    "key": "CLIENT_PREFETCH_THREADS",
                    "level": "",
                    "value": "4"
                  }
                ],
                "client_result_chunk_size": [
                  {
                    "default": "160",
                    "description": "Set the max result chunk size in MB on the client side",
                    "key": "CLIENT_RESULT_CHUNK_SIZE",
                    "level": "",
                    "value": "160"
                  }
                ],
                "client_result_column_case_insensitive": [
                  {
                    "default": "false",
                    "description": "Column name search is case insensitive in clients",
                    "key": "CLIENT_RESULT_COLUMN_CASE_INSENSITIVE",
                    "level": "",
                    "value": "false"
                  }
                ],
                "client_session_keep_alive": [
                  {
                    "default": "false",
                    "description": "If true, client session will not expire automatically",
                    "key": "CLIENT_SESSION_KEEP_ALIVE",
                    "level": "",
                    "value": "false"
                  }
                ],
                "client_session_keep_alive_heartbeat_frequency": [
                  {
                    "default": "3600",
                    "description": "Heartbeat frequency in seconds for CLIENT_SESSION_KEEP_ALIVE.",
                    "key": "CLIENT_SESSION_KEEP_ALIVE_HEARTBEAT_FREQUENCY",
                    "level": "",
                    "value": "3600"
                  }
                ],
                "client_timestamp_type_mapping": [
                  {
                    "default": "TIMESTAMP_LTZ",
                    "description": "If a variable is bound to the TIMESTAMP data type using the bind API, determines which TIMESTAMP* type it should map to:\n  TIMESTAMP_LTZ (default), TIMESTAMP_NTZ",
                    "key": "CLIENT_TIMESTAMP_TYPE_MAPPING",
                    "level": "",
                    "value": "TIMESTAMP_LTZ"
                  }
                ],
                "date_input_format": [
                  {
                    "default": "AUTO",
                    "description": "input format for date",
                    "key": "DATE_INPUT_FORMAT",
                    "level": "",
                    "value": "AUTO"
                  }
                ],
                "date_output_format": [
                  {
                    "default": "YYYY-MM-DD",
                    "description": "display format for date",
                    "key": "DATE_OUTPUT_FORMAT",
                    "level": "",
                    "value": "YYYY-MM-DD"
                  }
                ],
                "enable_unload_physical_type_optimization": [
                  {
                    "default": "true",
                    "description": "Enable physical-type optimizations used in Snowflake to affect the Parquet output",
                    "key": "ENABLE_UNLOAD_PHYSICAL_TYPE_OPTIMIZATION",
                    "level": "",
                    "value": "true"
                  }
                ],
                "enable_unredacted_query_syntax_error": [
                  {
                    "default": "false",
                    "description": "Enable View Malformed SQL Text feature when parse error occurs",
                    "key": "ENABLE_UNREDACTED_QUERY_SYNTAX_ERROR",
                    "level": "",
                    "value": "false"
                  }
                ],
                "error_on_nondeterministic_merge": [
                  {
                    "default": "true",
                    "description": "raise an error when attempting to merge-update a row that joins many rows",
                    "key": "ERROR_ON_NONDETERMINISTIC_MERGE",
                    "level": "",
                    "value": "true"
                  }
                ],
                "error_on_nondeterministic_update": [
                  {
                    "default": "false",
                    "description": "raise an error when attempting to update a row that joins many rows",
                    "key": "ERROR_ON_NONDETERMINISTIC_UPDATE",
                    "level": "",
                    "value": "false"
                  }
                ],
                "geography_output_format": [
                  {
                    "default": "GeoJSON",
                    "description": "GEOGRAPHY display format: GeoJSON, WKT, or WKB(case-insensitive)",
                    "key": "GEOGRAPHY_OUTPUT_FORMAT",
                    "level": "",
                    "value": "GeoJSON"
                  }
                ],
                "geometry_output_format": [
                  {
                    "default": "GeoJSON",
                    "description": "GEOMETRY display format: GeoJSON, WKT, or WKB(case-insensitive)",
                    "key": "GEOMETRY_OUTPUT_FORMAT",
                    "level": "",
                    "value": "GeoJSON"
                  }
                ],
                "jdbc_treat_decimal_as_int": [
                  {
                    "default": "true",
                    "description": "When scale is 0, whether to treat Decimal as Int in JDBC",
                    "key": "JDBC_TREAT_DECIMAL_AS_INT",
                    "level": "",
                    "value": "true"
                  }
                ],
                "jdbc_treat_timestamp_ntz_as_utc": [
                  {
                    "default": "false",
                    "description": "When true, Timestamp_NTZ values are always stored in UTC timezone",
                    "key": "JDBC_TREAT_TIMESTAMP_NTZ_AS_UTC",
                    "level": "",
                    "value": "false"
                  }
                ],
                "jdbc_use_session_timezone": [
                  {
                    "default": "true",
                    "description": "When true, JDBC driver will not display timezone offset between JVM and session.",
                    "key": "JDBC_USE_SESSION_TIMEZONE",
                    "level": "",
                    "value": "true"
                  }
                ],
                "json_indent": [
                  {
                    "default": "2",
                    "description": "Width of indentation in JSON output (0 for compact)",
                    "key": "JSON_INDENT",
                    "level": "",
                    "value": "2"
                  }
                ],
                "lock_timeout": [
                  {
                    "default": "43200",
                    "description": "Number of seconds to wait while trying to lock a resource, before timing out \nand aborting the statement. A value of 0 turns off lock waiting i.e. the \nstatement must acquire the lock immediately or abort. If multiple resources \nneed to be locked by the statement, the timeout applies separately to each \nlock attempt.",
                    "key": "LOCK_TIMEOUT",
                    "level": "",
                    "value": "43200"
                  }
                ],
                "log_level": [
                  {
                    "default": "OFF",
                    "description": "LOG_LEVEL to use when filtering events",
                    "key": "LOG_LEVEL",
                    "level": "",
                    "value": "OFF"
                  }
                ],
                "multi_statement_count": [
                  {
                    "default": "1",
                    "description": "Number of statement included in submitted query text.\nThis parameter is submitted by user to avoid sql injection.\nValue 1 means one statement, value \u003e 1 means n statement\ncan be executed, if not equal to the value will raise the\nexception. Value 0 means any number of statement can be\n executed",
                    "key": "MULTI_STATEMENT_COUNT",
                    "level": "",
                    "value": "1"
                  }
                ],
                "network_policy": [
                  {
                    "default": "",
                    "description": "Network policy assigned for the given target.",
                    "key": "NETWORK_POLICY",
                    "level": "",
                    "value": ""
                  }
                ],
                "noorder_sequence_as_default": [
                  {
                    "default": "true",
                    "description": "Whether we make NOORDER the default option for creating new sequences",
                    "key": "NOORDER_SEQUENCE_AS_DEFAULT",
                    "level": "",
                    "value": "true"
                  }
                ],
                "odbc_treat_decimal_as_int": [
                  {
                    "default": "false",
                    "description": "When scale is 0, whether to treat Decimal as Int in ODBC",
                    "key": "ODBC_TREAT_DECIMAL_AS_INT",
                    "level": "",
                    "value": "false"
                  }
                ],
                "prevent_unload_to_internal_stages": [
                  {
                    "default": "false",
                    "description": "Prevent unload sensitive data to non-external stages (user stage, table stage, named stage).",
                    "key": "PREVENT_UNLOAD_TO_INTERNAL_STAGES",
                    "level": "",
                    "value": "false"
                  }
                ],
                "query_tag": [
                  {
                    "default": "",
                    "description": "String (up to 2000 characters) used to tag statements executed by the session",
                    "key": "QUERY_TAG",
                    "level": "",
                    "value": ""
                  }
                ],
                "quoted_identifiers_ignore_case": [
                  {
                    "default": "false",
                    "description": "If true, the case of quoted identifiers is ignored",
                    "key": "QUOTED_IDENTIFIERS_IGNORE_CASE",
                    "level": "",
                    "value": "false"
                  }
                ],
                "rows_per_resultset": [
                  {
                    "default": "0",
                    "description": "maxium number of rows in a result set",
                    "key": "ROWS_PER_RESULTSET",
                    "level": "",
                    "value": "0"
                  }
                ],
                "s3_stage_vpce_dns_name": [
                  {
                    "default": "",
                    "description": "S3 VPCE DNS name to access internal stage bucket over privatelink",
                    "key": "S3_STAGE_VPCE_DNS_NAME",
                    "level": "",
                    "value": ""
                  }
                ],
                "search_path": [
                  {
                    "default": "$current, $public",
                    "description": "Search path for unqualified object references.",
                    "key": "SEARCH_PATH",
                    "level": "",
                    "value": "$current, $public"
                  }
                ],
                "simulated_data_sharing_consumer": [
                  {
                    "default": "",
                    "description": "Data sharing views will return rows as if executed in the specified consumer account.",
                    "key": "SIMULATED_DATA_SHARING_CONSUMER",
                    "level": "",
                    "value": ""
                  }
                ],
                "statement_queued_timeout_in_seconds": [
                  {
                    "default": "0",
                    "description": "Timeout in seconds for queued statements: statements will automatically be canceled if they are queued on a warehouse for longer than this amount of time; disabled if set to zero.",
                    "key": "STATEMENT_QUEUED_TIMEOUT_IN_SECONDS",
                    "level": "",
                    "value": "0"
                  }
                ],
                "statement_timeout_in_seconds": [
                  {
                    "default": "172800",
                    "description": "Timeout in seconds for statements: statements are automatically canceled if they run for longer; if set to zero, max value (604800) is enforced.",
                    "key": "STATEMENT_TIMEOUT_IN_SECONDS",
                    "level": "",
                    "value": "172800"
                  }
                ],
                "strict_json_output": [
                  {
                    "default": "false",
                    "description": "JSON output is strictly compliant to the specification",
                    "key": "STRICT_JSON_OUTPUT",
                    "level": "",
                    "value": "false"
                  }
                ],
                "time_input_format": [
                  {
                    "default": "AUTO",
                    "description": "input format for time",
                    "key": "TIME_INPUT_FORMAT",
                    "level": "",
                    "value": "AUTO"
                  }
                ],
                "time_output_format": [
                  {
                    "default": "HH24:MI:SS",
                    "description": "display format for time",
                    "key": "TIME_OUTPUT_FORMAT",
                    "level": "",
                    "value": "HH24:MI:SS"
                  }
                ],
                "timestamp_day_is_always_24h": [
                  {
                    "default": "false",
                    "description": "If set, arithmetic on days always uses 24 hours per day,\npossibly not preserving the time (due to DST changes)",
                    "key": "TIMESTAMP_DAY_IS_ALWAYS_24H",
                    "level": "",
                    "value": "false"
                  }
                ],
                "timestamp_input_format": [
                  {
                    "default": "AUTO",
                    "description": "input format for timestamp",
                    "key": "TIMESTAMP_INPUT_FORMAT",
                    "level": "",
                    "value": "AUTO"
                  }
                ],
                "timestamp_ltz_output_format": [
                  {
                    "default": "",
                    "description": "Display format for TIMESTAMP_LTZ values. If empty, TIMESTAMP_OUTPUT_FORMAT is used.",
                    "key": "TIMESTAMP_LTZ_OUTPUT_FORMAT",
                    "level": "",
                    "value": ""
                  }
                ],
                "timestamp_ntz_output_format": [
                  {
                    "default": "YYYY-MM-DD HH24:MI:SS.FF3",
                    "description": "Display format for TIMESTAMP_NTZ values. If empty, TIMESTAMP_OUTPUT_FORMAT is used.",
                    "key": "TIMESTAMP_NTZ_OUTPUT_FORMAT",
                    "level": "",
                    "value": "YYYY-MM-DD HH24:MI:SS.FF3"
                  }
                ],
                "timestamp_output_format": [
                  {
                    "default": "YYYY-MM-DD HH24:MI:SS.FF3 TZHTZM",
                    "description": "Default display format for all timestamp types.",
                    "key": "TIMESTAMP_OUTPUT_FORMAT",
                    "level": "",
                    "value": "YYYY-MM-DD HH24:MI:SS.FF3 TZHTZM"
                  }
                ],
                "timestamp_type_mapping": [
                  {
                    "default": "TIMESTAMP_NTZ",
                    "description": "If TIMESTAMP type is used, what specific TIMESTAMP* type it should map to:\n  TIMESTAMP_LTZ, TIMESTAMP_NTZ (default) or TIMESTAMP_TZ",
                    "key": "TIMESTAMP_TYPE_MAPPING",
                    "level": "",
                    "value": "TIMESTAMP_NTZ"
                  }
                ],
                "timestamp_tz_output_format": [
                  {
                    "default": "",
                    "description": "Display format for TIMESTAMP_TZ values. If empty, TIMESTAMP_OUTPUT_FORMAT is used.",
                    "key": "TIMESTAMP_TZ_OUTPUT_FORMAT",
                    "level": "",
                    "value": ""
                  }
                ],
                "timezone": [
                  {
                    "default": "America/Los_Angeles",
                    "description": "time zone",
                    "key": "TIMEZONE",
                    "level": "",
                    "value": "America/Los_Angeles"
                  }
                ],
                "trace_level": [
                  {
                    "default": "OFF",
                    "description": "Trace level value to use when generating/filtering trace events",
                    "key": "TRACE_LEVEL",
                    "level": "",
                    "value": "OFF"
                  }
                ],
                "transaction_abort_on_error": [
                  {
                    "default": "false",
                    "description": "If this parameter is true, and a statement issued within a non-autocommit\ntransaction returns with an error, then the non-autocommit transaction is\naborted. All statements issued inside that transaction will fail until an\ncommit or rollback statement is executed to close that transaction.",
                    "key": "TRANSACTION_ABORT_ON_ERROR",
                    "level": "",
                    "value": "false"
                  }
                ],
                "transaction_default_isolation_level": [
                  {
                    "default": "READ COMMITTED",
                    "description": "The default isolation level when starting a starting a transaction, when no\nisolation level was specified",
                    "key": "TRANSACTION_DEFAULT_ISOLATION_LEVEL",
                    "level": "",
                    "value": "READ COMMITTED"
                  }
                ],
                "two_digit_century_start": [
                  {
                    "default": "1970",
                    "description": "For 2-digit dates, defines a century-start year.\nFor example, when set to 1980:\n  - parsing a string '79' will produce 2079\n  - parsing a string '80' will produce 1980",
                    "key": "TWO_DIGIT_CENTURY_START",
                    "level": "",
                    "value": "1970"
                  }
                ],
                "unsupported_ddl_action": [
                  {
                    "default": "ignore",
                    "description": "The action to take upon encountering an unsupported ddl statement",
                    "key": "UNSUPPORTED_DDL_ACTION",
                    "level": "",
                    "value": "ignore"
                  }
                ],
                "use_cached_result": [
                  {
                    "default": "true",
                    "description": "If enabled, query results can be reused between successive invocations of the same query as long as the original result has not expired",
                    "key": "USE_CACHED_RESULT",
                    "level": "",
                    "value": "true"
                  }
                ],
                "week_of_year_policy": [
                  {
                    "default": "0",
                    "description": "Defines the policy of assigning weeks to years:\n0: the week needs to have 4 days in a given year;\n1: a week with January 1st always belongs to a given year.",
                    "key": "WEEK_OF_YEAR_POLICY",
                    "level": "",
                    "value": "0"
                  }
                ],
                "week_start": [
                  {
                    "default": "0",
                    "description": "Defines the first day of the week:\n0: legacy Snowflake behavior; 1: Monday .. 7: Sunday.",
                    "key": "WEEK_START",
                    "level": "",
                    "value": "0"
                  }
                ]
              }
            ],
            "password": null,
            "prevent_unload_to_internal_stages": false,
            "query_tag": "",
            "quoted_identifiers_ignore_case": false,
            "rows_per_resultset": 0,
            "rsa_public_key": null,
            "rsa_public_key_2": null,
            "s3_stage_vpce_dns_name": "",
            "search_path": "$current, $public",
            "show_output": [
              {
                "comment": "Onboarding: Ingeniero de datos - ejemplo",
                "created_on": "2026-02-21 05:00:57.748 -0800 PST",
                "days_to_expiry": "",
                "default_namespace": "",
                "default_role": "FR_DATA_ENGINEER",
                "default_secondary_roles": "[\"ALL\"]",
                "default_warehouse": "WH_INGESTION_DEV",
                "disabled": false,
                "display_name": "U_CARLOS_LOPEZ",
                "email": "",
                "expires_at_time": "0001-01-01 00:00:00 +0000 UTC",
                "ext_authn_duo": false,
                "ext_authn_uid": "",
                "first_name": "",
                "has_mfa": false,
                "has_password": false,
                "has_rsa_public_key": false,
                "last_name": "",
                "last_success_login": "0001-01-01 00:00:00 +0000 UTC",
                "locked_until_time": "0001-01-01 00:00:00 +0000 UTC",
                "login_name": "U_CARLOS_LOPEZ",
                "mins_to_bypass_mfa": "",
                "mins_to_unlock": "",
                "must_change_password": true,
                "name": "U_CARLOS_LOPEZ",
                "owner": "ACCOUNTADMIN",
                "snowflake_lock": false,
                "type": "PERSON"
              }
            ],
            "simulated_data_sharing_consumer": "",
            "statement_queued_timeout_in_seconds": 0,
            "statement_timeout_in_seconds": 172800,
            "strict_json_output": false,
            "time_input_format": "AUTO",
            "time_output_format": "HH24:MI:SS",
            "timestamp_day_is_always_24h": false,
            "timestamp_input_format": "AUTO",
            "timestamp_ltz_output_format": "",
            "timestamp_ntz_output_format": "YYYY-MM-DD HH24:MI:SS.FF3",
            "timestamp_output_format": "YYYY-MM-DD HH24:MI:SS.FF3 TZHTZM",
            "timestamp_type_mapping": "TIMESTAMP_NTZ",
            "timestamp_tz_output_format": "",
            "timezone": "America/Los_Angeles",
            "trace_level": "OFF",
            "transaction_abort_on_error": false,
            "transaction_default_isolation_level": "READ COMMITTED",
            "two_digit_century_start": 1970,
            "unsupported_ddl_action": "ignore",
            "use_cached_result": true,
            "user_type": "PERSON",
            "week_of_year_policy": 0,
            "week_start": 0
          },
          "sensitive_attributes": [],
          "private": "eyJzY2hlbWFfdmVyc2lvbiI6IjEifQ==",
          "dependencies": [
            "module.warehouse.snowflake_warehouse.this"
          ]
        },
        {
          "index_key": "U_MARIA_TORRES",
          "schema_version": 1,
          "attributes": {
            "abort_detached_query": false,
            "autocommit": true,
            "binary_input_format": "HEX",
            "binary_output_format": "HEX",
            "client_memory_limit": 1536,
            "client_metadata_request_use_connection_ctx": false,
            "client_prefetch_threads": 4,
            "client_result_chunk_size": 160,
            "client_result_column_case_insensitive": false,
            "client_session_keep_alive": false,
            "client_session_keep_alive_heartbeat_frequency": 3600,
            "client_timestamp_type_mapping": "TIMESTAMP_LTZ",
            "comment": "Onboarding: Admin datos - ejemplo",
            "date_input_format": "AUTO",
            "date_output_format": "YYYY-MM-DD",
            "days_to_expiry": null,
            "default_namespace": null,
            "default_role": "FR_DATA_ADMIN",
            "default_secondary_roles_option": "DEFAULT",
            "default_warehouse": "WH_ADMIN_DEV",
            "disable_mfa": "default",
            "disabled": "default",
            "display_name": null,
            "email": null,
            "enable_unload_physical_type_optimization": true,
            "enable_unredacted_query_syntax_error": false,
            "error_on_nondeterministic_merge": true,
            "error_on_nondeterministic_update": false,
            "first_name": null,
            "fully_qualified_name": "\"U_MARIA_TORRES\"",
            "geography_output_format": "GeoJSON",
            "geometry_output_format": "GeoJSON",
            "id": "U_MARIA_TORRES",
            "jdbc_treat_decimal_as_int": true,
            "jdbc_treat_timestamp_ntz_as_utc": false,
            "jdbc_use_session_timezone": true,
            "json_indent": 2,
            "last_name": null,
            "lock_timeout": 43200,
            "log_level": "OFF",
            "login_name": null,
            "middle_name": null,
            "mins_to_bypass_mfa": -1,
            "mins_to_unlock": -1,
            "multi_statement_count": 1,
            "must_change_password": "true",
            "name": "U_MARIA_TORRES",
            "network_policy": "",
            "noorder_sequence_as_default": true,
            "odbc_treat_decimal_as_int": false,
            "parameters": [
              {
                "abort_detached_query": [
                  {
                    "default": "false",
                    "description": "If true, Snowflake will automatically abort queries when it detects that the client has disappeared.",
                    "key": "ABORT_DETACHED_QUERY",
                    "level": "",
                    "value": "false"
                  }
                ],
                "autocommit": [
                  {
                    "default": "true",
                    "description": "The autocommit property determines whether is statement should to be implicitly\nwrapped within a transaction or not. If autocommit is set to true, then a \nstatement that requires a transaction is executed within a transaction \nimplicitly. If autocommit is off then an explicit commit or rollback is required\nto close a transaction. The default autocommit value is true.",
                    "key": "AUTOCOMMIT",
                    "level": "",
                    "value": "true"
                  }
                ],
                "binary_input_format": [
                  {
                    "default": "HEX",
                    "description": "input format for binary",
                    "key": "BINARY_INPUT_FORMAT",
                    "level": "",
                    "value": "HEX"
                  }
                ],
                "binary_output_format": [
                  {
                    "default": "HEX",
                    "description": "display format for binary",
                    "key": "BINARY_OUTPUT_FORMAT",
                    "level": "",
                    "value": "HEX"
                  }
                ],
                "client_memory_limit": [
                  {
                    "default": "1536",
                    "description": "Limit the amount of memory used by the client in MB",
                    "key": "CLIENT_MEMORY_LIMIT",
                    "level": "",
                    "value": "1536"
                  }
                ],
                "client_metadata_request_use_connection_ctx": [
                  {
                    "default": "false",
                    "description": "For client metadata request(getTables()), use session catalog and schema if set to true",
                    "key": "CLIENT_METADATA_REQUEST_USE_CONNECTION_CTX",
                    "level": "",
                    "value": "false"
                  }
                ],
                "client_prefetch_threads": [
                  {
                    "default": "4",
                    "description": "Customer parameter to control threads, 0=auto",
                    "key": "CLIENT_PREFETCH_THREADS",
                    "level": "",
                    "value": "4"
                  }
                ],
                "client_result_chunk_size": [
                  {
                    "default": "160",
                    "description": "Set the max result chunk size in MB on the client side",
                    "key": "CLIENT_RESULT_CHUNK_SIZE",
                    "level": "",
                    "value": "160"
                  }
                ],
                "client_result_column_case_insensitive": [
                  {
                    "default": "false",
                    "description": "Column name search is case insensitive in clients",
                    "key": "CLIENT_RESULT_COLUMN_CASE_INSENSITIVE",
                    "level": "",
                    "value": "false"
                  }
                ],
                "client_session_keep_alive": [
                  {
                    "default": "false",
                    "description": "If true, client session will not expire automatically",
                    "key": "CLIENT_SESSION_KEEP_ALIVE",
                    "level": "",
                    "value": "false"
                  }
                ],
                "client_session_keep_alive_heartbeat_frequency": [
                  {
                    "default": "3600",
                    "description": "Heartbeat frequency in seconds for CLIENT_SESSION_KEEP_ALIVE.",
                    "key": "CLIENT_SESSION_KEEP_ALIVE_HEARTBEAT_FREQUENCY",
                    "level": "",
                    "value": "3600"
                  }
                ],
                "client_timestamp_type_mapping": [
                  {
                    "default": "TIMESTAMP_LTZ",
                    "description": "If a variable is bound to the TIMESTAMP data type using the bind API, determines which TIMESTAMP* type it should map to:\n  TIMESTAMP_LTZ (default), TIMESTAMP_NTZ",
                    "key": "CLIENT_TIMESTAMP_TYPE_MAPPING",
                    "level": "",
                    "value": "TIMESTAMP_LTZ"
                  }
                ],
                "date_input_format": [
                  {
                    "default": "AUTO",
                    "description": "input format for date",
                    "key": "DATE_INPUT_FORMAT",
                    "level": "",
                    "value": "AUTO"
                  }
                ],
                "date_output_format": [
                  {
                    "default": "YYYY-MM-DD",
                    "description": "display format for date",
                    "key": "DATE_OUTPUT_FORMAT",
                    "level": "",
                    "value": "YYYY-MM-DD"
                  }
                ],
                "enable_unload_physical_type_optimization": [
                  {
                    "default": "true",
                    "description": "Enable physical-type optimizations used in Snowflake to affect the Parquet output",
                    "key": "ENABLE_UNLOAD_PHYSICAL_TYPE_OPTIMIZATION",
                    "level": "",
                    "value": "true"
                  }
                ],
                "enable_unredacted_query_syntax_error": [
                  {
                    "default": "false",
                    "description": "Enable View Malformed SQL Text feature when parse error occurs",
                    "key": "ENABLE_UNREDACTED_QUERY_SYNTAX_ERROR",
                    "level": "",
                    "value": "false"
                  }
                ],
                "error_on_nondeterministic_merge": [
                  {
                    "default": "true",
                    "description": "raise an error when attempting to merge-update a row that joins many rows",
                    "key": "ERROR_ON_NONDETERMINISTIC_MERGE",
                    "level": "",
                    "value": "true"
                  }
                ],
                "error_on_nondeterministic_update": [
                  {
                    "default": "false",
                    "description": "raise an error when attempting to update a row that joins many rows",
                    "key": "ERROR_ON_NONDETERMINISTIC_UPDATE",
                    "level": "",
                    "value": "false"
                  }
                ],
                "geography_output_format": [
                  {
                    "default": "GeoJSON",
                    "description": "GEOGRAPHY display format: GeoJSON, WKT, or WKB(case-insensitive)",
                    "key": "GEOGRAPHY_OUTPUT_FORMAT",
                    "level": "",
                    "value": "GeoJSON"
                  }
                ],
                "geometry_output_format": [
                  {
                    "default": "GeoJSON",
                    "description": "GEOMETRY display format: GeoJSON, WKT, or WKB(case-insensitive)",
                    "key": "GEOMETRY_OUTPUT_FORMAT",
                    "level": "",
                    "value": "GeoJSON"
                  }
                ],
                "jdbc_treat_decimal_as_int": [
                  {
                    "default": "true",
                    "description": "When scale is 0, whether to treat Decimal as Int in JDBC",
                    "key": "JDBC_TREAT_DECIMAL_AS_INT",
                    "level": "",
                    "value": "true"
                  }
                ],
                "jdbc_treat_timestamp_ntz_as_utc": [
                  {
                    "default": "false",
                    "description": "When true, Timestamp_NTZ values are always stored in UTC timezone",
                    "key": "JDBC_TREAT_TIMESTAMP_NTZ_AS_UTC",
                    "level": "",
                    "value": "false"
                  }
                ],
                "jdbc_use_session_timezone": [
                  {
                    "default": "true",
                    "description": "When true, JDBC driver will not display timezone offset between JVM and session.",
                    "key": "JDBC_USE_SESSION_TIMEZONE",
                    "level": "",
                    "value": "true"
                  }
                ],
                "json_indent": [
                  {
                    "default": "2",
                    "description": "Width of indentation in JSON output (0 for compact)",
                    "key": "JSON_INDENT",
                    "level": "",
                    "value": "2"
                  }
                ],
                "lock_timeout": [
                  {
                    "default": "43200",
                    "description": "Number of seconds to wait while trying to lock a resource, before timing out \nand aborting the statement. A value of 0 turns off lock waiting i.e. the \nstatement must acquire the lock immediately or abort. If multiple resources \nneed to be locked by the statement, the timeout applies separately to each \nlock attempt.",
                    "key": "LOCK_TIMEOUT",
                    "level": "",
                    "value": "43200"
                  }
                ],
                "log_level": [
                  {
                    "default": "OFF",
                    "description": "LOG_LEVEL to use when filtering events",
                    "key": "LOG_LEVEL",
                    "level": "",
                    "value": "OFF"
                  }
                ],
                "multi_statement_count": [
                  {
                    "default": "1",
                    "description": "Number of statement included in submitted query text.\nThis parameter is submitted by user to avoid sql injection.\nValue 1 means one statement, value \u003e 1 means n statement\ncan be executed, if not equal to the value will raise the\nexception. Value 0 means any number of statement can be\n executed",
                    "key": "MULTI_STATEMENT_COUNT",
                    "level": "",
                    "value": "1"
                  }
                ],
                "network_policy": [
                  {
                    "default": "",
                    "description": "Network policy assigned for the given target.",
                    "key": "NETWORK_POLICY",
                    "level": "",
                    "value": ""
                  }
                ],
                "noorder_sequence_as_default": [
                  {
                    "default": "true",
                    "description": "Whether we make NOORDER the default option for creating new sequences",
                    "key": "NOORDER_SEQUENCE_AS_DEFAULT",
                    "level": "",
                    "value": "true"
                  }
                ],
                "odbc_treat_decimal_as_int": [
                  {
                    "default": "false",
                    "description": "When scale is 0, whether to treat Decimal as Int in ODBC",
                    "key": "ODBC_TREAT_DECIMAL_AS_INT",
                    "level": "",
                    "value": "false"
                  }
                ],
                "prevent_unload_to_internal_stages": [
                  {
                    "default": "false",
                    "description": "Prevent unload sensitive data to non-external stages (user stage, table stage, named stage).",
                    "key": "PREVENT_UNLOAD_TO_INTERNAL_STAGES",
                    "level": "",
                    "value": "false"
                  }
                ],
                "query_tag": [
                  {
                    "default": "",
                    "description": "String (up to 2000 characters) used to tag statements executed by the session",
                    "key": "QUERY_TAG",
                    "level": "",
                    "value": ""
                  }
                ],
                "quoted_identifiers_ignore_case": [
                  {
                    "default": "false",
                    "description": "If true, the case of quoted identifiers is ignored",
                    "key": "QUOTED_IDENTIFIERS_IGNORE_CASE",
                    "level": "",
                    "value": "false"
                  }
                ],
                "rows_per_resultset": [
                  {
                    "default": "0",
                    "description": "maxium number of rows in a result set",
                    "key": "ROWS_PER_RESULTSET",
                    "level": "",
                    "value": "0"
                  }
                ],
                "s3_stage_vpce_dns_name": [
                  {
                    "default": "",
                    "description": "S3 VPCE DNS name to access internal stage bucket over privatelink",
                    "key": "S3_STAGE_VPCE_DNS_NAME",
                    "level": "",
                    "value": ""
                  }
                ],
                "search_path": [
                  {
                    "default": "$current, $public",
                    "description": "Search path for unqualified object references.",
                    "key": "SEARCH_PATH",
                    "level": "",
                    "value": "$current, $public"
                  }
                ],
                "simulated_data_sharing_consumer": [
                  {
                    "default": "",
                    "description": "Data sharing views will return rows as if executed in the specified consumer account.",
                    "key": "SIMULATED_DATA_SHARING_CONSUMER",
                    "level": "",
                    "value": ""
                  }
                ],
                "statement_queued_timeout_in_seconds": [
                  {
                    "default": "0",
                    "description": "Timeout in seconds for queued statements: statements will automatically be canceled if they are queued on a warehouse for longer than this amount of time; disabled if set to zero.",
                    "key": "STATEMENT_QUEUED_TIMEOUT_IN_SECONDS",
                    "level": "",
                    "value": "0"
                  }
                ],
                "statement_timeout_in_seconds": [
                  {
                    "default": "172800",
                    "description": "Timeout in seconds for statements: statements are automatically canceled if they run for longer; if set to zero, max value (604800) is enforced.",
                    "key": "STATEMENT_TIMEOUT_IN_SECONDS",
                    "level": "",
                    "value": "172800"
                  }
                ],
                "strict_json_output": [
                  {
                    "default": "false",
                    "description": "JSON output is strictly compliant to the specification",
                    "key": "STRICT_JSON_OUTPUT",
                    "level": "",
                    "value": "false"
                  }
                ],
                "time_input_format": [
                  {
                    "default": "AUTO",
                    "description": "input format for time",
                    "key": "TIME_INPUT_FORMAT",
                    "level": "",
                    "value": "AUTO"
                  }
                ],
                "time_output_format": [
                  {
                    "default": "HH24:MI:SS",
                    "description": "display format for time",
                    "key": "TIME_OUTPUT_FORMAT",
                    "level": "",
                    "value": "HH24:MI:SS"
                  }
                ],
                "timestamp_day_is_always_24h": [
                  {
                    "default": "false",
                    "description": "If set, arithmetic on days always uses 24 hours per day,\npossibly not preserving the time (due to DST changes)",
                    "key": "TIMESTAMP_DAY_IS_ALWAYS_24H",
                    "level": "",
                    "value": "false"
                  }
                ],
                "timestamp_input_format": [
                  {
                    "default": "AUTO",
                    "description": "input format for timestamp",
                    "key": "TIMESTAMP_INPUT_FORMAT",
                    "level": "",
                    "value": "AUTO"
                  }
                ],
                "timestamp_ltz_output_format": [
                  {
                    "default": "",
                    "description": "Display format for TIMESTAMP_LTZ values. If empty, TIMESTAMP_OUTPUT_FORMAT is used.",
                    "key": "TIMESTAMP_LTZ_OUTPUT_FORMAT",
                    "level": "",
                    "value": ""
                  }
                ],
                "timestamp_ntz_output_format": [
                  {
                    "default": "YYYY-MM-DD HH24:MI:SS.FF3",
                    "description": "Display format for TIMESTAMP_NTZ values. If empty, TIMESTAMP_OUTPUT_FORMAT is used.",
                    "key": "TIMESTAMP_NTZ_OUTPUT_FORMAT",
                    "level": "",
                    "value": "YYYY-MM-DD HH24:MI:SS.FF3"
                  }
                ],
                "timestamp_output_format": [
                  {
                    "default": "YYYY-MM-DD HH24:MI:SS.FF3 TZHTZM",
                    "description": "Default display format for all timestamp types.",
                    "key": "TIMESTAMP_OUTPUT_FORMAT",
                    "level": "",
                    "value": "YYYY-MM-DD HH24:MI:SS.FF3 TZHTZM"
                  }
                ],
                "timestamp_type_mapping": [
                  {
                    "default": "TIMESTAMP_NTZ",
                    "description": "If TIMESTAMP type is used, what specific TIMESTAMP* type it should map to:\n  TIMESTAMP_LTZ, TIMESTAMP_NTZ (default) or TIMESTAMP_TZ",
                    "key": "TIMESTAMP_TYPE_MAPPING",
                    "level": "",
                    "value": "TIMESTAMP_NTZ"
                  }
                ],
                "timestamp_tz_output_format": [
                  {
                    "default": "",
                    "description": "Display format for TIMESTAMP_TZ values. If empty, TIMESTAMP_OUTPUT_FORMAT is used.",
                    "key": "TIMESTAMP_TZ_OUTPUT_FORMAT",
                    "level": "",
                    "value": ""
                  }
                ],
                "timezone": [
                  {
                    "default": "America/Los_Angeles",
                    "description": "time zone",
                    "key": "TIMEZONE",
                    "level": "",
                    "value": "America/Los_Angeles"
                  }
                ],
                "trace_level": [
                  {
                    "default": "OFF",
                    "description": "Trace level value to use when generating/filtering trace events",
                    "key": "TRACE_LEVEL",
                    "level": "",
                    "value": "OFF"
                  }
                ],
                "transaction_abort_on_error": [
                  {
                    "default": "false",
                    "description": "If this parameter is true, and a statement issued within a non-autocommit\ntransaction returns with an error, then the non-autocommit transaction is\naborted. All statements issued inside that transaction will fail until an\ncommit or rollback statement is executed to close that transaction.",
                    "key": "TRANSACTION_ABORT_ON_ERROR",
                    "level": "",
                    "value": "false"
                  }
                ],
                "transaction_default_isolation_level": [
                  {
                    "default": "READ COMMITTED",
                    "description": "The default isolation level when starting a starting a transaction, when no\nisolation level was specified",
                    "key": "TRANSACTION_DEFAULT_ISOLATION_LEVEL",
                    "level": "",
                    "value": "READ COMMITTED"
                  }
                ],
                "two_digit_century_start": [
                  {
                    "default": "1970",
                    "description": "For 2-digit dates, defines a century-start year.\nFor example, when set to 1980:\n  - parsing a string '79' will produce 2079\n  - parsing a string '80' will produce 1980",
                    "key": "TWO_DIGIT_CENTURY_START",
                    "level": "",
                    "value": "1970"
                  }
                ],
                "unsupported_ddl_action": [
                  {
                    "default": "ignore",
                    "description": "The action to take upon encountering an unsupported ddl statement",
                    "key": "UNSUPPORTED_DDL_ACTION",
                    "level": "",
                    "value": "ignore"
                  }
                ],
                "use_cached_result": [
                  {
                    "default": "true",
                    "description": "If enabled, query results can be reused between successive invocations of the same query as long as the original result has not expired",
                    "key": "USE_CACHED_RESULT",
                    "level": "",
                    "value": "true"
                  }
                ],
                "week_of_year_policy": [
                  {
                    "default": "0",
                    "description": "Defines the policy of assigning weeks to years:\n0: the week needs to have 4 days in a given year;\n1: a week with January 1st always belongs to a given year.",
                    "key": "WEEK_OF_YEAR_POLICY",
                    "level": "",
                    "value": "0"
                  }
                ],
                "week_start": [
                  {
                    "default": "0",
                    "description": "Defines the first day of the week:\n0: legacy Snowflake behavior; 1: Monday .. 7: Sunday.",
                    "key": "WEEK_START",
                    "level": "",
                    "value": "0"
                  }
                ]
              }
            ],
            "password": null,
            "prevent_unload_to_internal_stages": false,
            "query_tag": "",
            "quoted_identifiers_ignore_case": false,
            "rows_per_resultset": 0,
            "rsa_public_key": null,
            "rsa_public_key_2": null,
            "s3_stage_vpce_dns_name": "",
            "search_path": "$current, $public",
            "show_output": [
              {
                "comment": "Onboarding: Admin datos - ejemplo",
                "created_on": "2026-02-21 05:00:57.678 -0800 PST",
                "days_to_expiry": "",
                "default_namespace": "",
                "default_role": "FR_DATA_ADMIN",
                "default_secondary_roles": "[\"ALL\"]",
                "default_warehouse": "WH_ADMIN_DEV",
                "disabled": false,
                "display_name": "U_MARIA_TORRES",
                "email": "",
                "expires_at_time": "0001-01-01 00:00:00 +0000 UTC",
                "ext_authn_duo": false,
                "ext_authn_uid": "",
                "first_name": "",
                "has_mfa": false,
                "has_password": false,
                "has_rsa_public_key": false,
                "last_name": "",
                "last_success_login": "0001-01-01 00:00:00 +0000 UTC",
                "locked_until_time": "0001-01-01 00:00:00 +0000 UTC",
                "login_name": "U_MARIA_TORRES",
                "mins_to_bypass_mfa": "",
                "mins_to_unlock": "",
                "must_change_password": true,
                "name": "U_MARIA_TORRES",
                "owner": "ACCOUNTADMIN",
                "snowflake_lock": false,
                "type": "PERSON"
              }
            ],
            "simulated_data_sharing_consumer": "",
            "statement_queued_timeout_in_seconds": 0,
            "statement_timeout_in_seconds": 172800,
            "strict_json_output": false,
            "time_input_format": "AUTO",
            "time_output_format": "HH24:MI:SS",
            "timestamp_day_is_always_24h": false,
            "timestamp_input_format": "AUTO",
            "timestamp_ltz_output_format": "",
            "timestamp_ntz_output_format": "YYYY-MM-DD HH24:MI:SS.FF3",
            "timestamp_output_format": "YYYY-MM-DD HH24:MI:SS.FF3 TZHTZM",
            "timestamp_type_mapping": "TIMESTAMP_NTZ",
            "timestamp_tz_output_format": "",
            "timezone": "America/Los_Angeles",
            "trace_level": "OFF",
            "transaction_abort_on_error": false,
            "transaction_default_isolation_level": "READ COMMITTED",
            "two_digit_century_start": 1970,
            "unsupported_ddl_action": "ignore",
            "use_cached_result": true,
            "user_type": "PERSON",
            "week_of_year_policy": 0,
            "week_start": 0
          },
          "sensitive_attributes": [],
          "private": "eyJzY2hlbWFfdmVyc2lvbiI6IjEifQ==",
          "dependencies": [
            "module.warehouse.snowflake_warehouse.this"
          ]
        },
        {
          "index_key": "U_PEDRO_RAMIREZ",
          "schema_version": 1,
          "attributes": {
            "abort_detached_query": false,
            "autocommit": true,
            "binary_input_format": "HEX",
            "binary_output_format": "HEX",
            "client_memory_limit": 1536,
            "client_metadata_request_use_connection_ctx": false,
            "client_prefetch_threads": 4,
            "client_result_chunk_size": 160,
            "client_result_column_case_insensitive": false,
            "client_session_keep_alive": false,
            "client_session_keep_alive_heartbeat_frequency": 3600,
            "client_timestamp_type_mapping": "TIMESTAMP_LTZ",
            "comment": "Onboarding: Solo lectura - ejemplo",
            "date_input_format": "AUTO",
            "date_output_format": "YYYY-MM-DD",
            "days_to_expiry": null,
            "default_namespace": null,
            "default_role": "FR_READONLY",
            "default_secondary_roles_option": "DEFAULT",
            "default_warehouse": "WH_ANALYTICS_DEV",
            "disable_mfa": "default",
            "disabled": "default",
            "display_name": null,
            "email": null,
            "enable_unload_physical_type_optimization": true,
            "enable_unredacted_query_syntax_error": false,
            "error_on_nondeterministic_merge": true,
            "error_on_nondeterministic_update": false,
            "first_name": null,
            "fully_qualified_name": "\"U_PEDRO_RAMIREZ\"",
            "geography_output_format": "GeoJSON",
            "geometry_output_format": "GeoJSON",
            "id": "U_PEDRO_RAMIREZ",
            "jdbc_treat_decimal_as_int": true,
            "jdbc_treat_timestamp_ntz_as_utc": false,
            "jdbc_use_session_timezone": true,
            "json_indent": 2,
            "last_name": null,
            "lock_timeout": 43200,
            "log_level": "OFF",
            "login_name": null,
            "middle_name": null,
            "mins_to_bypass_mfa": -1,
            "mins_to_unlock": -1,
            "multi_statement_count": 1,
            "must_change_password": "true",
            "name": "U_PEDRO_RAMIREZ",
            "network_policy": "",
            "noorder_sequence_as_default": true,
            "odbc_treat_decimal_as_int": false,
            "parameters": [
              {
                "abort_detached_query": [
                  {
                    "default": "false",
                    "description": "If true, Snowflake will automatically abort queries when it detects that the client has disappeared.",
                    "key": "ABORT_DETACHED_QUERY",
                    "level": "",
                    "value": "false"
                  }
                ],
                "autocommit": [
                  {
                    "default": "true",
                    "description": "The autocommit property determines whether is statement should to be implicitly\nwrapped within a transaction or not. If autocommit is set to true, then a \nstatement that requires a transaction is executed within a transaction \nimplicitly. If autocommit is off then an explicit commit or rollback is required\nto close a transaction. The default autocommit value is true.",
                    "key": "AUTOCOMMIT",
                    "level": "",
                    "value": "true"
                  }
                ],
                "binary_input_format": [
                  {
                    "default": "HEX",
                    "description": "input format for binary",
                    "key": "BINARY_INPUT_FORMAT",
                    "level": "",
                    "value": "HEX"
                  }
                ],
                "binary_output_format": [
                  {
                    "default": "HEX",
                    "description": "display format for binary",
                    "key": "BINARY_OUTPUT_FORMAT",
                    "level": "",
                    "value": "HEX"
                  }
                ],
                "client_memory_limit": [
                  {
                    "default": "1536",
                    "description": "Limit the amount of memory used by the client in MB",
                    "key": "CLIENT_MEMORY_LIMIT",
                    "level": "",
                    "value": "1536"
                  }
                ],
                "client_metadata_request_use_connection_ctx": [
                  {
                    "default": "false",
                    "description": "For client metadata request(getTables()), use session catalog and schema if set to true",
                    "key": "CLIENT_METADATA_REQUEST_USE_CONNECTION_CTX",
                    "level": "",
                    "value": "false"
                  }
                ],
                "client_prefetch_threads": [
                  {
                    "default": "4",
                    "description": "Customer parameter to control threads, 0=auto",
                    "key": "CLIENT_PREFETCH_THREADS",
                    "level": "",
                    "value": "4"
                  }
                ],
                "client_result_chunk_size": [
                  {
                    "default": "160",
                    "description": "Set the max result chunk size in MB on the client side",
                    "key": "CLIENT_RESULT_CHUNK_SIZE",
                    "level": "",
                    "value": "160"
                  }
                ],
                "client_result_column_case_insensitive": [
                  {
                    "default": "false",
                    "description": "Column name search is case insensitive in clients",
                    "key": "CLIENT_RESULT_COLUMN_CASE_INSENSITIVE",
                    "level": "",
                    "value": "false"
                  }
                ],
                "client_session_keep_alive": [
                  {
                    "default": "false",
                    "description": "If true, client session will not expire automatically",
                    "key": "CLIENT_SESSION_KEEP_ALIVE",
                    "level": "",
                    "value": "false"
                  }
                ],
                "client_session_keep_alive_heartbeat_frequency": [
                  {
                    "default": "3600",
                    "description": "Heartbeat frequency in seconds for CLIENT_SESSION_KEEP_ALIVE.",
                    "key": "CLIENT_SESSION_KEEP_ALIVE_HEARTBEAT_FREQUENCY",
                    "level": "",
                    "value": "3600"
                  }
                ],
                "client_timestamp_type_mapping": [
                  {
                    "default": "TIMESTAMP_LTZ",
                    "description": "If a variable is bound to the TIMESTAMP data type using the bind API, determines which TIMESTAMP* type it should map to:\n  TIMESTAMP_LTZ (default), TIMESTAMP_NTZ",
                    "key": "CLIENT_TIMESTAMP_TYPE_MAPPING",
                    "level": "",
                    "value": "TIMESTAMP_LTZ"
                  }
                ],
                "date_input_format": [
                  {
                    "default": "AUTO",
                    "description": "input format for date",
                    "key": "DATE_INPUT_FORMAT",
                    "level": "",
                    "value": "AUTO"
                  }
                ],
                "date_output_format": [
                  {
                    "default": "YYYY-MM-DD",
                    "description": "display format for date",
                    "key": "DATE_OUTPUT_FORMAT",
                    "level": "",
                    "value": "YYYY-MM-DD"
                  }
                ],
                "enable_unload_physical_type_optimization": [
                  {
                    "default": "true",
                    "description": "Enable physical-type optimizations used in Snowflake to affect the Parquet output",
                    "key": "ENABLE_UNLOAD_PHYSICAL_TYPE_OPTIMIZATION",
                    "level": "",
                    "value": "true"
                  }
                ],
                "enable_unredacted_query_syntax_error": [
                  {
                    "default": "false",
                    "description": "Enable View Malformed SQL Text feature when parse error occurs",
                    "key": "ENABLE_UNREDACTED_QUERY_SYNTAX_ERROR",
                    "level": "",
                    "value": "false"
                  }
                ],
                "error_on_nondeterministic_merge": [
                  {
                    "default": "true",
                    "description": "raise an error when attempting to merge-update a row that joins many rows",
                    "key": "ERROR_ON_NONDETERMINISTIC_MERGE",
                    "level": "",
                    "value": "true"
                  }
                ],
                "error_on_nondeterministic_update": [
                  {
                    "default": "false",
                    "description": "raise an error when attempting to update a row that joins many rows",
                    "key": "ERROR_ON_NONDETERMINISTIC_UPDATE",
                    "level": "",
                    "value": "false"
                  }
                ],
                "geography_output_format": [
                  {
                    "default": "GeoJSON",
                    "description": "GEOGRAPHY display format: GeoJSON, WKT, or WKB(case-insensitive)",
                    "key": "GEOGRAPHY_OUTPUT_FORMAT",
                    "level": "",
                    "value": "GeoJSON"
                  }
                ],
                "geometry_output_format": [
                  {
                    "default": "GeoJSON",
                    "description": "GEOMETRY display format: GeoJSON, WKT, or WKB(case-insensitive)",
                    "key": "GEOMETRY_OUTPUT_FORMAT",
                    "level": "",
                    "value": "GeoJSON"
                  }
                ],
                "jdbc_treat_decimal_as_int": [
                  {
                    "default": "true",
                    "description": "When scale is 0, whether to treat Decimal as Int in JDBC",
                    "key": "JDBC_TREAT_DECIMAL_AS_INT",
                    "level": "",
                    "value": "true"
                  }
                ],
                "jdbc_treat_timestamp_ntz_as_utc": [
                  {
                    "default": "false",
                    "description": "When true, Timestamp_NTZ values are always stored in UTC timezone",
                    "key": "JDBC_TREAT_TIMESTAMP_NTZ_AS_UTC",
                    "level": "",
                    "value": "false"
                  }
                ],
                "jdbc_use_session_timezone": [
                  {
                    "default": "true",
                    "description": "When true, JDBC driver will not display timezone offset between JVM and session.",
                    "key": "JDBC_USE_SESSION_TIMEZONE",
                    "level": "",
                    "value": "true"
                  }
                ],
                "json_indent": [
                  {
                    "default": "2",
                    "description": "Width of indentation in JSON output (0 for compact)",
                    "key": "JSON_INDENT",
                    "level": "",
                    "value": "2"
                  }
                ],
                "lock_timeout": [
                  {
                    "default": "43200",
                    "description": "Number of seconds to wait while trying to lock a resource, before timing out \nand aborting the statement. A value of 0 turns off lock waiting i.e. the \nstatement must acquire the lock immediately or abort. If multiple resources \nneed to be locked by the statement, the timeout applies separately to each \nlock attempt.",
                    "key": "LOCK_TIMEOUT",
                    "level": "",
                    "value": "43200"
                  }
                ],
                "log_level": [
                  {
                    "default": "OFF",
                    "description": "LOG_LEVEL to use when filtering events",
                    "key": "LOG_LEVEL",
                    "level": "",
                    "value": "OFF"
                  }
                ],
                "multi_statement_count": [
                  {
                    "default": "1",
                    "description": "Number of statement included in submitted query text.\nThis parameter is submitted by user to avoid sql injection.\nValue 1 means one statement, value \u003e 1 means n statement\ncan be executed, if not equal to the value will raise the\nexception. Value 0 means any number of statement can be\n executed",
                    "key": "MULTI_STATEMENT_COUNT",
                    "level": "",
                    "value": "1"
                  }
                ],
                "network_policy": [
                  {
                    "default": "",
                    "description": "Network policy assigned for the given target.",
                    "key": "NETWORK_POLICY",
                    "level": "",
                    "value": ""
                  }
                ],
                "noorder_sequence_as_default": [
                  {
                    "default": "true",
                    "description": "Whether we make NOORDER the default option for creating new sequences",
                    "key": "NOORDER_SEQUENCE_AS_DEFAULT",
                    "level": "",
                    "value": "true"
                  }
                ],
                "odbc_treat_decimal_as_int": [
                  {
                    "default": "false",
                    "description": "When scale is 0, whether to treat Decimal as Int in ODBC",
                    "key": "ODBC_TREAT_DECIMAL_AS_INT",
                    "level": "",
                    "value": "false"
                  }
                ],
                "prevent_unload_to_internal_stages": [
                  {
                    "default": "false",
                    "description": "Prevent unload sensitive data to non-external stages (user stage, table stage, named stage).",
                    "key": "PREVENT_UNLOAD_TO_INTERNAL_STAGES",
                    "level": "",
                    "value": "false"
                  }
                ],
                "query_tag": [
                  {
                    "default": "",
                    "description": "String (up to 2000 characters) used to tag statements executed by the session",
                    "key": "QUERY_TAG",
                    "level": "",
                    "value": ""
                  }
                ],
                "quoted_identifiers_ignore_case": [
                  {
                    "default": "false",
                    "description": "If true, the case of quoted identifiers is ignored",
                    "key": "QUOTED_IDENTIFIERS_IGNORE_CASE",
                    "level": "",
                    "value": "false"
                  }
                ],
                "rows_per_resultset": [
                  {
                    "default": "0",
                    "description": "maxium number of rows in a result set",
                    "key": "ROWS_PER_RESULTSET",
                    "level": "",
                    "value": "0"
                  }
                ],
                "s3_stage_vpce_dns_name": [
                  {
                    "default": "",
                    "description": "S3 VPCE DNS name to access internal stage bucket over privatelink",
                    "key": "S3_STAGE_VPCE_DNS_NAME",
                    "level": "",
                    "value": ""
                  }
                ],
                "search_path": [
                  {
                    "default": "$current, $public",
                    "description": "Search path for unqualified object references.",
                    "key": "SEARCH_PATH",
                    "level": "",
                    "value": "$current, $public"
                  }
                ],
                "simulated_data_sharing_consumer": [
                  {
                    "default": "",
                    "description": "Data sharing views will return rows as if executed in the specified consumer account.",
                    "key": "SIMULATED_DATA_SHARING_CONSUMER",
                    "level": "",
                    "value": ""
                  }
                ],
                "statement_queued_timeout_in_seconds": [
                  {
                    "default": "0",
                    "description": "Timeout in seconds for queued statements: statements will automatically be canceled if they are queued on a warehouse for longer than this amount of time; disabled if set to zero.",
                    "key": "STATEMENT_QUEUED_TIMEOUT_IN_SECONDS",
                    "level": "",
                    "value": "0"
                  }
                ],
                "statement_timeout_in_seconds": [
                  {
                    "default": "172800",
                    "description": "Timeout in seconds for statements: statements are automatically canceled if they run for longer; if set to zero, max value (604800) is enforced.",
                    "key": "STATEMENT_TIMEOUT_IN_SECONDS",
                    "level": "",
                    "value": "172800"
                  }
                ],
                "strict_json_output": [
                  {
                    "default": "false",
                    "description": "JSON output is strictly compliant to the specification",
                    "key": "STRICT_JSON_OUTPUT",
                    "level": "",
                    "value": "false"
                  }
                ],
                "time_input_format": [
                  {
                    "default": "AUTO",
                    "description": "input format for time",
                    "key": "TIME_INPUT_FORMAT",
                    "level": "",
                    "value": "AUTO"
                  }
                ],
                "time_output_format": [
                  {
                    "default": "HH24:MI:SS",
                    "description": "display format for time",
                    "key": "TIME_OUTPUT_FORMAT",
                    "level": "",
                    "value": "HH24:MI:SS"
                  }
                ],
                "timestamp_day_is_always_24h": [
                  {
                    "default": "false",
                    "description": "If set, arithmetic on days always uses 24 hours per day,\npossibly not preserving the time (due to DST changes)",
                    "key": "TIMESTAMP_DAY_IS_ALWAYS_24H",
                    "level": "",
                    "value": "false"
                  }
                ],
                "timestamp_input_format": [
                  {
                    "default": "AUTO",
                    "description": "input format for timestamp",
                    "key": "TIMESTAMP_INPUT_FORMAT",
                    "level": "",
                    "value": "AUTO"
                  }
                ],
                "timestamp_ltz_output_format": [
                  {
                    "default": "",
                    "description": "Display format for TIMESTAMP_LTZ values. If empty, TIMESTAMP_OUTPUT_FORMAT is used.",
                    "key": "TIMESTAMP_LTZ_OUTPUT_FORMAT",
                    "level": "",
                    "value": ""
                  }
                ],
                "timestamp_ntz_output_format": [
                  {
                    "default": "YYYY-MM-DD HH24:MI:SS.FF3",
                    "description": "Display format for TIMESTAMP_NTZ values. If empty, TIMESTAMP_OUTPUT_FORMAT is used.",
                    "key": "TIMESTAMP_NTZ_OUTPUT_FORMAT",
                    "level": "",
                    "value": "YYYY-MM-DD HH24:MI:SS.FF3"
                  }
                ],
                "timestamp_output_format": [
                  {
                    "default": "YYYY-MM-DD HH24:MI:SS.FF3 TZHTZM",
                    "description": "Default display format for all timestamp types.",
                    "key": "TIMESTAMP_OUTPUT_FORMAT",
                    "level": "",
                    "value": "YYYY-MM-DD HH24:MI:SS.FF3 TZHTZM"
                  }
                ],
                "timestamp_type_mapping": [
                  {
                    "default": "TIMESTAMP_NTZ",
                    "description": "If TIMESTAMP type is used, what specific TIMESTAMP* type it should map to:\n  TIMESTAMP_LTZ, TIMESTAMP_NTZ (default) or TIMESTAMP_TZ",
                    "key": "TIMESTAMP_TYPE_MAPPING",
                    "level": "",
                    "value": "TIMESTAMP_NTZ"
                  }
                ],
                "timestamp_tz_output_format": [
                  {
                    "default": "",
                    "description": "Display format for TIMESTAMP_TZ values. If empty, TIMESTAMP_OUTPUT_FORMAT is used.",
                    "key": "TIMESTAMP_TZ_OUTPUT_FORMAT",
                    "level": "",
                    "value": ""
                  }
                ],
                "timezone": [
                  {
                    "default": "America/Los_Angeles",
                    "description": "time zone",
                    "key": "TIMEZONE",
                    "level": "",
                    "value": "America/Los_Angeles"
                  }
                ],
                "trace_level": [
                  {
                    "default": "OFF",
                    "description": "Trace level value to use when generating/filtering trace events",
                    "key": "TRACE_LEVEL",
                    "level": "",
                    "value": "OFF"
                  }
                ],
                "transaction_abort_on_error": [
                  {
                    "default": "false",
                    "description": "If this parameter is true, and a statement issued within a non-autocommit\ntransaction returns with an error, then the non-autocommit transaction is\naborted. All statements issued inside that transaction will fail until an\ncommit or rollback statement is executed to close that transaction.",
                    "key": "TRANSACTION_ABORT_ON_ERROR",
                    "level": "",
                    "value": "false"
                  }
                ],
                "transaction_default_isolation_level": [
                  {
                    "default": "READ COMMITTED",
                    "description": "The default isolation level when starting a starting a transaction, when no\nisolation level was specified",
                    "key": "TRANSACTION_DEFAULT_ISOLATION_LEVEL",
                    "level": "",
                    "value": "READ COMMITTED"
                  }
                ],
                "two_digit_century_start": [
                  {
                    "default": "1970",
                    "description": "For 2-digit dates, defines a century-start year.\nFor example, when set to 1980:\n  - parsing a string '79' will produce 2079\n  - parsing a string '80' will produce 1980",
                    "key": "TWO_DIGIT_CENTURY_START",
                    "level": "",
                    "value": "1970"
                  }
                ],
                "unsupported_ddl_action": [
                  {
                    "default": "ignore",
                    "description": "The action to take upon encountering an unsupported ddl statement",
                    "key": "UNSUPPORTED_DDL_ACTION",
                    "level": "",
                    "value": "ignore"
                  }
                ],
                "use_cached_result": [
                  {
                    "default": "true",
                    "description": "If enabled, query results can be reused between successive invocations of the same query as long as the original result has not expired",
                    "key": "USE_CACHED_RESULT",
                    "level": "",
                    "value": "true"
                  }
                ],
                "week_of_year_policy": [
                  {
                    "default": "0",
                    "description": "Defines the policy of assigning weeks to years:\n0: the week needs to have 4 days in a given year;\n1: a week with January 1st always belongs to a given year.",
                    "key": "WEEK_OF_YEAR_POLICY",
                    "level": "",
                    "value": "0"
                  }
                ],
                "week_start": [
                  {
                    "default": "0",
                    "description": "Defines the first day of the week:\n0: legacy Snowflake behavior; 1: Monday .. 7: Sunday.",
                    "key": "WEEK_START",
                    "level": "",
                    "value": "0"
                  }
                ]
              }
            ],
            "password": null,
            "prevent_unload_to_internal_stages": false,
            "query_tag": "",
            "quoted_identifiers_ignore_case": false,
            "rows_per_resultset": 0,
            "rsa_public_key": null,
            "rsa_public_key_2": null,
            "s3_stage_vpce_dns_name": "",
            "search_path": "$current, $public",
            "show_output": [
              {
                "comment": "Onboarding: Solo lectura - ejemplo",
                "created_on": "2026-02-21 05:00:58.725 -0800 PST",
                "days_to_expiry": "",
                "default_namespace": "",
                "default_role": "FR_READONLY",
                "default_secondary_roles": "[\"ALL\"]",
                "default_warehouse": "WH_ANALYTICS_DEV",
                "disabled": false,
                "display_name": "U_PEDRO_RAMIREZ",
                "email": "",
                "expires_at_time": "0001-01-01 00:00:00 +0000 UTC",
                "ext_authn_duo": false,
                "ext_authn_uid": "",
                "first_name": "",
                "has_mfa": false,
                "has_password": false,
                "has_rsa_public_key": false,
                "last_name": "",
                "last_success_login": "0001-01-01 00:00:00 +0000 UTC",
                "locked_until_time": "0001-01-01 00:00:00 +0000 UTC",
                "login_name": "U_PEDRO_RAMIREZ",
                "mins_to_bypass_mfa": "",
                "mins_to_unlock": "",
                "must_change_password": true,
                "name": "U_PEDRO_RAMIREZ",
                "owner": "ACCOUNTADMIN",
                "snowflake_lock": false,
                "type": "PERSON"
              }
            ],
            "simulated_data_sharing_consumer": "",
            "statement_queued_timeout_in_seconds": 0,
            "statement_timeout_in_seconds": 172800,
            "strict_json_output": false,
            "time_input_format": "AUTO",
            "time_output_format": "HH24:MI:SS",
            "timestamp_day_is_always_24h": false,
            "timestamp_input_format": "AUTO",
            "timestamp_ltz_output_format": "",
            "timestamp_ntz_output_format": "YYYY-MM-DD HH24:MI:SS.FF3",
            "timestamp_output_format": "YYYY-MM-DD HH24:MI:SS.FF3 TZHTZM",
            "timestamp_type_mapping": "TIMESTAMP_NTZ",
            "timestamp_tz_output_format": "",
            "timezone": "America/Los_Angeles",
            "trace_level": "OFF",
            "transaction_abort_on_error": false,
            "transaction_default_isolation_level": "READ COMMITTED",
            "two_digit_century_start": 1970,
            "unsupported_ddl_action": "ignore",
            "use_cached_result": true,
            "user_type": "PERSON",
            "week_of_year_policy": 0,
            "week_start": 0
          },
          "sensitive_attributes": [],
          "private": "eyJzY2hlbWFfdmVyc2lvbiI6IjEifQ==",
          "dependencies": [
            "module.warehouse.snowflake_warehouse.this"
          ]
        }
      ]
    },
    {
      "module": "module.security",
      "mode": "managed",
      "type": "snowflake_account_password_policy_attachment",
      "name": "default",
      "provider": "provider[\"registry.terraform.io/snowflake-labs/snowflake\"]",
      "instances": [
        {
          "index_key": 0,
          "schema_version": 0,
          "attributes": {
            "id": "ONBOARDING_SECURITY_DEV|POLICIES|ONBOARDING_PASSWORD_POLICY",
            "password_policy": "\"ONBOARDING_SECURITY_DEV\".\"POLICIES\".\"ONBOARDING_PASSWORD_POLICY\""
          },
          "sensitive_attributes": [],
          "private": "bnVsbA==",
          "dependencies": [
            "module.security.snowflake_database.security",
            "module.security.snowflake_password_policy.onboarding",
            "module.security.snowflake_schema.policies"
          ]
        }
      ]
    },
    {
      "module": "module.security",
      "mode": "managed",
      "type": "snowflake_database",
      "name": "security",
      "provider": "provider[\"registry.terraform.io/snowflake-labs/snowflake\"]",
      "instances": [
        {
          "schema_version": 1,
          "attributes": {
            "catalog": "",
            "comment": "Base de datos para políticas de seguridad - Onboarding",
            "data_retention_time_in_days": 1,
            "default_ddl_collation": "",
            "drop_public_schema_on_creation": null,
            "enable_console_output": false,
            "external_volume": "",
            "fully_qualified_name": "\"ONBOARDING_SECURITY_DEV\"",
            "id": "ONBOARDING_SECURITY_DEV",
            "is_transient": false,
            "log_level": "OFF",
            "max_data_extension_time_in_days": 14,
            "name": "ONBOARDING_SECURITY_DEV",
            "quoted_identifiers_ignore_case": false,
            "replace_invalid_characters": false,
            "replication": [],
            "storage_serialization_policy": "OPTIMIZED",
            "suspend_task_after_num_failures": 10,
            "task_auto_retry_attempts": 0,
            "trace_level": "OFF",
            "user_task_managed_initial_warehouse_size": "Medium",
            "user_task_minimum_trigger_interval_in_seconds": 30,
            "user_task_timeout_ms": 3600000
          },
          "sensitive_attributes": [],
          "private": "eyJzY2hlbWFfdmVyc2lvbiI6IjEifQ=="
        }
      ]
    },
    {
      "module": "module.security",
      "mode": "managed",
      "type": "snowflake_password_policy",
      "name": "onboarding",
      "provider": "provider[\"registry.terraform.io/snowflake-labs/snowflake\"]",
      "instances": [
        {
          "schema_version": 0,
          "attributes": {
            "comment": "Política de contraseña para onboarding: min 12 caracteres, may/min/num/special, 5 intentos",
            "database": "ONBOARDING_SECURITY_DEV",
            "fully_qualified_name": "\"ONBOARDING_SECURITY_DEV\".\"POLICIES\".\"ONBOARDING_PASSWORD_POLICY\"",
            "history": 0,
            "id": "ONBOARDING_SECURITY_DEV|POLICIES|ONBOARDING_PASSWORD_POLICY",
            "if_not_exists": null,
            "lockout_time_mins": 15,
            "max_age_days": 90,
            "max_length": 256,
            "max_retries": 5,
            "min_age_days": 0,
            "min_length": 12,
            "min_lower_case_chars": 1,
            "min_numeric_chars": 1,
            "min_special_chars": 1,
            "min_upper_case_chars": 1,
            "name": "ONBOARDING_PASSWORD_POLICY",
            "or_replace": null,
            "schema": "POLICIES"
          },
          "sensitive_attributes": [],
          "private": "bnVsbA==",
          "dependencies": [
            "module.security.snowflake_database.security",
            "module.security.snowflake_schema.policies"
          ]
        }
      ]
    },
    {
      "module": "module.security",
      "mode": "managed",
      "type": "snowflake_schema",
      "name": "policies",
      "provider": "provider[\"registry.terraform.io/snowflake-labs/snowflake\"]",
      "instances": [
        {
          "schema_version": 2,
          "attributes": {
            "catalog": "",
            "comment": "Schema para password y authentication policies",
            "data_retention_time_in_days": 1,
            "database": "ONBOARDING_SECURITY_DEV",
            "default_ddl_collation": "",
            "describe_output": [],
            "enable_console_output": false,
            "external_volume": "",
            "fully_qualified_name": "\"ONBOARDING_SECURITY_DEV\".\"POLICIES\"",
            "id": "\"ONBOARDING_SECURITY_DEV\".\"POLICIES\"",
            "is_transient": "default",
            "log_level": "OFF",
            "max_data_extension_time_in_days": 14,
            "name": "POLICIES",
            "parameters": [
              {
                "catalog": [
                  {
                    "default": "",
                    "description": "Name of the catalog integration to use for iceberg tables",
                    "key": "CATALOG",
                    "level": "",
                    "value": ""
                  }
                ],
                "data_retention_time_in_days": [
                  {
                    "default": "1",
                    "description": "number of days to retain the old version of deleted/updated data",
                    "key": "DATA_RETENTION_TIME_IN_DAYS",
                    "level": "",
                    "value": "1"
                  }
                ],
                "default_ddl_collation": [
                  {
                    "default": "",
                    "description": "Collation that is used for all the new columns created by the DDL statements (if not specified)",
                    "key": "DEFAULT_DDL_COLLATION",
                    "level": "",
                    "value": ""
                  }
                ],
                "enable_console_output": [
                  {
                    "default": "false",
                    "description": "Enable stdout/stderr fast path logging for anonyous stored procs. This is a public parameter (similar to LOG_LEVEL).",
                    "key": "ENABLE_CONSOLE_OUTPUT",
                    "level": "",
                    "value": "false"
                  }
                ],
                "external_volume": [
                  {
                    "default": "",
                    "description": "Name of an external volume that will be used for persisted Iceberg metadata and data files.",
                    "key": "EXTERNAL_VOLUME",
                    "level": "",
                    "value": ""
                  }
                ],
                "log_level": [
                  {
                    "default": "OFF",
                    "description": "LOG_LEVEL to use when filtering events",
                    "key": "LOG_LEVEL",
                    "level": "",
                    "value": "OFF"
                  }
                ],
                "max_data_extension_time_in_days": [
                  {
                    "default": "14",
                    "description": "Maximum number of days to extend data retention beyond the retention period to prevent a stream becoming stale.",
                    "key": "MAX_DATA_EXTENSION_TIME_IN_DAYS",
                    "level": "",
                    "value": "14"
                  }
                ],
                "pipe_execution_paused": [
                  {
                    "default": "false",
                    "description": "Pause processing of files for a pipe",
                    "key": "PIPE_EXECUTION_PAUSED",
                    "level": "",
                    "value": "false"
                  }
                ],
                "quoted_identifiers_ignore_case": [
                  {
                    "default": "false",
                    "description": "If true, the case of quoted identifiers is ignored",
                    "key": "QUOTED_IDENTIFIERS_IGNORE_CASE",
                    "level": "",
                    "value": "false"
                  }
                ],
                "replace_invalid_characters": [
                  {
                    "default": "false",
                    "description": "Replace invalid UTF-8 characters found in Iceberg table external data files with the Unicode replacement character",
                    "key": "REPLACE_INVALID_CHARACTERS",
                    "level": "",
                    "value": "false"
                  }
                ],
                "storage_serialization_policy": [
                  {
                    "default": "OPTIMIZED",
                    "description": "Storage serialization policy used for managed Iceberg table. This include encodings and compressions",
                    "key": "STORAGE_SERIALIZATION_POLICY",
                    "level": "",
                    "value": "OPTIMIZED"
                  }
                ],
                "suspend_task_after_num_failures": [
                  {
                    "default": "10",
                    "description": "How many times a task must fail in a row before it is automatically suspended. 0 disables auto-suspending.",
                    "key": "SUSPEND_TASK_AFTER_NUM_FAILURES",
                    "level": "",
                    "value": "10"
                  }
                ],
                "task_auto_retry_attempts": [
                  {
                    "default": "0",
                    "description": "Maximum Automatic Retries Allowed For A User Task",
                    "key": "TASK_AUTO_RETRY_ATTEMPTS",
                    "level": "",
                    "value": "0"
                  }
                ],
                "trace_level": [
                  {
                    "default": "OFF",
                    "description": "Trace level value to use when generating/filtering trace events",
                    "key": "TRACE_LEVEL",
                    "level": "",
                    "value": "OFF"
                  }
                ],
                "user_task_managed_initial_warehouse_size": [
                  {
                    "default": "Medium",
                    "description": "The initial size of warehouse to use for managed warehouses in the absence of history",
                    "key": "USER_TASK_MANAGED_INITIAL_WAREHOUSE_SIZE",
                    "level": "",
                    "value": "Medium"
                  }
                ],
                "user_task_minimum_trigger_interval_in_seconds": [
                  {
                    "default": "30",
                    "description": "Minimum amount of time between Triggered Task executions in seconds",
                    "key": "USER_TASK_MINIMUM_TRIGGER_INTERVAL_IN_SECONDS",
                    "level": "",
                    "value": "30"
                  }
                ],
                "user_task_timeout_ms": [
                  {
                    "default": "3600000",
                    "description": "User task execution timeout in milliseconds",
                    "key": "USER_TASK_TIMEOUT_MS",
                    "level": "",
                    "value": "3600000"
                  }
                ]
              }
            ],
            "pipe_execution_paused": false,
            "quoted_identifiers_ignore_case": false,
            "replace_invalid_characters": false,
            "show_output": [
              {
                "comment": "Schema para password y authentication policies",
                "created_on": "2026-02-21 05:00:58.67 -0800 PST",
                "database_name": "ONBOARDING_SECURITY_DEV",
                "dropped_on": "0001-01-01 00:00:00 +0000 UTC",
                "is_current": false,
                "is_default": false,
                "name": "POLICIES",
                "options": "",
                "owner": "ACCOUNTADMIN",
                "owner_role_type": "ROLE",
                "retention_time": "1"
              }
            ],
            "storage_serialization_policy": "OPTIMIZED",
            "suspend_task_after_num_failures": 10,
            "task_auto_retry_attempts": 0,
            "trace_level": "OFF",
            "user_task_managed_initial_warehouse_size": "Medium",
            "user_task_minimum_trigger_interval_in_seconds": 30,
            "user_task_timeout_ms": 3600000,
            "with_managed_access": "default"
          },
          "sensitive_attributes": [],
          "private": "eyJzY2hlbWFfdmVyc2lvbiI6IjIifQ==",
          "dependencies": [
            "module.security.snowflake_database.security"
          ]
        }
      ]
    },
    {
      "module": "module.warehouse",
      "mode": "managed",
      "type": "snowflake_warehouse",
      "name": "this",
      "provider": "provider[\"registry.terraform.io/snowflake-labs/snowflake\"]",
      "instances": [
        {
          "index_key": "ADMIN",
          "schema_version": 1,
          "attributes": {
            "auto_resume": "default",
            "auto_suspend": 30,
            "comment": "Tareas administrativas - Onboarding",
            "enable_query_acceleration": "default",
            "fully_qualified_name": "\"WH_ADMIN_DEV\"",
            "id": "WH_ADMIN_DEV",
            "initially_suspended": true,
            "max_cluster_count": null,
            "max_concurrency_level": 8,
            "min_cluster_count": null,
            "name": "WH_ADMIN_DEV",
            "parameters": [
              {
                "max_concurrency_level": [
                  {
                    "default": "8",
                    "description": "Maximum number of SQL statements a warehouse cluster can execute concurrently before queuing them. Small SQL statements count as a fraction of 1.",
                    "key": "MAX_CONCURRENCY_LEVEL",
                    "level": "",
                    "value": "8"
                  }
                ],
                "statement_queued_timeout_in_seconds": [
                  {
                    "default": "0",
                    "description": "Timeout in seconds for queued statements: statements will automatically be canceled if they are queued on a warehouse for longer than this amount of time; disabled if set to zero.",
                    "key": "STATEMENT_QUEUED_TIMEOUT_IN_SECONDS",
                    "level": "",
                    "value": "0"
                  }
                ],
                "statement_timeout_in_seconds": [
                  {
                    "default": "172800",
                    "description": "Timeout in seconds for statements: statements are automatically canceled if they run for longer; if set to zero, max value (604800) is enforced.",
                    "key": "STATEMENT_TIMEOUT_IN_SECONDS",
                    "level": "",
                    "value": "172800"
                  }
                ]
              }
            ],
            "query_acceleration_max_scale_factor": -1,
            "resource_monitor": null,
            "scaling_policy": null,
            "show_output": [
              {
                "auto_resume": true,
                "auto_suspend": 30,
                "available": 0,
                "comment": "Tareas administrativas - Onboarding",
                "created_on": "2026-02-21 05:00:56.593 -0800 PST",
                "enable_query_acceleration": false,
                "is_current": false,
                "is_default": false,
                "max_cluster_count": 1,
                "min_cluster_count": 1,
                "name": "WH_ADMIN_DEV",
                "other": 0,
                "owner": "ACCOUNTADMIN",
                "owner_role_type": "ROLE",
                "provisioning": 0,
                "query_acceleration_max_scale_factor": 8,
                "queued": 0,
                "quiescing": 0,
                "resource_monitor": "",
                "resumed_on": "2026-02-21 05:00:56.593 -0800 PST",
                "running": 0,
                "scaling_policy": "STANDARD",
                "size": "XSMALL",
                "started_clusters": 0,
                "state": "SUSPENDED",
                "type": "STANDARD",
                "updated_on": "2026-02-21 05:00:56.64 -0800 PST"
              }
            ],
            "statement_queued_timeout_in_seconds": 0,
            "statement_timeout_in_seconds": 172800,
            "warehouse_size": "X-SMALL",
            "warehouse_type": null
          },
          "sensitive_attributes": [],
          "private": "eyJzY2hlbWFfdmVyc2lvbiI6IjEifQ=="
        },
        {
          "index_key": "ANALYTICS",
          "schema_version": 1,
          "attributes": {
            "auto_resume": "default",
            "auto_suspend": 120,
            "comment": "Consultas y dashboards - Onboarding",
            "enable_query_acceleration": "default",
            "fully_qualified_name": "\"WH_ANALYTICS_DEV\"",
            "id": "WH_ANALYTICS_DEV",
            "initially_suspended": true,
            "max_cluster_count": null,
            "max_concurrency_level": 8,
            "min_cluster_count": null,
            "name": "WH_ANALYTICS_DEV",
            "parameters": [
              {
                "max_concurrency_level": [
                  {
                    "default": "8",
                    "description": "Maximum number of SQL statements a warehouse cluster can execute concurrently before queuing them. Small SQL statements count as a fraction of 1.",
                    "key": "MAX_CONCURRENCY_LEVEL",
                    "level": "",
                    "value": "8"
                  }
                ],
                "statement_queued_timeout_in_seconds": [
                  {
                    "default": "0",
                    "description": "Timeout in seconds for queued statements: statements will automatically be canceled if they are queued on a warehouse for longer than this amount of time; disabled if set to zero.",
                    "key": "STATEMENT_QUEUED_TIMEOUT_IN_SECONDS",
                    "level": "",
                    "value": "0"
                  }
                ],
                "statement_timeout_in_seconds": [
                  {
                    "default": "172800",
                    "description": "Timeout in seconds for statements: statements are automatically canceled if they run for longer; if set to zero, max value (604800) is enforced.",
                    "key": "STATEMENT_TIMEOUT_IN_SECONDS",
                    "level": "",
                    "value": "172800"
                  }
                ]
              }
            ],
            "query_acceleration_max_scale_factor": -1,
            "resource_monitor": null,
            "scaling_policy": null,
            "show_output": [
              {
                "auto_resume": true,
                "auto_suspend": 120,
                "available": 0,
                "comment": "Consultas y dashboards - Onboarding",
                "created_on": "2026-02-21 05:00:56.402 -0800 PST",
                "enable_query_acceleration": false,
                "is_current": false,
                "is_default": false,
                "max_cluster_count": 1,
                "min_cluster_count": 1,
                "name": "WH_ANALYTICS_DEV",
                "other": 0,
                "owner": "ACCOUNTADMIN",
                "owner_role_type": "ROLE",
                "provisioning": 0,
                "query_acceleration_max_scale_factor": 8,
                "queued": 0,
                "quiescing": 0,
                "resource_monitor": "",
                "resumed_on": "2026-02-21 05:00:56.409 -0800 PST",
                "running": 0,
                "scaling_policy": "STANDARD",
                "size": "XSMALL",
                "started_clusters": 0,
                "state": "SUSPENDED",
                "type": "STANDARD",
                "updated_on": "2026-02-21 05:00:56.454 -0800 PST"
              }
            ],
            "statement_queued_timeout_in_seconds": 0,
            "statement_timeout_in_seconds": 172800,
            "warehouse_size": "X-SMALL",
            "warehouse_type": null
          },
          "sensitive_attributes": [],
          "private": "eyJzY2hlbWFfdmVyc2lvbiI6IjEifQ=="
        },
        {
          "index_key": "INGESTION",
          "schema_version": 1,
          "attributes": {
            "auto_resume": "default",
            "auto_suspend": 60,
            "comment": "Cargas ETL - Onboarding",
            "enable_query_acceleration": "default",
            "fully_qualified_name": "\"WH_INGESTION_DEV\"",
            "id": "WH_INGESTION_DEV",
            "initially_suspended": true,
            "max_cluster_count": null,
            "max_concurrency_level": 8,
            "min_cluster_count": null,
            "name": "WH_INGESTION_DEV",
            "parameters": [
              {
                "max_concurrency_level": [
                  {
                    "default": "8",
                    "description": "Maximum number of SQL statements a warehouse cluster can execute concurrently before queuing them. Small SQL statements count as a fraction of 1.",
                    "key": "MAX_CONCURRENCY_LEVEL",
                    "level": "",
                    "value": "8"
                  }
                ],
                "statement_queued_timeout_in_seconds": [
                  {
                    "default": "0",
                    "description": "Timeout in seconds for queued statements: statements will automatically be canceled if they are queued on a warehouse for longer than this amount of time; disabled if set to zero.",
                    "key": "STATEMENT_QUEUED_TIMEOUT_IN_SECONDS",
                    "level": "",
                    "value": "0"
                  }
                ],
                "statement_timeout_in_seconds": [
                  {
                    "default": "172800",
                    "description": "Timeout in seconds for statements: statements are automatically canceled if they run for longer; if set to zero, max value (604800) is enforced.",
                    "key": "STATEMENT_TIMEOUT_IN_SECONDS",
                    "level": "",
                    "value": "172800"
                  }
                ]
              }
            ],
            "query_acceleration_max_scale_factor": -1,
            "resource_monitor": null,
            "scaling_policy": null,
            "show_output": [
              {
                "auto_resume": true,
                "auto_suspend": 60,
                "available": 0,
                "comment": "Cargas ETL - Onboarding",
                "created_on": "2026-02-21 05:00:56.484 -0800 PST",
                "enable_query_acceleration": false,
                "is_current": false,
                "is_default": false,
                "max_cluster_count": 1,
                "min_cluster_count": 1,
                "name": "WH_INGESTION_DEV",
                "other": 0,
                "owner": "ACCOUNTADMIN",
                "owner_role_type": "ROLE",
                "provisioning": 0,
                "query_acceleration_max_scale_factor": 8,
                "queued": 0,
                "quiescing": 0,
                "resource_monitor": "",
                "resumed_on": "2026-02-21 05:00:56.49 -0800 PST",
                "running": 0,
                "scaling_policy": "STANDARD",
                "size": "XSMALL",
                "started_clusters": 0,
                "state": "SUSPENDED",
                "type": "STANDARD",
                "updated_on": "2026-02-21 05:00:56.525 -0800 PST"
              }
            ],
            "statement_queued_timeout_in_seconds": 0,
            "statement_timeout_in_seconds": 172800,
            "warehouse_size": "X-SMALL",
            "warehouse_type": null
          },
          "sensitive_attributes": [],
          "private": "eyJzY2hlbWFfdmVyc2lvbiI6IjEifQ=="
        }
      ]
    }
  ],
  "check_results": null
}
